
Microsoft Visual Studio Solution File, Format Version 12.00
# Visual Studio 15
VisualStudioVersion = 15.0.28010.2016
MinimumVisualStudioVersion = 10.0.40219.1
Project("{2150E333-8FDC-42A3-9474-1A3956D46DE8}") = "Source", "Source", "{38E02DAE-3828-4255-8D0E-2BD859D560D8}"
	ProjectSection(SolutionItems) = preProject
		Source\VersionInfo.cs = Source\VersionInfo.cs
	EndProjectSection
EndProject
Project("{2150E333-8FDC-42A3-9474-1A3956D46DE8}") = "Infrastructure", "Infrastructure", "{56ADC3C3-A0C7-499F-8FC2-1D2067A9A6DE}"
EndProject
Project("{2150E333-8FDC-42A3-9474-1A3956D46DE8}") = "OPE", "OPE", "{4A359410-A654-4E48-AC2E-D78EE3E38326}"
EndProject
Project("{2150E333-8FDC-42A3-9474-1A3956D46DE8}") = "Presentation", "Presentation", "{AF750C6A-98C4-4168-9939-402EB179F989}"
EndProject
Project("{2150E333-8FDC-42A3-9474-1A3956D46DE8}") = "Support", "Support", "{0DEE13DE-1B61-4DA7-AACF-6BA7A5BDE237}"
EndProject
Project("{2150E333-8FDC-42A3-9474-1A3956D46DE8}") = "Model", "Model", "{968E5A7D-A01F-4D15-88B6-4DE5F71037EE}"
EndProject
Project("{2150E333-8FDC-42A3-9474-1A3956D46DE8}") = "Engine", "Engine", "{79CBF676-1A81-4A4C-95AD-9FA73A3C0F1F}"
EndProject
Project("{2150E333-8FDC-42A3-9474-1A3956D46DE8}") = "CD40", "CD40", "{FFB9AF51-83B9-42A2-BF4E-9E0A252446A7}"
EndProject
Project("{2150E333-8FDC-42A3-9474-1A3956D46DE8}") = "Setup", "Setup", "{4F616123-4552-4F9A-8114-85EB4C6B5BF2}"
EndProject
Project("{FAE04EC0-301F-11D3-BF4B-00C04F79EFBC}") = "Shell", "Source\Infrastructure\Shell\Shell.csproj", "{E474BEE1-DFEF-439F-A15F-9B3CFC77589E}"
	ProjectSection(ProjectDependencies) = postProject
		{7ABCA60A-C45B-4505-A4A6-218AC2E78CD4} = {7ABCA60A-C45B-4505-A4A6-218AC2E78CD4}
		{822F500D-ADB8-4BB1-8A1C-E9FEAFF369B0} = {822F500D-ADB8-4BB1-8A1C-E9FEAFF369B0}
		{2BE8101A-D01B-4477-9565-59A8A7A43F4A} = {2BE8101A-D01B-4477-9565-59A8A7A43F4A}
		{BBAE4626-C51C-4946-ACD1-832E92D73D8B} = {BBAE4626-C51C-4946-ACD1-832E92D73D8B}
		{43BBF26E-F436-462F-B997-26925F898DDD} = {43BBF26E-F436-462F-B997-26925F898DDD}
		{20E764FD-D9B5-4CFB-A21B-812C96F6D2D5} = {20E764FD-D9B5-4CFB-A21B-812C96F6D2D5}
	EndProjectSection
EndProject
Project("{FAE04EC0-301F-11D3-BF4B-00C04F79EFBC}") = "OPE.Module", "Source\Engine\OPE\OPE.Module\OPE.Module.csproj", "{D31BEFC6-0830-4EA9-9ACF-7CEE62ADDBA5}"
EndProject
Project("{FAE04EC0-301F-11D3-BF4B-00C04F79EFBC}") = "Utilities", "..\..\Utilities\Utilities.csproj", "{822F500D-ADB8-4BB1-8A1C-E9FEAFF369B0}"
EndProject
Project("{FAE04EC0-301F-11D3-BF4B-00C04F79EFBC}") = "Model.Module", "Source\Model\Model.Module\Model.Module.csproj", "{4E7FBF3D-731C-4ECB-97A3-9714F7D60CB6}"
EndProject
Project("{FAE04EC0-301F-11D3-BF4B-00C04F79EFBC}") = "CompositeUI", "..\..\..\Tools\MSCF\CompositeUI\CompositeUI.csproj", "{C478E40B-A05E-4C69-9AB3-7A3BB374243F}"
EndProject
Project("{FAE04EC0-301F-11D3-BF4B-00C04F79EFBC}") = "CompositeUI.WinForms", "..\..\..\Tools\MSCF\CompositeUI.WinForms\CompositeUI.WinForms.csproj", "{073BCD60-F2FB-4DB9-92FB-403C8F9E8DD0}"
EndProject
Project("{FAE04EC0-301F-11D3-BF4B-00C04F79EFBC}") = "ObjectBuilder", "..\..\..\Tools\MSCF\ObjectBuilder\ObjectBuilder.csproj", "{2AE49F19-392B-4C50-A13C-F49B2579849D}"
EndProject
Project("{FAE04EC0-301F-11D3-BF4B-00C04F79EFBC}") = "CD40.Module", "Source\Engine\CD40\CD40.Module\CD40.Module.csproj", "{43BBF26E-F436-462F-B997-26925F898DDD}"
EndProject
Project("{FAE04EC0-301F-11D3-BF4B-00C04F79EFBC}") = "Infrastructure.Interface", "Source\Infrastructure\Infrastructure.Interface\Infrastructure.Interface.csproj", "{C45AD2CA-B6BD-4E4A-8CC2-34C8F895ED46}"
EndProject
Project("{FAE04EC0-301F-11D3-BF4B-00C04F79EFBC}") = "Infrastructure.Library", "Source\Infrastructure\Infrastructure.Library\Infrastructure.Library.csproj", "{7E56F99E-63A3-417D-A2B1-FBE255536841}"
EndProject
Project("{FAE04EC0-301F-11D3-BF4B-00C04F79EFBC}") = "Launcher", "Source\Infrastructure\Launcher\Launcher.csproj", "{3A342322-64C8-4195-B556-8BE3FEB873D2}"
EndProject
Project("{FAE04EC0-301F-11D3-BF4B-00C04F79EFBC}") = "SharpSnmpLib", "..\SharpSnmpLib\sharpsnmplib\SharpSnmpLib\SharpSnmpLib.csproj", "{286DE6DB-8F95-4BD4-86A2-86488D2E0EE1}"
EndProject
Project("{FAE04EC0-301F-11D3-BF4B-00C04F79EFBC}") = "Presentation.Rabat", "Source\Presentation\Presentation.Rabat\Presentation.Rabat.csproj", "{20E764FD-D9B5-4CFB-A21B-812C96F6D2D5}"
	ProjectSection(ProjectDependencies) = postProject
		{4E7FBF3D-731C-4ECB-97A3-9714F7D60CB6} = {4E7FBF3D-731C-4ECB-97A3-9714F7D60CB6}
	EndProjectSection
EndProject
Project("{FAE04EC0-301F-11D3-BF4B-00C04F79EFBC}") = "Presentation.Twr", "Source\Presentation\Presentation.Twr\Presentation.Twr.csproj", "{7ABCA60A-C45B-4505-A4A6-218AC2E78CD4}"
	ProjectSection(ProjectDependencies) = postProject
		{4E7FBF3D-731C-4ECB-97A3-9714F7D60CB6} = {4E7FBF3D-731C-4ECB-97A3-9714F7D60CB6}
		{C45AD2CA-B6BD-4E4A-8CC2-34C8F895ED46} = {C45AD2CA-B6BD-4E4A-8CC2-34C8F895ED46}
	EndProjectSection
EndProject
Project("{FAE04EC0-301F-11D3-BF4B-00C04F79EFBC}") = "u5ki.Infrastructure", "..\..\Cd40\Source\Infrastructure\u5ki.Infrastructure.csproj", "{BBAE4626-C51C-4946-ACD1-832E92D73D8B}"
EndProject
Project("{FAE04EC0-301F-11D3-BF4B-00C04F79EFBC}") = "Presentation.Asecna", "Source\Presentation\Presentation.Asecna\Presentation.Asecna.csproj", "{2BE8101A-D01B-4477-9565-59A8A7A43F4A}"
EndProject
Project("{930C7802-8A8C-48F9-8165-68863BCCD9DD}") = "Ulises5000I AT-HMI", "Setup\Ulises5000I AT-HMI\Ulises5000I AT-HMI.wixproj", "{0F0187C8-3E58-45B4-ABFD-D7CA37CD21EF}"
	ProjectSection(ProjectDependencies) = postProject
		{7ABCA60A-C45B-4505-A4A6-218AC2E78CD4} = {7ABCA60A-C45B-4505-A4A6-218AC2E78CD4}
		{C478E40B-A05E-4C69-9AB3-7A3BB374243F} = {C478E40B-A05E-4C69-9AB3-7A3BB374243F}
		{822F500D-ADB8-4BB1-8A1C-E9FEAFF369B0} = {822F500D-ADB8-4BB1-8A1C-E9FEAFF369B0}
		{2AE49F19-392B-4C50-A13C-F49B2579849D} = {2AE49F19-392B-4C50-A13C-F49B2579849D}
		{2BE8101A-D01B-4477-9565-59A8A7A43F4A} = {2BE8101A-D01B-4477-9565-59A8A7A43F4A}
		{3A342322-64C8-4195-B556-8BE3FEB873D2} = {3A342322-64C8-4195-B556-8BE3FEB873D2}
		{BBAE4626-C51C-4946-ACD1-832E92D73D8B} = {BBAE4626-C51C-4946-ACD1-832E92D73D8B}
		{4E7FBF3D-731C-4ECB-97A3-9714F7D60CB6} = {4E7FBF3D-731C-4ECB-97A3-9714F7D60CB6}
		{073BCD60-F2FB-4DB9-92FB-403C8F9E8DD0} = {073BCD60-F2FB-4DB9-92FB-403C8F9E8DD0}
		{43BBF26E-F436-462F-B997-26925F898DDD} = {43BBF26E-F436-462F-B997-26925F898DDD}
		{7E56F99E-63A3-417D-A2B1-FBE255536841} = {7E56F99E-63A3-417D-A2B1-FBE255536841}
		{C45AD2CA-B6BD-4E4A-8CC2-34C8F895ED46} = {C45AD2CA-B6BD-4E4A-8CC2-34C8F895ED46}
		{286DE6DB-8F95-4BD4-86A2-86488D2E0EE1} = {286DE6DB-8F95-4BD4-86A2-86488D2E0EE1}
		{E474BEE1-DFEF-439F-A15F-9B3CFC77589E} = {E474BEE1-DFEF-439F-A15F-9B3CFC77589E}
		{541D99E5-CACE-46D1-A931-6CDAF976B64D} = {541D99E5-CACE-46D1-A931-6CDAF976B64D}
		{20E764FD-D9B5-4CFB-A21B-812C96F6D2D5} = {20E764FD-D9B5-4CFB-A21B-812C96F6D2D5}
	EndProjectSection
EndProject
Project("{2150E333-8FDC-42A3-9474-1A3956D46DE8}") = ".nuget", ".nuget", "{20CC96E5-BDA6-4D8D-B8DE-E217EA9672E0}"
	ProjectSection(SolutionItems) = preProject
		.nuget\NuGet.Config = .nuget\NuGet.Config
		.nuget\NuGet.exe = .nuget\NuGet.exe
		.nuget\NuGet.targets = .nuget\NuGet.targets
	EndProjectSection
EndProject
Project("{FAE04EC0-301F-11D3-BF4B-00C04F79EFBC}") = "Ulises5000-AT-HMI-CustomActions", "Setup\Ulises5000-AT-HMI-CustomActions\Ulises5000-AT-HMI-CustomActions.csproj", "{541D99E5-CACE-46D1-A931-6CDAF976B64D}"
EndProject
Project("{FAE04EC0-301F-11D3-BF4B-00C04F79EFBC}") = "Presentation.Urr", "Source\Presentation\Presentation.Urr\Presentation.Urr.csproj", "{AEE42959-5A7D-4DC7-B0EA-44002EFDBCD1}"
EndProject
Project("{2150E333-8FDC-42A3-9474-1A3956D46DE8}") = "Pruebas Unitarias", "Pruebas Unitarias", "{A58743C1-0C99-4983-9077-81FC0270E758}"
EndProject
Project("{FAE04EC0-301F-11D3-BF4B-00C04F79EFBC}") = "UnitTests", "UnitTests\UnitTests.csproj", "{7DF347EC-005E-410B-A045-4FA633FBA506}"
EndProject
Global
	GlobalSection(SolutionConfigurationPlatforms) = preSolution
		Debug|Any CPU = Debug|Any CPU
		Debug|Mixed Platforms = Debug|Mixed Platforms
		Debug|Pocket PC 2003 (ARMV4) = Debug|Pocket PC 2003 (ARMV4)
		Debug|Smartphone 2003 (ARMV4) = Debug|Smartphone 2003 (ARMV4)
		Debug|Win32 = Debug|Win32
		Debug|x64 = Debug|x64
		Debug|x86 = Debug|x86
		Release|Any CPU = Release|Any CPU
		Release|Mixed Platforms = Release|Mixed Platforms
		Release|Pocket PC 2003 (ARMV4) = Release|Pocket PC 2003 (ARMV4)
		Release|Smartphone 2003 (ARMV4) = Release|Smartphone 2003 (ARMV4)
		Release|Win32 = Release|Win32
		Release|x64 = Release|x64
		Release|x86 = Release|x86
	EndGlobalSection
	GlobalSection(ProjectConfigurationPlatforms) = postSolution
		{E474BEE1-DFEF-439F-A15F-9B3CFC77589E}.Debug|Any CPU.ActiveCfg = Debug|Any CPU
		{E474BEE1-DFEF-439F-A15F-9B3CFC77589E}.Debug|Any CPU.Build.0 = Debug|Any CPU
		{E474BEE1-DFEF-439F-A15F-9B3CFC77589E}.Debug|Mixed Platforms.ActiveCfg = Debug|Any CPU
		{E474BEE1-DFEF-439F-A15F-9B3CFC77589E}.Debug|Mixed Platforms.Build.0 = Debug|Any CPU
		{E474BEE1-DFEF-439F-A15F-9B3CFC77589E}.Debug|Pocket PC 2003 (ARMV4).ActiveCfg = Debug|Any CPU
		{E474BEE1-DFEF-439F-A15F-9B3CFC77589E}.Debug|Smartphone 2003 (ARMV4).ActiveCfg = Debug|Any CPU
		{E474BEE1-DFEF-439F-A15F-9B3CFC77589E}.Debug|Win32.ActiveCfg = Debug|Any CPU
		{E474BEE1-DFEF-439F-A15F-9B3CFC77589E}.Debug|x64.ActiveCfg = Debug|Any CPU
		{E474BEE1-DFEF-439F-A15F-9B3CFC77589E}.Debug|x86.ActiveCfg = Debug|Any CPU
		{E474BEE1-DFEF-439F-A15F-9B3CFC77589E}.Release|Any CPU.ActiveCfg = Release|Any CPU
		{E474BEE1-DFEF-439F-A15F-9B3CFC77589E}.Release|Any CPU.Build.0 = Release|Any CPU
		{E474BEE1-DFEF-439F-A15F-9B3CFC77589E}.Release|Mixed Platforms.ActiveCfg = Release|Any CPU
		{E474BEE1-DFEF-439F-A15F-9B3CFC77589E}.Release|Mixed Platforms.Build.0 = Release|Any CPU
		{E474BEE1-DFEF-439F-A15F-9B3CFC77589E}.Release|Pocket PC 2003 (ARMV4).ActiveCfg = Release|Any CPU
		{E474BEE1-DFEF-439F-A15F-9B3CFC77589E}.Release|Smartphone 2003 (ARMV4).ActiveCfg = Release|Any CPU
		{E474BEE1-DFEF-439F-A15F-9B3CFC77589E}.Release|Win32.ActiveCfg = Release|Any CPU
		{E474BEE1-DFEF-439F-A15F-9B3CFC77589E}.Release|x64.ActiveCfg = Release|Any CPU
		{E474BEE1-DFEF-439F-A15F-9B3CFC77589E}.Release|x86.ActiveCfg = Release|Any CPU
		{D31BEFC6-0830-4EA9-9ACF-7CEE62ADDBA5}.Debug|Any CPU.ActiveCfg = Debug|Any CPU
		{D31BEFC6-0830-4EA9-9ACF-7CEE62ADDBA5}.Debug|Mixed Platforms.ActiveCfg = Debug|Any CPU
		{D31BEFC6-0830-4EA9-9ACF-7CEE62ADDBA5}.Debug|Pocket PC 2003 (ARMV4).ActiveCfg = Debug|Any CPU
		{D31BEFC6-0830-4EA9-9ACF-7CEE62ADDBA5}.Debug|Smartphone 2003 (ARMV4).ActiveCfg = Debug|Any CPU
		{D31BEFC6-0830-4EA9-9ACF-7CEE62ADDBA5}.Debug|Win32.ActiveCfg = Debug|Any CPU
		{D31BEFC6-0830-4EA9-9ACF-7CEE62ADDBA5}.Debug|x64.ActiveCfg = Debug|Any CPU
		{D31BEFC6-0830-4EA9-9ACF-7CEE62ADDBA5}.Debug|x86.ActiveCfg = Debug|Any CPU
		{D31BEFC6-0830-4EA9-9ACF-7CEE62ADDBA5}.Release|Any CPU.ActiveCfg = Release|Any CPU
		{D31BEFC6-0830-4EA9-9ACF-7CEE62ADDBA5}.Release|Mixed Platforms.ActiveCfg = Release|Any CPU
		{D31BEFC6-0830-4EA9-9ACF-7CEE62ADDBA5}.Release|Pocket PC 2003 (ARMV4).ActiveCfg = Release|Any CPU
		{D31BEFC6-0830-4EA9-9ACF-7CEE62ADDBA5}.Release|Smartphone 2003 (ARMV4).ActiveCfg = Release|Any CPU
		{D31BEFC6-0830-4EA9-9ACF-7CEE62ADDBA5}.Release|Win32.ActiveCfg = Release|Any CPU
		{D31BEFC6-0830-4EA9-9ACF-7CEE62ADDBA5}.Release|x64.ActiveCfg = Release|Any CPU
		{D31BEFC6-0830-4EA9-9ACF-7CEE62ADDBA5}.Release|x86.ActiveCfg = Release|Any CPU
		{822F500D-ADB8-4BB1-8A1C-E9FEAFF369B0}.Debug|Any CPU.ActiveCfg = Debug|Any CPU
		{822F500D-ADB8-4BB1-8A1C-E9FEAFF369B0}.Debug|Any CPU.Build.0 = Debug|Any CPU
		{822F500D-ADB8-4BB1-8A1C-E9FEAFF369B0}.Debug|Mixed Platforms.ActiveCfg = Debug|Any CPU
		{822F500D-ADB8-4BB1-8A1C-E9FEAFF369B0}.Debug|Mixed Platforms.Build.0 = Debug|Any CPU
		{822F500D-ADB8-4BB1-8A1C-E9FEAFF369B0}.Debug|Pocket PC 2003 (ARMV4).ActiveCfg = Debug|Any CPU
		{822F500D-ADB8-4BB1-8A1C-E9FEAFF369B0}.Debug|Smartphone 2003 (ARMV4).ActiveCfg = Debug|Any CPU
		{822F500D-ADB8-4BB1-8A1C-E9FEAFF369B0}.Debug|Win32.ActiveCfg = Debug|Any CPU
		{822F500D-ADB8-4BB1-8A1C-E9FEAFF369B0}.Debug|x64.ActiveCfg = Debug|Any CPU
		{822F500D-ADB8-4BB1-8A1C-E9FEAFF369B0}.Debug|x86.ActiveCfg = Debug|Any CPU
		{822F500D-ADB8-4BB1-8A1C-E9FEAFF369B0}.Release|Any CPU.ActiveCfg = Release|Any CPU
		{822F500D-ADB8-4BB1-8A1C-E9FEAFF369B0}.Release|Any CPU.Build.0 = Release|Any CPU
		{822F500D-ADB8-4BB1-8A1C-E9FEAFF369B0}.Release|Mixed Platforms.ActiveCfg = Release|Any CPU
		{822F500D-ADB8-4BB1-8A1C-E9FEAFF369B0}.Release|Mixed Platforms.Build.0 = Release|Any CPU
		{822F500D-ADB8-4BB1-8A1C-E9FEAFF369B0}.Release|Pocket PC 2003 (ARMV4).ActiveCfg = Release|Any CPU
		{822F500D-ADB8-4BB1-8A1C-E9FEAFF369B0}.Release|Smartphone 2003 (ARMV4).ActiveCfg = Release|Any CPU
		{822F500D-ADB8-4BB1-8A1C-E9FEAFF369B0}.Release|Win32.ActiveCfg = Release|Any CPU
		{822F500D-ADB8-4BB1-8A1C-E9FEAFF369B0}.Release|x64.ActiveCfg = Release|Any CPU
		{822F500D-ADB8-4BB1-8A1C-E9FEAFF369B0}.Release|x86.ActiveCfg = Release|Any CPU
		{4E7FBF3D-731C-4ECB-97A3-9714F7D60CB6}.Debug|Any CPU.ActiveCfg = Debug|Any CPU
		{4E7FBF3D-731C-4ECB-97A3-9714F7D60CB6}.Debug|Any CPU.Build.0 = Debug|Any CPU
		{4E7FBF3D-731C-4ECB-97A3-9714F7D60CB6}.Debug|Mixed Platforms.ActiveCfg = Debug|Any CPU
		{4E7FBF3D-731C-4ECB-97A3-9714F7D60CB6}.Debug|Mixed Platforms.Build.0 = Debug|Any CPU
		{4E7FBF3D-731C-4ECB-97A3-9714F7D60CB6}.Debug|Pocket PC 2003 (ARMV4).ActiveCfg = Debug|Any CPU
		{4E7FBF3D-731C-4ECB-97A3-9714F7D60CB6}.Debug|Smartphone 2003 (ARMV4).ActiveCfg = Debug|Any CPU
		{4E7FBF3D-731C-4ECB-97A3-9714F7D60CB6}.Debug|Win32.ActiveCfg = Debug|Any CPU
		{4E7FBF3D-731C-4ECB-97A3-9714F7D60CB6}.Debug|x64.ActiveCfg = Debug|Any CPU
		{4E7FBF3D-731C-4ECB-97A3-9714F7D60CB6}.Debug|x86.ActiveCfg = Debug|Any CPU
		{4E7FBF3D-731C-4ECB-97A3-9714F7D60CB6}.Release|Any CPU.ActiveCfg = Release|Any CPU
		{4E7FBF3D-731C-4ECB-97A3-9714F7D60CB6}.Release|Any CPU.Build.0 = Release|Any CPU
		{4E7FBF3D-731C-4ECB-97A3-9714F7D60CB6}.Release|Mixed Platforms.ActiveCfg = Release|Any CPU
		{4E7FBF3D-731C-4ECB-97A3-9714F7D60CB6}.Release|Mixed Platforms.Build.0 = Release|Any CPU
		{4E7FBF3D-731C-4ECB-97A3-9714F7D60CB6}.Release|Pocket PC 2003 (ARMV4).ActiveCfg = Release|Any CPU
		{4E7FBF3D-731C-4ECB-97A3-9714F7D60CB6}.Release|Smartphone 2003 (ARMV4).ActiveCfg = Release|Any CPU
		{4E7FBF3D-731C-4ECB-97A3-9714F7D60CB6}.Release|Win32.ActiveCfg = Release|Any CPU
		{4E7FBF3D-731C-4ECB-97A3-9714F7D60CB6}.Release|x64.ActiveCfg = Release|Any CPU
		{4E7FBF3D-731C-4ECB-97A3-9714F7D60CB6}.Release|x86.ActiveCfg = Release|Any CPU
		{C478E40B-A05E-4C69-9AB3-7A3BB374243F}.Debug|Any CPU.ActiveCfg = Debug|Any CPU
		{C478E40B-A05E-4C69-9AB3-7A3BB374243F}.Debug|Any CPU.Build.0 = Debug|Any CPU
		{C478E40B-A05E-4C69-9AB3-7A3BB374243F}.Debug|Mixed Platforms.ActiveCfg = Debug|Any CPU
		{C478E40B-A05E-4C69-9AB3-7A3BB374243F}.Debug|Pocket PC 2003 (ARMV4).ActiveCfg = Debug|Any CPU
		{C478E40B-A05E-4C69-9AB3-7A3BB374243F}.Debug|Smartphone 2003 (ARMV4).ActiveCfg = Debug|Any CPU
		{C478E40B-A05E-4C69-9AB3-7A3BB374243F}.Debug|Win32.ActiveCfg = Debug|Any CPU
		{C478E40B-A05E-4C69-9AB3-7A3BB374243F}.Debug|x64.ActiveCfg = Debug|Any CPU
		{C478E40B-A05E-4C69-9AB3-7A3BB374243F}.Debug|x86.ActiveCfg = Debug|Any CPU
		{C478E40B-A05E-4C69-9AB3-7A3BB374243F}.Release|Any CPU.ActiveCfg = Release|Any CPU
		{C478E40B-A05E-4C69-9AB3-7A3BB374243F}.Release|Any CPU.Build.0 = Release|Any CPU
		{C478E40B-A05E-4C69-9AB3-7A3BB374243F}.Release|Mixed Platforms.ActiveCfg = Release|Any CPU
		{C478E40B-A05E-4C69-9AB3-7A3BB374243F}.Release|Pocket PC 2003 (ARMV4).ActiveCfg = Release|Any CPU
		{C478E40B-A05E-4C69-9AB3-7A3BB374243F}.Release|Smartphone 2003 (ARMV4).ActiveCfg = Release|Any CPU
		{C478E40B-A05E-4C69-9AB3-7A3BB374243F}.Release|Win32.ActiveCfg = Release|Any CPU
		{C478E40B-A05E-4C69-9AB3-7A3BB374243F}.Release|x64.ActiveCfg = Release|Any CPU
		{C478E40B-A05E-4C69-9AB3-7A3BB374243F}.Release|x86.ActiveCfg = Release|Any CPU
		{073BCD60-F2FB-4DB9-92FB-403C8F9E8DD0}.Debug|Any CPU.ActiveCfg = Debug|Any CPU
		{073BCD60-F2FB-4DB9-92FB-403C8F9E8DD0}.Debug|Any CPU.Build.0 = Debug|Any CPU
		{073BCD60-F2FB-4DB9-92FB-403C8F9E8DD0}.Debug|Mixed Platforms.ActiveCfg = Debug|Any CPU
		{073BCD60-F2FB-4DB9-92FB-403C8F9E8DD0}.Debug|Pocket PC 2003 (ARMV4).ActiveCfg = Debug|Any CPU
		{073BCD60-F2FB-4DB9-92FB-403C8F9E8DD0}.Debug|Smartphone 2003 (ARMV4).ActiveCfg = Debug|Any CPU
		{073BCD60-F2FB-4DB9-92FB-403C8F9E8DD0}.Debug|Win32.ActiveCfg = Debug|Any CPU
		{073BCD60-F2FB-4DB9-92FB-403C8F9E8DD0}.Debug|x64.ActiveCfg = Debug|Any CPU
		{073BCD60-F2FB-4DB9-92FB-403C8F9E8DD0}.Debug|x86.ActiveCfg = Debug|Any CPU
		{073BCD60-F2FB-4DB9-92FB-403C8F9E8DD0}.Release|Any CPU.ActiveCfg = Release|Any CPU
		{073BCD60-F2FB-4DB9-92FB-403C8F9E8DD0}.Release|Any CPU.Build.0 = Release|Any CPU
		{073BCD60-F2FB-4DB9-92FB-403C8F9E8DD0}.Release|Mixed Platforms.ActiveCfg = Release|Any CPU
		{073BCD60-F2FB-4DB9-92FB-403C8F9E8DD0}.Release|Pocket PC 2003 (ARMV4).ActiveCfg = Release|Any CPU
		{073BCD60-F2FB-4DB9-92FB-403C8F9E8DD0}.Release|Smartphone 2003 (ARMV4).ActiveCfg = Release|Any CPU
		{073BCD60-F2FB-4DB9-92FB-403C8F9E8DD0}.Release|Win32.ActiveCfg = Release|Any CPU
		{073BCD60-F2FB-4DB9-92FB-403C8F9E8DD0}.Release|x64.ActiveCfg = Release|Any CPU
		{073BCD60-F2FB-4DB9-92FB-403C8F9E8DD0}.Release|x86.ActiveCfg = Release|Any CPU
		{2AE49F19-392B-4C50-A13C-F49B2579849D}.Debug|Any CPU.ActiveCfg = Debug|Any CPU
		{2AE49F19-392B-4C50-A13C-F49B2579849D}.Debug|Any CPU.Build.0 = Debug|Any CPU
		{2AE49F19-392B-4C50-A13C-F49B2579849D}.Debug|Mixed Platforms.ActiveCfg = Debug|Any CPU
		{2AE49F19-392B-4C50-A13C-F49B2579849D}.Debug|Pocket PC 2003 (ARMV4).ActiveCfg = Debug|Any CPU
		{2AE49F19-392B-4C50-A13C-F49B2579849D}.Debug|Smartphone 2003 (ARMV4).ActiveCfg = Debug|Any CPU
		{2AE49F19-392B-4C50-A13C-F49B2579849D}.Debug|Win32.ActiveCfg = Debug|Any CPU
		{2AE49F19-392B-4C50-A13C-F49B2579849D}.Debug|x64.ActiveCfg = Debug|Any CPU
		{2AE49F19-392B-4C50-A13C-F49B2579849D}.Debug|x86.ActiveCfg = Debug|Any CPU
		{2AE49F19-392B-4C50-A13C-F49B2579849D}.Release|Any CPU.ActiveCfg = Release|Any CPU
		{2AE49F19-392B-4C50-A13C-F49B2579849D}.Release|Any CPU.Build.0 = Release|Any CPU
		{2AE49F19-392B-4C50-A13C-F49B2579849D}.Release|Mixed Platforms.ActiveCfg = Release|Any CPU
		{2AE49F19-392B-4C50-A13C-F49B2579849D}.Release|Pocket PC 2003 (ARMV4).ActiveCfg = Release|Any CPU
		{2AE49F19-392B-4C50-A13C-F49B2579849D}.Release|Smartphone 2003 (ARMV4).ActiveCfg = Release|Any CPU
		{2AE49F19-392B-4C50-A13C-F49B2579849D}.Release|Win32.ActiveCfg = Release|Any CPU
		{2AE49F19-392B-4C50-A13C-F49B2579849D}.Release|x64.ActiveCfg = Release|Any CPU
		{2AE49F19-392B-4C50-A13C-F49B2579849D}.Release|x86.ActiveCfg = Release|Any CPU
		{43BBF26E-F436-462F-B997-26925F898DDD}.Debug|Any CPU.ActiveCfg = Debug|Any CPU
		{43BBF26E-F436-462F-B997-26925F898DDD}.Debug|Any CPU.Build.0 = Debug|Any CPU
		{43BBF26E-F436-462F-B997-26925F898DDD}.Debug|Mixed Platforms.ActiveCfg = Debug|Any CPU
		{43BBF26E-F436-462F-B997-26925F898DDD}.Debug|Mixed Platforms.Build.0 = Debug|Any CPU
		{43BBF26E-F436-462F-B997-26925F898DDD}.Debug|Pocket PC 2003 (ARMV4).ActiveCfg = Debug|Any CPU
		{43BBF26E-F436-462F-B997-26925F898DDD}.Debug|Smartphone 2003 (ARMV4).ActiveCfg = Debug|Any CPU
		{43BBF26E-F436-462F-B997-26925F898DDD}.Debug|Win32.ActiveCfg = Debug|Any CPU
		{43BBF26E-F436-462F-B997-26925F898DDD}.Debug|x64.ActiveCfg = Debug|Any CPU
		{43BBF26E-F436-462F-B997-26925F898DDD}.Debug|x86.ActiveCfg = Debug|Any CPU
		{43BBF26E-F436-462F-B997-26925F898DDD}.Release|Any CPU.ActiveCfg = Release|Any CPU
		{43BBF26E-F436-462F-B997-26925F898DDD}.Release|Any CPU.Build.0 = Release|Any CPU
		{43BBF26E-F436-462F-B997-26925F898DDD}.Release|Mixed Platforms.ActiveCfg = Release|Any CPU
		{43BBF26E-F436-462F-B997-26925F898DDD}.Release|Mixed Platforms.Build.0 = Release|Any CPU
		{43BBF26E-F436-462F-B997-26925F898DDD}.Release|Pocket PC 2003 (ARMV4).ActiveCfg = Release|Any CPU
		{43BBF26E-F436-462F-B997-26925F898DDD}.Release|Smartphone 2003 (ARMV4).ActiveCfg = Release|Any CPU
		{43BBF26E-F436-462F-B997-26925F898DDD}.Release|Win32.ActiveCfg = Release|Any CPU
		{43BBF26E-F436-462F-B997-26925F898DDD}.Release|x64.ActiveCfg = Release|Any CPU
		{43BBF26E-F436-462F-B997-26925F898DDD}.Release|x86.ActiveCfg = Release|Any CPU
		{C45AD2CA-B6BD-4E4A-8CC2-34C8F895ED46}.Debug|Any CPU.ActiveCfg = Debug|Any CPU
		{C45AD2CA-B6BD-4E4A-8CC2-34C8F895ED46}.Debug|Any CPU.Build.0 = Debug|Any CPU
		{C45AD2CA-B6BD-4E4A-8CC2-34C8F895ED46}.Debug|Mixed Platforms.ActiveCfg = Debug|Any CPU
		{C45AD2CA-B6BD-4E4A-8CC2-34C8F895ED46}.Debug|Mixed Platforms.Build.0 = Debug|Any CPU
		{C45AD2CA-B6BD-4E4A-8CC2-34C8F895ED46}.Debug|Pocket PC 2003 (ARMV4).ActiveCfg = Debug|Any CPU
		{C45AD2CA-B6BD-4E4A-8CC2-34C8F895ED46}.Debug|Smartphone 2003 (ARMV4).ActiveCfg = Debug|Any CPU
		{C45AD2CA-B6BD-4E4A-8CC2-34C8F895ED46}.Debug|Win32.ActiveCfg = Debug|Any CPU
		{C45AD2CA-B6BD-4E4A-8CC2-34C8F895ED46}.Debug|x64.ActiveCfg = Debug|Any CPU
		{C45AD2CA-B6BD-4E4A-8CC2-34C8F895ED46}.Debug|x86.ActiveCfg = Debug|Any CPU
		{C45AD2CA-B6BD-4E4A-8CC2-34C8F895ED46}.Release|Any CPU.ActiveCfg = Release|Any CPU
		{C45AD2CA-B6BD-4E4A-8CC2-34C8F895ED46}.Release|Any CPU.Build.0 = Release|Any CPU
		{C45AD2CA-B6BD-4E4A-8CC2-34C8F895ED46}.Release|Mixed Platforms.ActiveCfg = Release|Any CPU
		{C45AD2CA-B6BD-4E4A-8CC2-34C8F895ED46}.Release|Mixed Platforms.Build.0 = Release|Any CPU
		{C45AD2CA-B6BD-4E4A-8CC2-34C8F895ED46}.Release|Pocket PC 2003 (ARMV4).ActiveCfg = Release|Any CPU
		{C45AD2CA-B6BD-4E4A-8CC2-34C8F895ED46}.Release|Smartphone 2003 (ARMV4).ActiveCfg = Release|Any CPU
		{C45AD2CA-B6BD-4E4A-8CC2-34C8F895ED46}.Release|Win32.ActiveCfg = Release|Any CPU
		{C45AD2CA-B6BD-4E4A-8CC2-34C8F895ED46}.Release|x64.ActiveCfg = Release|Any CPU
		{C45AD2CA-B6BD-4E4A-8CC2-34C8F895ED46}.Release|x86.ActiveCfg = Release|Any CPU
		{7E56F99E-63A3-417D-A2B1-FBE255536841}.Debug|Any CPU.ActiveCfg = Debug|Any CPU
		{7E56F99E-63A3-417D-A2B1-FBE255536841}.Debug|Any CPU.Build.0 = Debug|Any CPU
		{7E56F99E-63A3-417D-A2B1-FBE255536841}.Debug|Mixed Platforms.ActiveCfg = Debug|Any CPU
		{7E56F99E-63A3-417D-A2B1-FBE255536841}.Debug|Mixed Platforms.Build.0 = Debug|Any CPU
		{7E56F99E-63A3-417D-A2B1-FBE255536841}.Debug|Pocket PC 2003 (ARMV4).ActiveCfg = Debug|Any CPU
		{7E56F99E-63A3-417D-A2B1-FBE255536841}.Debug|Smartphone 2003 (ARMV4).ActiveCfg = Debug|Any CPU
		{7E56F99E-63A3-417D-A2B1-FBE255536841}.Debug|Win32.ActiveCfg = Debug|Any CPU
		{7E56F99E-63A3-417D-A2B1-FBE255536841}.Debug|x64.ActiveCfg = Debug|Any CPU
		{7E56F99E-63A3-417D-A2B1-FBE255536841}.Debug|x86.ActiveCfg = Debug|Any CPU
		{7E56F99E-63A3-417D-A2B1-FBE255536841}.Release|Any CPU.ActiveCfg = Release|Any CPU
		{7E56F99E-63A3-417D-A2B1-FBE255536841}.Release|Any CPU.Build.0 = Release|Any CPU
		{7E56F99E-63A3-417D-A2B1-FBE255536841}.Release|Mixed Platforms.ActiveCfg = Release|Any CPU
		{7E56F99E-63A3-417D-A2B1-FBE255536841}.Release|Mixed Platforms.Build.0 = Release|Any CPU
		{7E56F99E-63A3-417D-A2B1-FBE255536841}.Release|Pocket PC 2003 (ARMV4).ActiveCfg = Release|Any CPU
		{7E56F99E-63A3-417D-A2B1-FBE255536841}.Release|Smartphone 2003 (ARMV4).ActiveCfg = Release|Any CPU
		{7E56F99E-63A3-417D-A2B1-FBE255536841}.Release|Win32.ActiveCfg = Release|Any CPU
		{7E56F99E-63A3-417D-A2B1-FBE255536841}.Release|x64.ActiveCfg = Release|Any CPU
		{7E56F99E-63A3-417D-A2B1-FBE255536841}.Release|x86.ActiveCfg = Release|Any CPU
		{3A342322-64C8-4195-B556-8BE3FEB873D2}.Debug|Any CPU.ActiveCfg = Debug|Any CPU
		{3A342322-64C8-4195-B556-8BE3FEB873D2}.Debug|Any CPU.Build.0 = Debug|Any CPU
		{3A342322-64C8-4195-B556-8BE3FEB873D2}.Debug|Mixed Platforms.ActiveCfg = Debug|Any CPU
		{3A342322-64C8-4195-B556-8BE3FEB873D2}.Debug|Mixed Platforms.Build.0 = Debug|Any CPU
		{3A342322-64C8-4195-B556-8BE3FEB873D2}.Debug|Pocket PC 2003 (ARMV4).ActiveCfg = Debug|Any CPU
		{3A342322-64C8-4195-B556-8BE3FEB873D2}.Debug|Smartphone 2003 (ARMV4).ActiveCfg = Debug|Any CPU
		{3A342322-64C8-4195-B556-8BE3FEB873D2}.Debug|Win32.ActiveCfg = Debug|Any CPU
		{3A342322-64C8-4195-B556-8BE3FEB873D2}.Debug|x64.ActiveCfg = Debug|Any CPU
		{3A342322-64C8-4195-B556-8BE3FEB873D2}.Debug|x86.ActiveCfg = Debug|Any CPU
		{3A342322-64C8-4195-B556-8BE3FEB873D2}.Release|Any CPU.ActiveCfg = Release|Any CPU
		{3A342322-64C8-4195-B556-8BE3FEB873D2}.Release|Any CPU.Build.0 = Release|Any CPU
		{3A342322-64C8-4195-B556-8BE3FEB873D2}.Release|Mixed Platforms.ActiveCfg = Release|Any CPU
		{3A342322-64C8-4195-B556-8BE3FEB873D2}.Release|Mixed Platforms.Build.0 = Release|Any CPU
		{3A342322-64C8-4195-B556-8BE3FEB873D2}.Release|Pocket PC 2003 (ARMV4).ActiveCfg = Release|Any CPU
		{3A342322-64C8-4195-B556-8BE3FEB873D2}.Release|Smartphone 2003 (ARMV4).ActiveCfg = Release|Any CPU
		{3A342322-64C8-4195-B556-8BE3FEB873D2}.Release|Win32.ActiveCfg = Release|Any CPU
		{3A342322-64C8-4195-B556-8BE3FEB873D2}.Release|x64.ActiveCfg = Release|Any CPU
		{3A342322-64C8-4195-B556-8BE3FEB873D2}.Release|x86.ActiveCfg = Release|Any CPU
		{286DE6DB-8F95-4BD4-86A2-86488D2E0EE1}.Debug|Any CPU.ActiveCfg = Debug|Any CPU
		{286DE6DB-8F95-4BD4-86A2-86488D2E0EE1}.Debug|Any CPU.Build.0 = Debug|Any CPU
		{286DE6DB-8F95-4BD4-86A2-86488D2E0EE1}.Debug|Mixed Platforms.ActiveCfg = Debug|Any CPU
		{286DE6DB-8F95-4BD4-86A2-86488D2E0EE1}.Debug|Mixed Platforms.Build.0 = Debug|Any CPU
		{286DE6DB-8F95-4BD4-86A2-86488D2E0EE1}.Debug|Pocket PC 2003 (ARMV4).ActiveCfg = Debug|Any CPU
		{286DE6DB-8F95-4BD4-86A2-86488D2E0EE1}.Debug|Smartphone 2003 (ARMV4).ActiveCfg = Debug|Any CPU
		{286DE6DB-8F95-4BD4-86A2-86488D2E0EE1}.Debug|Win32.ActiveCfg = Debug|Any CPU
		{286DE6DB-8F95-4BD4-86A2-86488D2E0EE1}.Debug|x64.ActiveCfg = Debug|Any CPU
		{286DE6DB-8F95-4BD4-86A2-86488D2E0EE1}.Debug|x86.ActiveCfg = Debug|Any CPU
		{286DE6DB-8F95-4BD4-86A2-86488D2E0EE1}.Release|Any CPU.ActiveCfg = Release|Any CPU
		{286DE6DB-8F95-4BD4-86A2-86488D2E0EE1}.Release|Any CPU.Build.0 = Release|Any CPU
		{286DE6DB-8F95-4BD4-86A2-86488D2E0EE1}.Release|Mixed Platforms.ActiveCfg = Release|Any CPU
		{286DE6DB-8F95-4BD4-86A2-86488D2E0EE1}.Release|Mixed Platforms.Build.0 = Release|Any CPU
		{286DE6DB-8F95-4BD4-86A2-86488D2E0EE1}.Release|Pocket PC 2003 (ARMV4).ActiveCfg = Release|Any CPU
		{286DE6DB-8F95-4BD4-86A2-86488D2E0EE1}.Release|Smartphone 2003 (ARMV4).ActiveCfg = Release|Any CPU
		{286DE6DB-8F95-4BD4-86A2-86488D2E0EE1}.Release|Win32.ActiveCfg = Release|Any CPU
		{286DE6DB-8F95-4BD4-86A2-86488D2E0EE1}.Release|x64.ActiveCfg = Release|Any CPU
		{286DE6DB-8F95-4BD4-86A2-86488D2E0EE1}.Release|x86.ActiveCfg = Release|Any CPU
		{20E764FD-D9B5-4CFB-A21B-812C96F6D2D5}.Debug|Any CPU.ActiveCfg = Debug|Any CPU
		{20E764FD-D9B5-4CFB-A21B-812C96F6D2D5}.Debug|Any CPU.Build.0 = Debug|Any CPU
		{20E764FD-D9B5-4CFB-A21B-812C96F6D2D5}.Debug|Mixed Platforms.ActiveCfg = Debug|Any CPU
		{20E764FD-D9B5-4CFB-A21B-812C96F6D2D5}.Debug|Mixed Platforms.Build.0 = Debug|Any CPU
		{20E764FD-D9B5-4CFB-A21B-812C96F6D2D5}.Debug|Pocket PC 2003 (ARMV4).ActiveCfg = Debug|Any CPU
		{20E764FD-D9B5-4CFB-A21B-812C96F6D2D5}.Debug|Smartphone 2003 (ARMV4).ActiveCfg = Debug|Any CPU
		{20E764FD-D9B5-4CFB-A21B-812C96F6D2D5}.Debug|Win32.ActiveCfg = Debug|Any CPU
		{20E764FD-D9B5-4CFB-A21B-812C96F6D2D5}.Debug|x64.ActiveCfg = Debug|Any CPU
		{20E764FD-D9B5-4CFB-A21B-812C96F6D2D5}.Debug|x86.ActiveCfg = Debug|Any CPU
		{20E764FD-D9B5-4CFB-A21B-812C96F6D2D5}.Release|Any CPU.ActiveCfg = Release|Any CPU
		{20E764FD-D9B5-4CFB-A21B-812C96F6D2D5}.Release|Any CPU.Build.0 = Release|Any CPU
		{20E764FD-D9B5-4CFB-A21B-812C96F6D2D5}.Release|Mixed Platforms.ActiveCfg = Release|Any CPU
		{20E764FD-D9B5-4CFB-A21B-812C96F6D2D5}.Release|Mixed Platforms.Build.0 = Release|Any CPU
		{20E764FD-D9B5-4CFB-A21B-812C96F6D2D5}.Release|Pocket PC 2003 (ARMV4).ActiveCfg = Release|Any CPU
		{20E764FD-D9B5-4CFB-A21B-812C96F6D2D5}.Release|Smartphone 2003 (ARMV4).ActiveCfg = Release|Any CPU
		{20E764FD-D9B5-4CFB-A21B-812C96F6D2D5}.Release|Win32.ActiveCfg = Release|Any CPU
		{20E764FD-D9B5-4CFB-A21B-812C96F6D2D5}.Release|x64.ActiveCfg = Release|Any CPU
		{20E764FD-D9B5-4CFB-A21B-812C96F6D2D5}.Release|x86.ActiveCfg = Release|Any CPU
		{7ABCA60A-C45B-4505-A4A6-218AC2E78CD4}.Debug|Any CPU.ActiveCfg = Debug|Any CPU
		{7ABCA60A-C45B-4505-A4A6-218AC2E78CD4}.Debug|Any CPU.Build.0 = Debug|Any CPU
		{7ABCA60A-C45B-4505-A4A6-218AC2E78CD4}.Debug|Mixed Platforms.ActiveCfg = Debug|Any CPU
		{7ABCA60A-C45B-4505-A4A6-218AC2E78CD4}.Debug|Mixed Platforms.Build.0 = Debug|Any CPU
		{7ABCA60A-C45B-4505-A4A6-218AC2E78CD4}.Debug|Pocket PC 2003 (ARMV4).ActiveCfg = Debug|Any CPU
		{7ABCA60A-C45B-4505-A4A6-218AC2E78CD4}.Debug|Smartphone 2003 (ARMV4).ActiveCfg = Debug|Any CPU
		{7ABCA60A-C45B-4505-A4A6-218AC2E78CD4}.Debug|Win32.ActiveCfg = Debug|Any CPU
		{7ABCA60A-C45B-4505-A4A6-218AC2E78CD4}.Debug|x64.ActiveCfg = Debug|Any CPU
		{7ABCA60A-C45B-4505-A4A6-218AC2E78CD4}.Debug|x86.ActiveCfg = Debug|Any CPU
		{7ABCA60A-C45B-4505-A4A6-218AC2E78CD4}.Release|Any CPU.ActiveCfg = Release|Any CPU
		{7ABCA60A-C45B-4505-A4A6-218AC2E78CD4}.Release|Any CPU.Build.0 = Release|Any CPU
		{7ABCA60A-C45B-4505-A4A6-218AC2E78CD4}.Release|Mixed Platforms.ActiveCfg = Release|Any CPU
		{7ABCA60A-C45B-4505-A4A6-218AC2E78CD4}.Release|Mixed Platforms.Build.0 = Release|Any CPU
		{7ABCA60A-C45B-4505-A4A6-218AC2E78CD4}.Release|Pocket PC 2003 (ARMV4).ActiveCfg = Release|Any CPU
		{7ABCA60A-C45B-4505-A4A6-218AC2E78CD4}.Release|Smartphone 2003 (ARMV4).ActiveCfg = Release|Any CPU
		{7ABCA60A-C45B-4505-A4A6-218AC2E78CD4}.Release|Win32.ActiveCfg = Release|Any CPU
		{7ABCA60A-C45B-4505-A4A6-218AC2E78CD4}.Release|x64.ActiveCfg = Release|Any CPU
		{7ABCA60A-C45B-4505-A4A6-218AC2E78CD4}.Release|x86.ActiveCfg = Release|Any CPU
		{BBAE4626-C51C-4946-ACD1-832E92D73D8B}.Debug|Any CPU.ActiveCfg = Debug|Any CPU
		{BBAE4626-C51C-4946-ACD1-832E92D73D8B}.Debug|Any CPU.Build.0 = Debug|Any CPU
		{BBAE4626-C51C-4946-ACD1-832E92D73D8B}.Debug|Mixed Platforms.ActiveCfg = Debug|Any CPU
		{BBAE4626-C51C-4946-ACD1-832E92D73D8B}.Debug|Mixed Platforms.Build.0 = Debug|Any CPU
		{BBAE4626-C51C-4946-ACD1-832E92D73D8B}.Debug|Pocket PC 2003 (ARMV4).ActiveCfg = Debug|Any CPU
		{BBAE4626-C51C-4946-ACD1-832E92D73D8B}.Debug|Smartphone 2003 (ARMV4).ActiveCfg = Debug|Any CPU
		{BBAE4626-C51C-4946-ACD1-832E92D73D8B}.Debug|Win32.ActiveCfg = Debug|Any CPU
		{BBAE4626-C51C-4946-ACD1-832E92D73D8B}.Debug|x64.ActiveCfg = Debug|Any CPU
		{BBAE4626-C51C-4946-ACD1-832E92D73D8B}.Debug|x86.ActiveCfg = Debug|Any CPU
		{BBAE4626-C51C-4946-ACD1-832E92D73D8B}.Release|Any CPU.ActiveCfg = Release|Any CPU
		{BBAE4626-C51C-4946-ACD1-832E92D73D8B}.Release|Any CPU.Build.0 = Release|Any CPU
		{BBAE4626-C51C-4946-ACD1-832E92D73D8B}.Release|Mixed Platforms.ActiveCfg = Release|Any CPU
		{BBAE4626-C51C-4946-ACD1-832E92D73D8B}.Release|Mixed Platforms.Build.0 = Release|Any CPU
		{BBAE4626-C51C-4946-ACD1-832E92D73D8B}.Release|Pocket PC 2003 (ARMV4).ActiveCfg = Release|Any CPU
		{BBAE4626-C51C-4946-ACD1-832E92D73D8B}.Release|Smartphone 2003 (ARMV4).ActiveCfg = Release|Any CPU
		{BBAE4626-C51C-4946-ACD1-832E92D73D8B}.Release|Win32.ActiveCfg = Release|Any CPU
		{BBAE4626-C51C-4946-ACD1-832E92D73D8B}.Release|x64.ActiveCfg = Release|Any CPU
		{BBAE4626-C51C-4946-ACD1-832E92D73D8B}.Release|x86.ActiveCfg = Release|Any CPU
		{2BE8101A-D01B-4477-9565-59A8A7A43F4A}.Debug|Any CPU.ActiveCfg = Debug|Any CPU
		{2BE8101A-D01B-4477-9565-59A8A7A43F4A}.Debug|Any CPU.Build.0 = Debug|Any CPU
		{2BE8101A-D01B-4477-9565-59A8A7A43F4A}.Debug|Mixed Platforms.ActiveCfg = Debug|Any CPU
		{2BE8101A-D01B-4477-9565-59A8A7A43F4A}.Debug|Mixed Platforms.Build.0 = Debug|Any CPU
		{2BE8101A-D01B-4477-9565-59A8A7A43F4A}.Debug|Pocket PC 2003 (ARMV4).ActiveCfg = Debug|Any CPU
		{2BE8101A-D01B-4477-9565-59A8A7A43F4A}.Debug|Smartphone 2003 (ARMV4).ActiveCfg = Debug|Any CPU
		{2BE8101A-D01B-4477-9565-59A8A7A43F4A}.Debug|Win32.ActiveCfg = Debug|Any CPU
		{2BE8101A-D01B-4477-9565-59A8A7A43F4A}.Debug|x64.ActiveCfg = Debug|Any CPU
		{2BE8101A-D01B-4477-9565-59A8A7A43F4A}.Debug|x86.ActiveCfg = Debug|Any CPU
		{2BE8101A-D01B-4477-9565-59A8A7A43F4A}.Release|Any CPU.ActiveCfg = Release|Any CPU
		{2BE8101A-D01B-4477-9565-59A8A7A43F4A}.Release|Any CPU.Build.0 = Release|Any CPU
		{2BE8101A-D01B-4477-9565-59A8A7A43F4A}.Release|Mixed Platforms.ActiveCfg = Release|Any CPU
		{2BE8101A-D01B-4477-9565-59A8A7A43F4A}.Release|Mixed Platforms.Build.0 = Release|Any CPU
		{2BE8101A-D01B-4477-9565-59A8A7A43F4A}.Release|Pocket PC 2003 (ARMV4).ActiveCfg = Release|Any CPU
		{2BE8101A-D01B-4477-9565-59A8A7A43F4A}.Release|Smartphone 2003 (ARMV4).ActiveCfg = Release|Any CPU
		{2BE8101A-D01B-4477-9565-59A8A7A43F4A}.Release|Win32.ActiveCfg = Release|Any CPU
		{2BE8101A-D01B-4477-9565-59A8A7A43F4A}.Release|x64.ActiveCfg = Release|Any CPU
		{2BE8101A-D01B-4477-9565-59A8A7A43F4A}.Release|x86.ActiveCfg = Release|Any CPU
		{0F0187C8-3E58-45B4-ABFD-D7CA37CD21EF}.Debug|Any CPU.ActiveCfg = Debug|x86
		{0F0187C8-3E58-45B4-ABFD-D7CA37CD21EF}.Debug|Mixed Platforms.ActiveCfg = Debug|x86
		{0F0187C8-3E58-45B4-ABFD-D7CA37CD21EF}.Debug|Pocket PC 2003 (ARMV4).ActiveCfg = Debug|x86
		{0F0187C8-3E58-45B4-ABFD-D7CA37CD21EF}.Debug|Smartphone 2003 (ARMV4).ActiveCfg = Debug|x86
		{0F0187C8-3E58-45B4-ABFD-D7CA37CD21EF}.Debug|Win32.ActiveCfg = Debug|x86
		{0F0187C8-3E58-45B4-ABFD-D7CA37CD21EF}.Debug|Win32.Build.0 = Debug|x86
		{0F0187C8-3E58-45B4-ABFD-D7CA37CD21EF}.Debug|x64.ActiveCfg = Debug|x86
		{0F0187C8-3E58-45B4-ABFD-D7CA37CD21EF}.Debug|x86.ActiveCfg = Debug|x86
		{0F0187C8-3E58-45B4-ABFD-D7CA37CD21EF}.Debug|x86.Build.0 = Debug|x86
		{0F0187C8-3E58-45B4-ABFD-D7CA37CD21EF}.Release|Any CPU.ActiveCfg = Release|x86
		{0F0187C8-3E58-45B4-ABFD-D7CA37CD21EF}.Release|Mixed Platforms.ActiveCfg = Release|x86
		{0F0187C8-3E58-45B4-ABFD-D7CA37CD21EF}.Release|Pocket PC 2003 (ARMV4).ActiveCfg = Release|x86
		{0F0187C8-3E58-45B4-ABFD-D7CA37CD21EF}.Release|Smartphone 2003 (ARMV4).ActiveCfg = Release|x86
		{0F0187C8-3E58-45B4-ABFD-D7CA37CD21EF}.Release|Win32.ActiveCfg = Release|x86
		{0F0187C8-3E58-45B4-ABFD-D7CA37CD21EF}.Release|Win32.Build.0 = Release|x86
		{0F0187C8-3E58-45B4-ABFD-D7CA37CD21EF}.Release|x64.ActiveCfg = Release|x86
		{0F0187C8-3E58-45B4-ABFD-D7CA37CD21EF}.Release|x86.ActiveCfg = Release|x86
		{0F0187C8-3E58-45B4-ABFD-D7CA37CD21EF}.Release|x86.Build.0 = Release|x86
		{541D99E5-CACE-46D1-A931-6CDAF976B64D}.Debug|Any CPU.ActiveCfg = Debug|x86
		{541D99E5-CACE-46D1-A931-6CDAF976B64D}.Debug|Mixed Platforms.ActiveCfg = Debug|x86
		{541D99E5-CACE-46D1-A931-6CDAF976B64D}.Debug|Mixed Platforms.Build.0 = Debug|x86
		{541D99E5-CACE-46D1-A931-6CDAF976B64D}.Debug|Pocket PC 2003 (ARMV4).ActiveCfg = Debug|x86
		{541D99E5-CACE-46D1-A931-6CDAF976B64D}.Debug|Smartphone 2003 (ARMV4).ActiveCfg = Debug|x86
		{541D99E5-CACE-46D1-A931-6CDAF976B64D}.Debug|Win32.ActiveCfg = Debug|x86
		{541D99E5-CACE-46D1-A931-6CDAF976B64D}.Debug|Win32.Build.0 = Debug|x86
		{541D99E5-CACE-46D1-A931-6CDAF976B64D}.Debug|x64.ActiveCfg = Debug|x86
		{541D99E5-CACE-46D1-A931-6CDAF976B64D}.Debug|x86.ActiveCfg = Debug|x86
		{541D99E5-CACE-46D1-A931-6CDAF976B64D}.Debug|x86.Build.0 = Debug|x86
		{541D99E5-CACE-46D1-A931-6CDAF976B64D}.Release|Any CPU.ActiveCfg = Release|x86
		{541D99E5-CACE-46D1-A931-6CDAF976B64D}.Release|Mixed Platforms.ActiveCfg = Release|x86
		{541D99E5-CACE-46D1-A931-6CDAF976B64D}.Release|Mixed Platforms.Build.0 = Release|x86
		{541D99E5-CACE-46D1-A931-6CDAF976B64D}.Release|Pocket PC 2003 (ARMV4).ActiveCfg = Release|x86
		{541D99E5-CACE-46D1-A931-6CDAF976B64D}.Release|Smartphone 2003 (ARMV4).ActiveCfg = Release|x86
		{541D99E5-CACE-46D1-A931-6CDAF976B64D}.Release|Win32.ActiveCfg = Release|x86
		{541D99E5-CACE-46D1-A931-6CDAF976B64D}.Release|Win32.Build.0 = Release|x86
		{541D99E5-CACE-46D1-A931-6CDAF976B64D}.Release|x64.ActiveCfg = Release|x86
		{541D99E5-CACE-46D1-A931-6CDAF976B64D}.Release|x86.ActiveCfg = Release|x86
		{541D99E5-CACE-46D1-A931-6CDAF976B64D}.Release|x86.Build.0 = Release|x86
		{AEE42959-5A7D-4DC7-B0EA-44002EFDBCD1}.Debug|Any CPU.ActiveCfg = Debug|Any CPU
		{AEE42959-5A7D-4DC7-B0EA-44002EFDBCD1}.Debug|Any CPU.Build.0 = Debug|Any CPU
		{AEE42959-5A7D-4DC7-B0EA-44002EFDBCD1}.Debug|Mixed Platforms.ActiveCfg = Debug|Any CPU
		{AEE42959-5A7D-4DC7-B0EA-44002EFDBCD1}.Debug|Mixed Platforms.Build.0 = Debug|Any CPU
		{AEE42959-5A7D-4DC7-B0EA-44002EFDBCD1}.Debug|Pocket PC 2003 (ARMV4).ActiveCfg = Debug|Any CPU
		{AEE42959-5A7D-4DC7-B0EA-44002EFDBCD1}.Debug|Smartphone 2003 (ARMV4).ActiveCfg = Debug|Any CPU
		{AEE42959-5A7D-4DC7-B0EA-44002EFDBCD1}.Debug|Win32.ActiveCfg = Debug|Any CPU
		{AEE42959-5A7D-4DC7-B0EA-44002EFDBCD1}.Debug|x64.ActiveCfg = Debug|Any CPU
		{AEE42959-5A7D-4DC7-B0EA-44002EFDBCD1}.Debug|x86.ActiveCfg = Debug|Any CPU
		{AEE42959-5A7D-4DC7-B0EA-44002EFDBCD1}.Release|Any CPU.ActiveCfg = Release|Any CPU
		{AEE42959-5A7D-4DC7-B0EA-44002EFDBCD1}.Release|Any CPU.Build.0 = Release|Any CPU
		{AEE42959-5A7D-4DC7-B0EA-44002EFDBCD1}.Release|Mixed Platforms.ActiveCfg = Release|Any CPU
		{AEE42959-5A7D-4DC7-B0EA-44002EFDBCD1}.Release|Mixed Platforms.Build.0 = Release|Any CPU
		{AEE42959-5A7D-4DC7-B0EA-44002EFDBCD1}.Release|Pocket PC 2003 (ARMV4).ActiveCfg = Release|Any CPU
		{AEE42959-5A7D-4DC7-B0EA-44002EFDBCD1}.Release|Smartphone 2003 (ARMV4).ActiveCfg = Release|Any CPU
		{AEE42959-5A7D-4DC7-B0EA-44002EFDBCD1}.Release|Win32.ActiveCfg = Release|Any CPU
		{AEE42959-5A7D-4DC7-B0EA-44002EFDBCD1}.Release|x64.ActiveCfg = Release|Any CPU
		{AEE42959-5A7D-4DC7-B0EA-44002EFDBCD1}.Release|x86.ActiveCfg = Release|Any CPU
		{7DF347EC-005E-410B-A045-4FA633FBA506}.Debug|Any CPU.ActiveCfg = Debug|Any CPU
		{7DF347EC-005E-410B-A045-4FA633FBA506}.Debug|Any CPU.Build.0 = Debug|Any CPU
		{7DF347EC-005E-410B-A045-4FA633FBA506}.Debug|Mixed Platforms.ActiveCfg = Debug|Any CPU
		{7DF347EC-005E-410B-A045-4FA633FBA506}.Debug|Mixed Platforms.Build.0 = Debug|Any CPU
		{7DF347EC-005E-410B-A045-4FA633FBA506}.Debug|Pocket PC 2003 (ARMV4).ActiveCfg = Debug|Any CPU
		{7DF347EC-005E-410B-A045-4FA633FBA506}.Debug|Pocket PC 2003 (ARMV4).Build.0 = Debug|Any CPU
		{7DF347EC-005E-410B-A045-4FA633FBA506}.Debug|Smartphone 2003 (ARMV4).ActiveCfg = Debug|Any CPU
		{7DF347EC-005E-410B-A045-4FA633FBA506}.Debug|Smartphone 2003 (ARMV4).Build.0 = Debug|Any CPU
		{7DF347EC-005E-410B-A045-4FA633FBA506}.Debug|Win32.ActiveCfg = Debug|Any CPU
		{7DF347EC-005E-410B-A045-4FA633FBA506}.Debug|Win32.Build.0 = Debug|Any CPU
		{7DF347EC-005E-410B-A045-4FA633FBA506}.Debug|x64.ActiveCfg = Debug|Any CPU
		{7DF347EC-005E-410B-A045-4FA633FBA506}.Debug|x64.Build.0 = Debug|Any CPU
		{7DF347EC-005E-410B-A045-4FA633FBA506}.Debug|x86.ActiveCfg = Debug|Any CPU
		{7DF347EC-005E-410B-A045-4FA633FBA506}.Debug|x86.Build.0 = Debug|Any CPU
		{7DF347EC-005E-410B-A045-4FA633FBA506}.Release|Any CPU.ActiveCfg = Release|Any CPU
		{7DF347EC-005E-410B-A045-4FA633FBA506}.Release|Any CPU.Build.0 = Release|Any CPU
		{7DF347EC-005E-410B-A045-4FA633FBA506}.Release|Mixed Platforms.ActiveCfg = Release|Any CPU
		{7DF347EC-005E-410B-A045-4FA633FBA506}.Release|Mixed Platforms.Build.0 = Release|Any CPU
		{7DF347EC-005E-410B-A045-4FA633FBA506}.Release|Pocket PC 2003 (ARMV4).ActiveCfg = Release|Any CPU
		{7DF347EC-005E-410B-A045-4FA633FBA506}.Release|Pocket PC 2003 (ARMV4).Build.0 = Release|Any CPU
		{7DF347EC-005E-410B-A045-4FA633FBA506}.Release|Smartphone 2003 (ARMV4).ActiveCfg = Release|Any CPU
		{7DF347EC-005E-410B-A045-4FA633FBA506}.Release|Smartphone 2003 (ARMV4).Build.0 = Release|Any CPU
		{7DF347EC-005E-410B-A045-4FA633FBA506}.Release|Win32.ActiveCfg = Release|Any CPU
		{7DF347EC-005E-410B-A045-4FA633FBA506}.Release|Win32.Build.0 = Release|Any CPU
		{7DF347EC-005E-410B-A045-4FA633FBA506}.Release|x64.ActiveCfg = Release|Any CPU
		{7DF347EC-005E-410B-A045-4FA633FBA506}.Release|x64.Build.0 = Release|Any CPU
		{7DF347EC-005E-410B-A045-4FA633FBA506}.Release|x86.ActiveCfg = Release|Any CPU
		{7DF347EC-005E-410B-A045-4FA633FBA506}.Release|x86.Build.0 = Release|Any CPU
	EndGlobalSection
	GlobalSection(SolutionProperties) = preSolution
		HideSolutionNode = FALSE
	EndGlobalSection
	GlobalSection(NestedProjects) = preSolution
		{56ADC3C3-A0C7-499F-8FC2-1D2067A9A6DE} = {38E02DAE-3828-4255-8D0E-2BD859D560D8}
		{4A359410-A654-4E48-AC2E-D78EE3E38326} = {79CBF676-1A81-4A4C-95AD-9FA73A3C0F1F}
		{AF750C6A-98C4-4168-9939-402EB179F989} = {38E02DAE-3828-4255-8D0E-2BD859D560D8}
		{968E5A7D-A01F-4D15-88B6-4DE5F71037EE} = {38E02DAE-3828-4255-8D0E-2BD859D560D8}
		{79CBF676-1A81-4A4C-95AD-9FA73A3C0F1F} = {38E02DAE-3828-4255-8D0E-2BD859D560D8}
		{FFB9AF51-83B9-42A2-BF4E-9E0A252446A7} = {79CBF676-1A81-4A4C-95AD-9FA73A3C0F1F}
		{E474BEE1-DFEF-439F-A15F-9B3CFC77589E} = {56ADC3C3-A0C7-499F-8FC2-1D2067A9A6DE}
		{D31BEFC6-0830-4EA9-9ACF-7CEE62ADDBA5} = {4A359410-A654-4E48-AC2E-D78EE3E38326}
		{822F500D-ADB8-4BB1-8A1C-E9FEAFF369B0} = {0DEE13DE-1B61-4DA7-AACF-6BA7A5BDE237}
		{4E7FBF3D-731C-4ECB-97A3-9714F7D60CB6} = {968E5A7D-A01F-4D15-88B6-4DE5F71037EE}
		{C478E40B-A05E-4C69-9AB3-7A3BB374243F} = {0DEE13DE-1B61-4DA7-AACF-6BA7A5BDE237}
		{073BCD60-F2FB-4DB9-92FB-403C8F9E8DD0} = {0DEE13DE-1B61-4DA7-AACF-6BA7A5BDE237}
		{2AE49F19-392B-4C50-A13C-F49B2579849D} = {0DEE13DE-1B61-4DA7-AACF-6BA7A5BDE237}
		{43BBF26E-F436-462F-B997-26925F898DDD} = {FFB9AF51-83B9-42A2-BF4E-9E0A252446A7}
		{C45AD2CA-B6BD-4E4A-8CC2-34C8F895ED46} = {56ADC3C3-A0C7-499F-8FC2-1D2067A9A6DE}
		{7E56F99E-63A3-417D-A2B1-FBE255536841} = {56ADC3C3-A0C7-499F-8FC2-1D2067A9A6DE}
		{3A342322-64C8-4195-B556-8BE3FEB873D2} = {56ADC3C3-A0C7-499F-8FC2-1D2067A9A6DE}
		{286DE6DB-8F95-4BD4-86A2-86488D2E0EE1} = {0DEE13DE-1B61-4DA7-AACF-6BA7A5BDE237}
		{20E764FD-D9B5-4CFB-A21B-812C96F6D2D5} = {AF750C6A-98C4-4168-9939-402EB179F989}
		{7ABCA60A-C45B-4505-A4A6-218AC2E78CD4} = {AF750C6A-98C4-4168-9939-402EB179F989}
		{BBAE4626-C51C-4946-ACD1-832E92D73D8B} = {0DEE13DE-1B61-4DA7-AACF-6BA7A5BDE237}
		{2BE8101A-D01B-4477-9565-59A8A7A43F4A} = {AF750C6A-98C4-4168-9939-402EB179F989}
		{0F0187C8-3E58-45B4-ABFD-D7CA37CD21EF} = {4F616123-4552-4F9A-8114-85EB4C6B5BF2}
		{541D99E5-CACE-46D1-A931-6CDAF976B64D} = {4F616123-4552-4F9A-8114-85EB4C6B5BF2}
		{AEE42959-5A7D-4DC7-B0EA-44002EFDBCD1} = {AF750C6A-98C4-4168-9939-402EB179F989}
		{7DF347EC-005E-410B-A045-4FA633FBA506} = {A58743C1-0C99-4983-9077-81FC0270E758}
	EndGlobalSection
	GlobalSection(ExtensibilityGlobals) = postSolution
		RootNamespace = HMI
		CommonProjectGuid = c45ad2ca-b6bd-4e4a-8cc2-34c8f895ed46
		ShellProjectGuid = e474bee1-dfef-439f-a15f-9b3cfc77589e
		SolutionGuid = {FE84C5ED-845F-4B71-9C1B-DFA5F7BEE675}
	EndGlobalSection
EndGlobal
