
Microsoft Visual Studio Solution File, Format Version 12.00
# Visual Studio 2012
Project("{FAE04EC0-301F-11D3-BF4B-00C04F79EFBC}") = "u5ki.Infrastructure", "Source\Infrastructure\u5ki.Infrastructure.csproj", "{BBAE4626-C51C-4946-ACD1-832E92D73D8B}"
EndProject
Project("{FAE04EC0-301F-11D3-BF4B-00C04F79EFBC}") = "Utilities", "..\Utilities\Utilities.csproj", "{822F500D-ADB8-4BB1-8A1C-E9FEAFF369B0}"
EndProject
Project("{FAE04EC0-301F-11D3-BF4B-00C04F79EFBC}") = "TestConsole", "Source\TestConsole\TestConsole.csproj", "{7212F511-4401-4A94-ABC0-ECCFAAC24EC3}"
EndProject
Project("{FAE04EC0-301F-11D3-BF4B-00C04F79EFBC}") = "u5ki.RemoteControlService", "Source\RemoteControlService\u5ki.RemoteControlService.csproj", "{FA844426-A8E2-4BD0-A48D-7D129C2D5CFB}"
EndProject
Global
	GlobalSection(SolutionConfigurationPlatforms) = preSolution
		Debug|Any CPU = Debug|Any CPU
		Release|Any CPU = Release|Any CPU
	EndGlobalSection
	GlobalSection(ProjectConfigurationPlatforms) = postSolution
		{BBAE4626-C51C-4946-ACD1-832E92D73D8B}.Debug|Any CPU.ActiveCfg = Debug|Any CPU
		{BBAE4626-C51C-4946-ACD1-832E92D73D8B}.Debug|Any CPU.Build.0 = Debug|Any CPU
		{BBAE4626-C51C-4946-ACD1-832E92D73D8B}.Release|Any CPU.ActiveCfg = Release|Any CPU
		{BBAE4626-C51C-4946-ACD1-832E92D73D8B}.Release|Any CPU.Build.0 = Release|Any CPU
		{822F500D-ADB8-4BB1-8A1C-E9FEAFF369B0}.Debug|Any CPU.ActiveCfg = Debug|Any CPU
		{822F500D-ADB8-4BB1-8A1C-E9FEAFF369B0}.Debug|Any CPU.Build.0 = Debug|Any CPU
		{822F500D-ADB8-4BB1-8A1C-E9FEAFF369B0}.Release|Any CPU.ActiveCfg = Release|Any CPU
		{822F500D-ADB8-4BB1-8A1C-E9FEAFF369B0}.Release|Any CPU.Build.0 = Release|Any CPU
		{7212F511-4401-4A94-ABC0-ECCFAAC24EC3}.Debug|Any CPU.ActiveCfg = Debug|Any CPU
		{7212F511-4401-4A94-ABC0-ECCFAAC24EC3}.Debug|Any CPU.Build.0 = Debug|Any CPU
		{7212F511-4401-4A94-ABC0-ECCFAAC24EC3}.Release|Any CPU.ActiveCfg = Release|Any CPU
		{7212F511-4401-4A94-ABC0-ECCFAAC24EC3}.Release|Any CPU.Build.0 = Release|Any CPU
		{FA844426-A8E2-4BD0-A48D-7D129C2D5CFB}.Debug|Any CPU.ActiveCfg = Debug|Any CPU
		{FA844426-A8E2-4BD0-A48D-7D129C2D5CFB}.Debug|Any CPU.Build.0 = Debug|Any CPU
		{FA844426-A8E2-4BD0-A48D-7D129C2D5CFB}.Release|Any CPU.ActiveCfg = Release|Any CPU
		{FA844426-A8E2-4BD0-A48D-7D129C2D5CFB}.Release|Any CPU.Build.0 = Release|Any CPU
	EndGlobalSection
	GlobalSection(SolutionProperties) = preSolution
		HideSolutionNode = FALSE
	EndGlobalSection
EndGlobal
