
Microsoft Visual Studio Solution File, Format Version 12.00
# Visual Studio Version 16
VisualStudioVersion = 16.0.29326.143
MinimumVisualStudioVersion = 10.0.40219.1
Project("{2150E333-8FDC-42A3-9474-1A3956D46DE8}") = "Support", "Support", "{B4699C82-EA9B-45C3-BAFE-45A432E226B8}"
EndProject
Project("{FAE04EC0-301F-11D3-BF4B-00C04F79EFBC}") = "u5ki.Infrastructure", "Source\Infrastructure\u5ki.Infrastructure.csproj", "{BBAE4626-C51C-4946-ACD1-832E92D73D8B}"
	ProjectSection(ProjectDependencies) = postProject
		{286DE6DB-8F95-4BD4-86A2-86488D2E0EE1} = {286DE6DB-8F95-4BD4-86A2-86488D2E0EE1}
	EndProjectSection
EndProject
Project("{FAE04EC0-301F-11D3-BF4B-00C04F79EFBC}") = "u5ki.CfgService", "Source\CfgService\u5ki.CfgService.csproj", "{D446F2F3-E170-4A91-B5A4-2C02668F27F8}"
EndProject
Project("{FAE04EC0-301F-11D3-BF4B-00C04F79EFBC}") = "u5ki.NodeBox", "Source\NodeBox\u5ki.NodeBox.csproj", "{7BC5A180-21C5-4A4A-A131-6BDF65D4287A}"
	ProjectSection(ProjectDependencies) = postProject
		{54E3301A-22DB-4097-92D9-EB03646B6E47} = {54E3301A-22DB-4097-92D9-EB03646B6E47}
		{B6F57383-BAB9-485B-987C-CAEE6CA828CC} = {B6F57383-BAB9-485B-987C-CAEE6CA828CC}
		{5FFD63A2-33A6-4445-9371-04F72938BCCB} = {5FFD63A2-33A6-4445-9371-04F72938BCCB}
		{D446F2F3-E170-4A91-B5A4-2C02668F27F8} = {D446F2F3-E170-4A91-B5A4-2C02668F27F8}
	EndProjectSection
EndProject
Project("{FAE04EC0-301F-11D3-BF4B-00C04F79EFBC}") = "Utilities", "..\Utilities\Utilities.csproj", "{822F500D-ADB8-4BB1-8A1C-E9FEAFF369B0}"
EndProject
Project("{FAE04EC0-301F-11D3-BF4B-00C04F79EFBC}") = "u5ki.RdService", "Source\RdService\u5ki.RdService.csproj", "{5FFD63A2-33A6-4445-9371-04F72938BCCB}"
EndProject
Project("{FAE04EC0-301F-11D3-BF4B-00C04F79EFBC}") = "u5ki.TifxService", "Source\Cd40.TifxService\u5ki.TifxService.csproj", "{54E3301A-22DB-4097-92D9-EB03646B6E47}"
EndProject
Project("{FAE04EC0-301F-11D3-BF4B-00C04F79EFBC}") = "u5ki.Mcast", "Source\MCast\u5ki.Mcast.csproj", "{47E41CF6-13A4-4E38-B318-A86586FEF0FD}"
EndProject
Project("{2150E333-8FDC-42A3-9474-1A3956D46DE8}") = "Setup", "Setup", "{D4F54CA2-5DD6-4CCA-98BF-33D06FCB6921}"
EndProject
Project("{2150E333-8FDC-42A3-9474-1A3956D46DE8}") = "Tools", "Tools", "{B4E2571D-36CC-4593-A672-BEA231992611}"
EndProject
Project("{2150E333-8FDC-42A3-9474-1A3956D46DE8}") = "Notas", "Notas", "{988B11CB-8D90-4E21-9DC7-1EB6CABCAE7E}"
	ProjectSection(SolutionItems) = preProject
		notas.txt = notas.txt
		Pendientes.txt = Pendientes.txt
	EndProjectSection
EndProject
Project("{930C7802-8A8C-48F9-8165-68863BCCD9DD}") = "Ulises5000I AT-Utilities", "Setup\Ulises5000I AT-Utilities\Ulises5000I AT-Utilities.wixproj", "{B7343B9B-E6A1-43D2-A70C-B7A2BE23C0F1}"
	ProjectSection(ProjectDependencies) = postProject
		{83350A9D-B360-4AAD-91E3-E77C4E029E56} = {83350A9D-B360-4AAD-91E3-E77C4E029E56}
	EndProjectSection
EndProject
Project("{2150E333-8FDC-42A3-9474-1A3956D46DE8}") = ".nuget", ".nuget", "{9F8CFAEC-8D70-4AEE-8BA0-E335CDDB5C80}"
	ProjectSection(SolutionItems) = preProject
		.nuget\NuGet.Config = .nuget\NuGet.Config
		.nuget\NuGet.exe = .nuget\NuGet.exe
		.nuget\NuGet.targets = .nuget\NuGet.targets
	EndProjectSection
EndProject
Project("{2150E333-8FDC-42A3-9474-1A3956D46DE8}") = "UnitTest", "UnitTest", "{D8B198DB-517C-4C58-941D-A102A9EBF658}"
EndProject
Project("{FAE04EC0-301F-11D3-BF4B-00C04F79EFBC}") = "u5ki.RemoteControlService", "Source\RemoteControlService\u5ki.RemoteControlService.csproj", "{FA844426-A8E2-4BD0-A48D-7D129C2D5CFB}"
	ProjectSection(ProjectDependencies) = postProject
		{EAAB8D4E-306E-417F-892F-13AD6642B883} = {EAAB8D4E-306E-417F-892F-13AD6642B883}
	EndProjectSection
EndProject
Project("{FAE04EC0-301F-11D3-BF4B-00C04F79EFBC}") = "Test", "Source\Test\Test.csproj", "{1955816F-9E1C-4F2E-ABAE-4C1448F4C894}"
EndProject
Project("{FAE04EC0-301F-11D3-BF4B-00C04F79EFBC}") = "Ulises5000I-Setup-CustomActions", "Setup\Ulises5000I-Setup-CustomActions\Ulises5000I-Setup-CustomActions.csproj", "{83350A9D-B360-4AAD-91E3-E77C4E029E56}"
EndProject
Project("{FAE04EC0-301F-11D3-BF4B-00C04F79EFBC}") = "SharpSnmpLib", "..\TFT\SharpSnmpLib\sharpsnmplib\SharpSnmpLib\SharpSnmpLib.csproj", "{286DE6DB-8F95-4BD4-86A2-86488D2E0EE1}"
EndProject
Project("{FAE04EC0-301F-11D3-BF4B-00C04F79EFBC}") = "OperationHFTest", "Source\OperationHFTest\OperationHFTest.csproj", "{D8974265-5B5A-4C1B-97E5-864279867156}"
EndProject
Project("{FAE04EC0-301F-11D3-BF4B-00C04F79EFBC}") = "Translate", "Source\Translate\Translate.csproj", "{EAAB8D4E-306E-417F-892F-13AD6642B883}"
EndProject
Project("{2150E333-8FDC-42A3-9474-1A3956D46DE8}") = "Services", "Services", "{F7376F3E-9156-45F9-A093-D2BF7120AA3F}"
EndProject
Project("{FAE04EC0-301F-11D3-BF4B-00C04F79EFBC}") = "u5ki.PresenceService", "Source\PresenceService\u5ki.PresenceService.csproj", "{B6F57383-BAB9-485B-987C-CAEE6CA828CC}"
EndProject
Project("{FAE04EC0-301F-11D3-BF4B-00C04F79EFBC}") = "PresenceServiceUnitTest", "Source\PresenceService\PresenceServiceUnitTest\PresenceServiceUnitTest.csproj", "{DAC09A9D-B11B-4AD1-91EA-41EA8631866E}"
EndProject
Project("{FAE04EC0-301F-11D3-BF4B-00C04F79EFBC}") = "UnitTestProject", "Source\NodeBox\UnitTestProject\UnitTestProject.csproj", "{4B64A19F-0B68-4766-A7B4-1F6B77B7FFE1}"
EndProject
Project("{FAE04EC0-301F-11D3-BF4B-00C04F79EFBC}") = "u5ki.PhoneService", "Source\PhoneService\u5ki.PhoneService.csproj", "{0D7FE7B8-11FA-4603-A0A7-0A8BAE30629A}"
EndProject
Project("{FAE04EC0-301F-11D3-BF4B-00C04F79EFBC}") = "PhoneServiceUnitTests", "Source\PhoneService\PhoneServiceUnitTests\PhoneServiceUnitTests.csproj", "{89BA0B5C-AF87-4411-8D85-C7ABF2114483}"
EndProject
Project("{930C7802-8A8C-48F9-8165-68863BCCD9DD}") = "Ulises5000I AT-UtilitiesPatch", "Setup\Ulises5000I AT-Utilities\Ulises5000I AT-UtilitiesPatch.wixproj", "{662695CD-7911-490F-9132-E7826230E3E0}"
EndProject
Project("{FAE04EC0-301F-11D3-BF4B-00C04F79EFBC}") = "GenerateJsons", "Tools\GenerateJsons\GenerateJsons.csproj", "{8C360C5F-E022-4136-BC22-341C302D1073}"
EndProject
Project("{FAE04EC0-301F-11D3-BF4B-00C04F79EFBC}") = "CoreSipNet", "Tools\CoreSipNet\CoreSipNet.csproj", "{D09E025F-67C2-48E5-A2A1-ECFCD860DEA1}"
EndProject
Project("{FAE04EC0-301F-11D3-BF4B-00C04F79EFBC}") = "ExtEquSim", "Tools\ExtEquSim\ExtEquSim.csproj", "{236EFF0A-F14E-4CF6-ACBC-3E6BC84083D0}"
EndProject
Global
	GlobalSection(SolutionConfigurationPlatforms) = preSolution
		CD_ROM|Any CPU = CD_ROM|Any CPU
		CD_ROM|Mixed Platforms = CD_ROM|Mixed Platforms
		CD_ROM|Win32 = CD_ROM|Win32
		CD_ROM|x86 = CD_ROM|x86
		Debug|Any CPU = Debug|Any CPU
		Debug|Mixed Platforms = Debug|Mixed Platforms
		Debug|Win32 = Debug|Win32
		Debug|x86 = Debug|x86
		DVD-5|Any CPU = DVD-5|Any CPU
		DVD-5|Mixed Platforms = DVD-5|Mixed Platforms
		DVD-5|Win32 = DVD-5|Win32
		DVD-5|x86 = DVD-5|x86
		PhRelease|Any CPU = PhRelease|Any CPU
		PhRelease|Mixed Platforms = PhRelease|Mixed Platforms
		PhRelease|Win32 = PhRelease|Win32
		PhRelease|x86 = PhRelease|x86
		PhUnitTest|Any CPU = PhUnitTest|Any CPU
		PhUnitTest|Mixed Platforms = PhUnitTest|Mixed Platforms
		PhUnitTest|Win32 = PhUnitTest|Win32
		PhUnitTest|x86 = PhUnitTest|x86
		Release|Any CPU = Release|Any CPU
		Release|Mixed Platforms = Release|Mixed Platforms
		Release|Win32 = Release|Win32
		Release|x86 = Release|x86
		SingleImage|Any CPU = SingleImage|Any CPU
		SingleImage|Mixed Platforms = SingleImage|Mixed Platforms
		SingleImage|Win32 = SingleImage|Win32
		SingleImage|x86 = SingleImage|x86
	EndGlobalSection
	GlobalSection(ProjectConfigurationPlatforms) = postSolution
		{BBAE4626-C51C-4946-ACD1-832E92D73D8B}.CD_ROM|Any CPU.ActiveCfg = Release|Any CPU
		{BBAE4626-C51C-4946-ACD1-832E92D73D8B}.CD_ROM|Any CPU.Build.0 = Release|Any CPU
		{BBAE4626-C51C-4946-ACD1-832E92D73D8B}.CD_ROM|Mixed Platforms.ActiveCfg = Release|Any CPU
		{BBAE4626-C51C-4946-ACD1-832E92D73D8B}.CD_ROM|Mixed Platforms.Build.0 = Release|Any CPU
		{BBAE4626-C51C-4946-ACD1-832E92D73D8B}.CD_ROM|Win32.ActiveCfg = Release|Any CPU
		{BBAE4626-C51C-4946-ACD1-832E92D73D8B}.CD_ROM|x86.ActiveCfg = Release|Any CPU
		{BBAE4626-C51C-4946-ACD1-832E92D73D8B}.Debug|Any CPU.ActiveCfg = Debug|Any CPU
		{BBAE4626-C51C-4946-ACD1-832E92D73D8B}.Debug|Any CPU.Build.0 = Debug|Any CPU
		{BBAE4626-C51C-4946-ACD1-832E92D73D8B}.Debug|Mixed Platforms.ActiveCfg = Debug|Any CPU
		{BBAE4626-C51C-4946-ACD1-832E92D73D8B}.Debug|Mixed Platforms.Build.0 = Debug|Any CPU
		{BBAE4626-C51C-4946-ACD1-832E92D73D8B}.Debug|Win32.ActiveCfg = Debug|Any CPU
		{BBAE4626-C51C-4946-ACD1-832E92D73D8B}.Debug|x86.ActiveCfg = Debug|Any CPU
		{BBAE4626-C51C-4946-ACD1-832E92D73D8B}.DVD-5|Any CPU.ActiveCfg = Debug|Any CPU
		{BBAE4626-C51C-4946-ACD1-832E92D73D8B}.DVD-5|Any CPU.Build.0 = Debug|Any CPU
		{BBAE4626-C51C-4946-ACD1-832E92D73D8B}.DVD-5|Mixed Platforms.ActiveCfg = Debug|Any CPU
		{BBAE4626-C51C-4946-ACD1-832E92D73D8B}.DVD-5|Mixed Platforms.Build.0 = Debug|Any CPU
		{BBAE4626-C51C-4946-ACD1-832E92D73D8B}.DVD-5|Win32.ActiveCfg = Debug|Any CPU
		{BBAE4626-C51C-4946-ACD1-832E92D73D8B}.DVD-5|x86.ActiveCfg = Debug|Any CPU
		{BBAE4626-C51C-4946-ACD1-832E92D73D8B}.PhRelease|Any CPU.ActiveCfg = PhRelease|Any CPU
		{BBAE4626-C51C-4946-ACD1-832E92D73D8B}.PhRelease|Any CPU.Build.0 = PhRelease|Any CPU
		{BBAE4626-C51C-4946-ACD1-832E92D73D8B}.PhRelease|Mixed Platforms.ActiveCfg = PhRelease|Any CPU
		{BBAE4626-C51C-4946-ACD1-832E92D73D8B}.PhRelease|Mixed Platforms.Build.0 = PhRelease|Any CPU
		{BBAE4626-C51C-4946-ACD1-832E92D73D8B}.PhRelease|Win32.ActiveCfg = PhRelease|Any CPU
		{BBAE4626-C51C-4946-ACD1-832E92D73D8B}.PhRelease|x86.ActiveCfg = PhRelease|Any CPU
		{BBAE4626-C51C-4946-ACD1-832E92D73D8B}.PhUnitTest|Any CPU.ActiveCfg = PhUnitTest|Any CPU
		{BBAE4626-C51C-4946-ACD1-832E92D73D8B}.PhUnitTest|Any CPU.Build.0 = PhUnitTest|Any CPU
		{BBAE4626-C51C-4946-ACD1-832E92D73D8B}.PhUnitTest|Mixed Platforms.ActiveCfg = PhUnitTest|Any CPU
		{BBAE4626-C51C-4946-ACD1-832E92D73D8B}.PhUnitTest|Mixed Platforms.Build.0 = PhUnitTest|Any CPU
		{BBAE4626-C51C-4946-ACD1-832E92D73D8B}.PhUnitTest|Win32.ActiveCfg = PhUnitTest|Any CPU
		{BBAE4626-C51C-4946-ACD1-832E92D73D8B}.PhUnitTest|x86.ActiveCfg = PhUnitTest|Any CPU
		{BBAE4626-C51C-4946-ACD1-832E92D73D8B}.Release|Any CPU.ActiveCfg = Release|Any CPU
		{BBAE4626-C51C-4946-ACD1-832E92D73D8B}.Release|Any CPU.Build.0 = Release|Any CPU
		{BBAE4626-C51C-4946-ACD1-832E92D73D8B}.Release|Mixed Platforms.ActiveCfg = Release|Any CPU
		{BBAE4626-C51C-4946-ACD1-832E92D73D8B}.Release|Mixed Platforms.Build.0 = Release|Any CPU
		{BBAE4626-C51C-4946-ACD1-832E92D73D8B}.Release|Win32.ActiveCfg = Release|Any CPU
		{BBAE4626-C51C-4946-ACD1-832E92D73D8B}.Release|x86.ActiveCfg = Release|Any CPU
		{BBAE4626-C51C-4946-ACD1-832E92D73D8B}.SingleImage|Any CPU.ActiveCfg = Release|Any CPU
		{BBAE4626-C51C-4946-ACD1-832E92D73D8B}.SingleImage|Any CPU.Build.0 = Release|Any CPU
		{BBAE4626-C51C-4946-ACD1-832E92D73D8B}.SingleImage|Mixed Platforms.ActiveCfg = Release|Any CPU
		{BBAE4626-C51C-4946-ACD1-832E92D73D8B}.SingleImage|Mixed Platforms.Build.0 = Release|Any CPU
		{BBAE4626-C51C-4946-ACD1-832E92D73D8B}.SingleImage|Win32.ActiveCfg = Release|Any CPU
		{BBAE4626-C51C-4946-ACD1-832E92D73D8B}.SingleImage|x86.ActiveCfg = Release|Any CPU
		{D446F2F3-E170-4A91-B5A4-2C02668F27F8}.CD_ROM|Any CPU.ActiveCfg = Release|Any CPU
		{D446F2F3-E170-4A91-B5A4-2C02668F27F8}.CD_ROM|Any CPU.Build.0 = Release|Any CPU
		{D446F2F3-E170-4A91-B5A4-2C02668F27F8}.CD_ROM|Mixed Platforms.ActiveCfg = Release|Any CPU
		{D446F2F3-E170-4A91-B5A4-2C02668F27F8}.CD_ROM|Mixed Platforms.Build.0 = Release|Any CPU
		{D446F2F3-E170-4A91-B5A4-2C02668F27F8}.CD_ROM|Win32.ActiveCfg = Release|Any CPU
		{D446F2F3-E170-4A91-B5A4-2C02668F27F8}.CD_ROM|x86.ActiveCfg = Release|Any CPU
		{D446F2F3-E170-4A91-B5A4-2C02668F27F8}.Debug|Any CPU.ActiveCfg = Debug|Any CPU
		{D446F2F3-E170-4A91-B5A4-2C02668F27F8}.Debug|Any CPU.Build.0 = Debug|Any CPU
		{D446F2F3-E170-4A91-B5A4-2C02668F27F8}.Debug|Mixed Platforms.ActiveCfg = Debug|Any CPU
		{D446F2F3-E170-4A91-B5A4-2C02668F27F8}.Debug|Mixed Platforms.Build.0 = Debug|Any CPU
		{D446F2F3-E170-4A91-B5A4-2C02668F27F8}.Debug|Win32.ActiveCfg = Debug|Any CPU
		{D446F2F3-E170-4A91-B5A4-2C02668F27F8}.Debug|x86.ActiveCfg = Debug|Any CPU
		{D446F2F3-E170-4A91-B5A4-2C02668F27F8}.DVD-5|Any CPU.ActiveCfg = Debug|Any CPU
		{D446F2F3-E170-4A91-B5A4-2C02668F27F8}.DVD-5|Any CPU.Build.0 = Debug|Any CPU
		{D446F2F3-E170-4A91-B5A4-2C02668F27F8}.DVD-5|Mixed Platforms.ActiveCfg = Debug|Any CPU
		{D446F2F3-E170-4A91-B5A4-2C02668F27F8}.DVD-5|Mixed Platforms.Build.0 = Debug|Any CPU
		{D446F2F3-E170-4A91-B5A4-2C02668F27F8}.DVD-5|Win32.ActiveCfg = Debug|Any CPU
		{D446F2F3-E170-4A91-B5A4-2C02668F27F8}.DVD-5|x86.ActiveCfg = Debug|Any CPU
		{D446F2F3-E170-4A91-B5A4-2C02668F27F8}.PhRelease|Any CPU.ActiveCfg = PhRelease|Any CPU
		{D446F2F3-E170-4A91-B5A4-2C02668F27F8}.PhRelease|Any CPU.Build.0 = PhRelease|Any CPU
		{D446F2F3-E170-4A91-B5A4-2C02668F27F8}.PhRelease|Mixed Platforms.ActiveCfg = PhRelease|Any CPU
		{D446F2F3-E170-4A91-B5A4-2C02668F27F8}.PhRelease|Mixed Platforms.Build.0 = PhRelease|Any CPU
		{D446F2F3-E170-4A91-B5A4-2C02668F27F8}.PhRelease|Win32.ActiveCfg = PhRelease|Any CPU
		{D446F2F3-E170-4A91-B5A4-2C02668F27F8}.PhRelease|x86.ActiveCfg = PhRelease|Any CPU
		{D446F2F3-E170-4A91-B5A4-2C02668F27F8}.PhUnitTest|Any CPU.ActiveCfg = PhUnitTest|Any CPU
		{D446F2F3-E170-4A91-B5A4-2C02668F27F8}.PhUnitTest|Any CPU.Build.0 = PhUnitTest|Any CPU
		{D446F2F3-E170-4A91-B5A4-2C02668F27F8}.PhUnitTest|Mixed Platforms.ActiveCfg = PhUnitTest|Any CPU
		{D446F2F3-E170-4A91-B5A4-2C02668F27F8}.PhUnitTest|Mixed Platforms.Build.0 = PhUnitTest|Any CPU
		{D446F2F3-E170-4A91-B5A4-2C02668F27F8}.PhUnitTest|Win32.ActiveCfg = PhUnitTest|Any CPU
		{D446F2F3-E170-4A91-B5A4-2C02668F27F8}.PhUnitTest|x86.ActiveCfg = PhUnitTest|Any CPU
		{D446F2F3-E170-4A91-B5A4-2C02668F27F8}.Release|Any CPU.ActiveCfg = Release|Any CPU
		{D446F2F3-E170-4A91-B5A4-2C02668F27F8}.Release|Any CPU.Build.0 = Release|Any CPU
		{D446F2F3-E170-4A91-B5A4-2C02668F27F8}.Release|Mixed Platforms.ActiveCfg = Release|Any CPU
		{D446F2F3-E170-4A91-B5A4-2C02668F27F8}.Release|Mixed Platforms.Build.0 = Release|Any CPU
		{D446F2F3-E170-4A91-B5A4-2C02668F27F8}.Release|Win32.ActiveCfg = Release|Any CPU
		{D446F2F3-E170-4A91-B5A4-2C02668F27F8}.Release|x86.ActiveCfg = Release|Any CPU
		{D446F2F3-E170-4A91-B5A4-2C02668F27F8}.SingleImage|Any CPU.ActiveCfg = Release|Any CPU
		{D446F2F3-E170-4A91-B5A4-2C02668F27F8}.SingleImage|Any CPU.Build.0 = Release|Any CPU
		{D446F2F3-E170-4A91-B5A4-2C02668F27F8}.SingleImage|Mixed Platforms.ActiveCfg = Release|Any CPU
		{D446F2F3-E170-4A91-B5A4-2C02668F27F8}.SingleImage|Mixed Platforms.Build.0 = Release|Any CPU
		{D446F2F3-E170-4A91-B5A4-2C02668F27F8}.SingleImage|Win32.ActiveCfg = Release|Any CPU
		{D446F2F3-E170-4A91-B5A4-2C02668F27F8}.SingleImage|x86.ActiveCfg = Release|Any CPU
		{7BC5A180-21C5-4A4A-A131-6BDF65D4287A}.CD_ROM|Any CPU.ActiveCfg = Release|Any CPU
		{7BC5A180-21C5-4A4A-A131-6BDF65D4287A}.CD_ROM|Any CPU.Build.0 = Release|Any CPU
		{7BC5A180-21C5-4A4A-A131-6BDF65D4287A}.CD_ROM|Mixed Platforms.ActiveCfg = Release|Any CPU
		{7BC5A180-21C5-4A4A-A131-6BDF65D4287A}.CD_ROM|Mixed Platforms.Build.0 = Release|Any CPU
		{7BC5A180-21C5-4A4A-A131-6BDF65D4287A}.CD_ROM|Win32.ActiveCfg = Release|Any CPU
		{7BC5A180-21C5-4A4A-A131-6BDF65D4287A}.CD_ROM|x86.ActiveCfg = Release|Any CPU
		{7BC5A180-21C5-4A4A-A131-6BDF65D4287A}.Debug|Any CPU.ActiveCfg = Debug|Any CPU
		{7BC5A180-21C5-4A4A-A131-6BDF65D4287A}.Debug|Any CPU.Build.0 = Debug|Any CPU
		{7BC5A180-21C5-4A4A-A131-6BDF65D4287A}.Debug|Mixed Platforms.ActiveCfg = Debug|Any CPU
		{7BC5A180-21C5-4A4A-A131-6BDF65D4287A}.Debug|Mixed Platforms.Build.0 = Debug|Any CPU
		{7BC5A180-21C5-4A4A-A131-6BDF65D4287A}.Debug|Win32.ActiveCfg = Debug|Any CPU
		{7BC5A180-21C5-4A4A-A131-6BDF65D4287A}.Debug|x86.ActiveCfg = Debug|Any CPU
		{7BC5A180-21C5-4A4A-A131-6BDF65D4287A}.DVD-5|Any CPU.ActiveCfg = Debug|Any CPU
		{7BC5A180-21C5-4A4A-A131-6BDF65D4287A}.DVD-5|Any CPU.Build.0 = Debug|Any CPU
		{7BC5A180-21C5-4A4A-A131-6BDF65D4287A}.DVD-5|Mixed Platforms.ActiveCfg = Debug|Any CPU
		{7BC5A180-21C5-4A4A-A131-6BDF65D4287A}.DVD-5|Mixed Platforms.Build.0 = Debug|Any CPU
		{7BC5A180-21C5-4A4A-A131-6BDF65D4287A}.DVD-5|Win32.ActiveCfg = Debug|Any CPU
		{7BC5A180-21C5-4A4A-A131-6BDF65D4287A}.DVD-5|x86.ActiveCfg = Debug|Any CPU
		{7BC5A180-21C5-4A4A-A131-6BDF65D4287A}.PhRelease|Any CPU.ActiveCfg = PhRelease|Any CPU
		{7BC5A180-21C5-4A4A-A131-6BDF65D4287A}.PhRelease|Any CPU.Build.0 = PhRelease|Any CPU
		{7BC5A180-21C5-4A4A-A131-6BDF65D4287A}.PhRelease|Mixed Platforms.ActiveCfg = PhRelease|Any CPU
		{7BC5A180-21C5-4A4A-A131-6BDF65D4287A}.PhRelease|Mixed Platforms.Build.0 = PhRelease|Any CPU
		{7BC5A180-21C5-4A4A-A131-6BDF65D4287A}.PhRelease|Win32.ActiveCfg = PhRelease|Any CPU
		{7BC5A180-21C5-4A4A-A131-6BDF65D4287A}.PhRelease|x86.ActiveCfg = PhRelease|Any CPU
		{7BC5A180-21C5-4A4A-A131-6BDF65D4287A}.PhUnitTest|Any CPU.ActiveCfg = PhUnitTest|Any CPU
		{7BC5A180-21C5-4A4A-A131-6BDF65D4287A}.PhUnitTest|Any CPU.Build.0 = PhUnitTest|Any CPU
		{7BC5A180-21C5-4A4A-A131-6BDF65D4287A}.PhUnitTest|Mixed Platforms.ActiveCfg = PhUnitTest|Any CPU
		{7BC5A180-21C5-4A4A-A131-6BDF65D4287A}.PhUnitTest|Mixed Platforms.Build.0 = PhUnitTest|Any CPU
		{7BC5A180-21C5-4A4A-A131-6BDF65D4287A}.PhUnitTest|Win32.ActiveCfg = PhUnitTest|Any CPU
		{7BC5A180-21C5-4A4A-A131-6BDF65D4287A}.PhUnitTest|x86.ActiveCfg = PhUnitTest|Any CPU
		{7BC5A180-21C5-4A4A-A131-6BDF65D4287A}.Release|Any CPU.ActiveCfg = Release|Any CPU
		{7BC5A180-21C5-4A4A-A131-6BDF65D4287A}.Release|Any CPU.Build.0 = Release|Any CPU
		{7BC5A180-21C5-4A4A-A131-6BDF65D4287A}.Release|Mixed Platforms.ActiveCfg = Release|Any CPU
		{7BC5A180-21C5-4A4A-A131-6BDF65D4287A}.Release|Mixed Platforms.Build.0 = Release|Any CPU
		{7BC5A180-21C5-4A4A-A131-6BDF65D4287A}.Release|Win32.ActiveCfg = Release|Any CPU
		{7BC5A180-21C5-4A4A-A131-6BDF65D4287A}.Release|x86.ActiveCfg = Release|Any CPU
		{7BC5A180-21C5-4A4A-A131-6BDF65D4287A}.SingleImage|Any CPU.ActiveCfg = Release|Any CPU
		{7BC5A180-21C5-4A4A-A131-6BDF65D4287A}.SingleImage|Any CPU.Build.0 = Release|Any CPU
		{7BC5A180-21C5-4A4A-A131-6BDF65D4287A}.SingleImage|Mixed Platforms.ActiveCfg = Release|Any CPU
		{7BC5A180-21C5-4A4A-A131-6BDF65D4287A}.SingleImage|Mixed Platforms.Build.0 = Release|Any CPU
		{7BC5A180-21C5-4A4A-A131-6BDF65D4287A}.SingleImage|Win32.ActiveCfg = Release|Any CPU
		{7BC5A180-21C5-4A4A-A131-6BDF65D4287A}.SingleImage|x86.ActiveCfg = Release|Any CPU
		{822F500D-ADB8-4BB1-8A1C-E9FEAFF369B0}.CD_ROM|Any CPU.ActiveCfg = Release|Any CPU
		{822F500D-ADB8-4BB1-8A1C-E9FEAFF369B0}.CD_ROM|Any CPU.Build.0 = Release|Any CPU
		{822F500D-ADB8-4BB1-8A1C-E9FEAFF369B0}.CD_ROM|Mixed Platforms.ActiveCfg = Release|Any CPU
		{822F500D-ADB8-4BB1-8A1C-E9FEAFF369B0}.CD_ROM|Mixed Platforms.Build.0 = Release|Any CPU
		{822F500D-ADB8-4BB1-8A1C-E9FEAFF369B0}.CD_ROM|Win32.ActiveCfg = Release|Any CPU
		{822F500D-ADB8-4BB1-8A1C-E9FEAFF369B0}.CD_ROM|x86.ActiveCfg = Release|Any CPU
		{822F500D-ADB8-4BB1-8A1C-E9FEAFF369B0}.Debug|Any CPU.ActiveCfg = Debug|Any CPU
		{822F500D-ADB8-4BB1-8A1C-E9FEAFF369B0}.Debug|Any CPU.Build.0 = Debug|Any CPU
		{822F500D-ADB8-4BB1-8A1C-E9FEAFF369B0}.Debug|Mixed Platforms.ActiveCfg = Debug|Any CPU
		{822F500D-ADB8-4BB1-8A1C-E9FEAFF369B0}.Debug|Mixed Platforms.Build.0 = Debug|Any CPU
		{822F500D-ADB8-4BB1-8A1C-E9FEAFF369B0}.Debug|Win32.ActiveCfg = Debug|Any CPU
		{822F500D-ADB8-4BB1-8A1C-E9FEAFF369B0}.Debug|x86.ActiveCfg = Debug|Any CPU
		{822F500D-ADB8-4BB1-8A1C-E9FEAFF369B0}.DVD-5|Any CPU.ActiveCfg = Debug|Any CPU
		{822F500D-ADB8-4BB1-8A1C-E9FEAFF369B0}.DVD-5|Any CPU.Build.0 = Debug|Any CPU
		{822F500D-ADB8-4BB1-8A1C-E9FEAFF369B0}.DVD-5|Mixed Platforms.ActiveCfg = Debug|Any CPU
		{822F500D-ADB8-4BB1-8A1C-E9FEAFF369B0}.DVD-5|Mixed Platforms.Build.0 = Debug|Any CPU
		{822F500D-ADB8-4BB1-8A1C-E9FEAFF369B0}.DVD-5|Win32.ActiveCfg = Debug|Any CPU
		{822F500D-ADB8-4BB1-8A1C-E9FEAFF369B0}.DVD-5|x86.ActiveCfg = Debug|Any CPU
		{822F500D-ADB8-4BB1-8A1C-E9FEAFF369B0}.PhRelease|Any CPU.ActiveCfg = PhRelease|Any CPU
		{822F500D-ADB8-4BB1-8A1C-E9FEAFF369B0}.PhRelease|Any CPU.Build.0 = PhRelease|Any CPU
		{822F500D-ADB8-4BB1-8A1C-E9FEAFF369B0}.PhRelease|Mixed Platforms.ActiveCfg = PhRelease|Any CPU
		{822F500D-ADB8-4BB1-8A1C-E9FEAFF369B0}.PhRelease|Mixed Platforms.Build.0 = PhRelease|Any CPU
		{822F500D-ADB8-4BB1-8A1C-E9FEAFF369B0}.PhRelease|Win32.ActiveCfg = PhRelease|Any CPU
		{822F500D-ADB8-4BB1-8A1C-E9FEAFF369B0}.PhRelease|x86.ActiveCfg = PhRelease|Any CPU
		{822F500D-ADB8-4BB1-8A1C-E9FEAFF369B0}.PhUnitTest|Any CPU.ActiveCfg = PhUnitTest|Any CPU
		{822F500D-ADB8-4BB1-8A1C-E9FEAFF369B0}.PhUnitTest|Any CPU.Build.0 = PhUnitTest|Any CPU
		{822F500D-ADB8-4BB1-8A1C-E9FEAFF369B0}.PhUnitTest|Mixed Platforms.ActiveCfg = PhUnitTest|Any CPU
		{822F500D-ADB8-4BB1-8A1C-E9FEAFF369B0}.PhUnitTest|Mixed Platforms.Build.0 = PhUnitTest|Any CPU
		{822F500D-ADB8-4BB1-8A1C-E9FEAFF369B0}.PhUnitTest|Win32.ActiveCfg = PhUnitTest|Any CPU
		{822F500D-ADB8-4BB1-8A1C-E9FEAFF369B0}.PhUnitTest|x86.ActiveCfg = PhUnitTest|Any CPU
		{822F500D-ADB8-4BB1-8A1C-E9FEAFF369B0}.Release|Any CPU.ActiveCfg = Release|Any CPU
		{822F500D-ADB8-4BB1-8A1C-E9FEAFF369B0}.Release|Any CPU.Build.0 = Release|Any CPU
		{822F500D-ADB8-4BB1-8A1C-E9FEAFF369B0}.Release|Mixed Platforms.ActiveCfg = Release|Any CPU
		{822F500D-ADB8-4BB1-8A1C-E9FEAFF369B0}.Release|Mixed Platforms.Build.0 = Release|Any CPU
		{822F500D-ADB8-4BB1-8A1C-E9FEAFF369B0}.Release|Win32.ActiveCfg = Release|Any CPU
		{822F500D-ADB8-4BB1-8A1C-E9FEAFF369B0}.Release|x86.ActiveCfg = Release|Any CPU
		{822F500D-ADB8-4BB1-8A1C-E9FEAFF369B0}.SingleImage|Any CPU.ActiveCfg = Release|Any CPU
		{822F500D-ADB8-4BB1-8A1C-E9FEAFF369B0}.SingleImage|Any CPU.Build.0 = Release|Any CPU
		{822F500D-ADB8-4BB1-8A1C-E9FEAFF369B0}.SingleImage|Mixed Platforms.ActiveCfg = Release|Any CPU
		{822F500D-ADB8-4BB1-8A1C-E9FEAFF369B0}.SingleImage|Mixed Platforms.Build.0 = Release|Any CPU
		{822F500D-ADB8-4BB1-8A1C-E9FEAFF369B0}.SingleImage|Win32.ActiveCfg = Release|Any CPU
		{822F500D-ADB8-4BB1-8A1C-E9FEAFF369B0}.SingleImage|x86.ActiveCfg = Release|Any CPU
		{5FFD63A2-33A6-4445-9371-04F72938BCCB}.CD_ROM|Any CPU.ActiveCfg = Release|Any CPU
		{5FFD63A2-33A6-4445-9371-04F72938BCCB}.CD_ROM|Any CPU.Build.0 = Release|Any CPU
		{5FFD63A2-33A6-4445-9371-04F72938BCCB}.CD_ROM|Mixed Platforms.ActiveCfg = Release|Any CPU
		{5FFD63A2-33A6-4445-9371-04F72938BCCB}.CD_ROM|Mixed Platforms.Build.0 = Release|Any CPU
		{5FFD63A2-33A6-4445-9371-04F72938BCCB}.CD_ROM|Win32.ActiveCfg = Release|Any CPU
		{5FFD63A2-33A6-4445-9371-04F72938BCCB}.CD_ROM|x86.ActiveCfg = Release|Any CPU
		{5FFD63A2-33A6-4445-9371-04F72938BCCB}.Debug|Any CPU.ActiveCfg = Debug|Any CPU
		{5FFD63A2-33A6-4445-9371-04F72938BCCB}.Debug|Any CPU.Build.0 = Debug|Any CPU
		{5FFD63A2-33A6-4445-9371-04F72938BCCB}.Debug|Mixed Platforms.ActiveCfg = Debug|Any CPU
		{5FFD63A2-33A6-4445-9371-04F72938BCCB}.Debug|Mixed Platforms.Build.0 = Debug|Any CPU
		{5FFD63A2-33A6-4445-9371-04F72938BCCB}.Debug|Win32.ActiveCfg = Debug|Any CPU
		{5FFD63A2-33A6-4445-9371-04F72938BCCB}.Debug|x86.ActiveCfg = Debug|Any CPU
		{5FFD63A2-33A6-4445-9371-04F72938BCCB}.DVD-5|Any CPU.ActiveCfg = Debug|Any CPU
		{5FFD63A2-33A6-4445-9371-04F72938BCCB}.DVD-5|Any CPU.Build.0 = Debug|Any CPU
		{5FFD63A2-33A6-4445-9371-04F72938BCCB}.DVD-5|Mixed Platforms.ActiveCfg = Debug|Any CPU
		{5FFD63A2-33A6-4445-9371-04F72938BCCB}.DVD-5|Mixed Platforms.Build.0 = Debug|Any CPU
		{5FFD63A2-33A6-4445-9371-04F72938BCCB}.DVD-5|Win32.ActiveCfg = Debug|Any CPU
		{5FFD63A2-33A6-4445-9371-04F72938BCCB}.DVD-5|x86.ActiveCfg = Debug|Any CPU
		{5FFD63A2-33A6-4445-9371-04F72938BCCB}.PhRelease|Any CPU.ActiveCfg = PhRelease|Any CPU
		{5FFD63A2-33A6-4445-9371-04F72938BCCB}.PhRelease|Any CPU.Build.0 = PhRelease|Any CPU
		{5FFD63A2-33A6-4445-9371-04F72938BCCB}.PhRelease|Mixed Platforms.ActiveCfg = PhRelease|Any CPU
		{5FFD63A2-33A6-4445-9371-04F72938BCCB}.PhRelease|Win32.ActiveCfg = PhRelease|Any CPU
		{5FFD63A2-33A6-4445-9371-04F72938BCCB}.PhRelease|x86.ActiveCfg = PhRelease|Any CPU
		{5FFD63A2-33A6-4445-9371-04F72938BCCB}.PhUnitTest|Any CPU.ActiveCfg = PhUnitTest|Any CPU
		{5FFD63A2-33A6-4445-9371-04F72938BCCB}.PhUnitTest|Mixed Platforms.ActiveCfg = PhUnitTest|Any CPU
		{5FFD63A2-33A6-4445-9371-04F72938BCCB}.PhUnitTest|Win32.ActiveCfg = PhUnitTest|Any CPU
		{5FFD63A2-33A6-4445-9371-04F72938BCCB}.PhUnitTest|x86.ActiveCfg = PhUnitTest|Any CPU
		{5FFD63A2-33A6-4445-9371-04F72938BCCB}.Release|Any CPU.ActiveCfg = Release|Any CPU
		{5FFD63A2-33A6-4445-9371-04F72938BCCB}.Release|Any CPU.Build.0 = Release|Any CPU
		{5FFD63A2-33A6-4445-9371-04F72938BCCB}.Release|Mixed Platforms.ActiveCfg = Release|Any CPU
		{5FFD63A2-33A6-4445-9371-04F72938BCCB}.Release|Mixed Platforms.Build.0 = Release|Any CPU
		{5FFD63A2-33A6-4445-9371-04F72938BCCB}.Release|Win32.ActiveCfg = Release|Any CPU
		{5FFD63A2-33A6-4445-9371-04F72938BCCB}.Release|x86.ActiveCfg = Release|Any CPU
		{5FFD63A2-33A6-4445-9371-04F72938BCCB}.SingleImage|Any CPU.ActiveCfg = Release|Any CPU
		{5FFD63A2-33A6-4445-9371-04F72938BCCB}.SingleImage|Any CPU.Build.0 = Release|Any CPU
		{5FFD63A2-33A6-4445-9371-04F72938BCCB}.SingleImage|Mixed Platforms.ActiveCfg = Release|Any CPU
		{5FFD63A2-33A6-4445-9371-04F72938BCCB}.SingleImage|Mixed Platforms.Build.0 = Release|Any CPU
		{5FFD63A2-33A6-4445-9371-04F72938BCCB}.SingleImage|Win32.ActiveCfg = Release|Any CPU
		{5FFD63A2-33A6-4445-9371-04F72938BCCB}.SingleImage|x86.ActiveCfg = Release|Any CPU
		{54E3301A-22DB-4097-92D9-EB03646B6E47}.CD_ROM|Any CPU.ActiveCfg = Release|Any CPU
		{54E3301A-22DB-4097-92D9-EB03646B6E47}.CD_ROM|Any CPU.Build.0 = Release|Any CPU
		{54E3301A-22DB-4097-92D9-EB03646B6E47}.CD_ROM|Mixed Platforms.ActiveCfg = Release|Any CPU
		{54E3301A-22DB-4097-92D9-EB03646B6E47}.CD_ROM|Mixed Platforms.Build.0 = Release|Any CPU
		{54E3301A-22DB-4097-92D9-EB03646B6E47}.CD_ROM|Win32.ActiveCfg = Release|Any CPU
		{54E3301A-22DB-4097-92D9-EB03646B6E47}.CD_ROM|x86.ActiveCfg = Release|Any CPU
		{54E3301A-22DB-4097-92D9-EB03646B6E47}.Debug|Any CPU.ActiveCfg = Debug|Any CPU
		{54E3301A-22DB-4097-92D9-EB03646B6E47}.Debug|Any CPU.Build.0 = Debug|Any CPU
		{54E3301A-22DB-4097-92D9-EB03646B6E47}.Debug|Mixed Platforms.ActiveCfg = Debug|Any CPU
		{54E3301A-22DB-4097-92D9-EB03646B6E47}.Debug|Mixed Platforms.Build.0 = Debug|Any CPU
		{54E3301A-22DB-4097-92D9-EB03646B6E47}.Debug|Win32.ActiveCfg = Debug|Any CPU
		{54E3301A-22DB-4097-92D9-EB03646B6E47}.Debug|x86.ActiveCfg = Debug|Any CPU
		{54E3301A-22DB-4097-92D9-EB03646B6E47}.DVD-5|Any CPU.ActiveCfg = Debug|Any CPU
		{54E3301A-22DB-4097-92D9-EB03646B6E47}.DVD-5|Any CPU.Build.0 = Debug|Any CPU
		{54E3301A-22DB-4097-92D9-EB03646B6E47}.DVD-5|Mixed Platforms.ActiveCfg = Debug|Any CPU
		{54E3301A-22DB-4097-92D9-EB03646B6E47}.DVD-5|Mixed Platforms.Build.0 = Debug|Any CPU
		{54E3301A-22DB-4097-92D9-EB03646B6E47}.DVD-5|Win32.ActiveCfg = Debug|Any CPU
		{54E3301A-22DB-4097-92D9-EB03646B6E47}.DVD-5|x86.ActiveCfg = Debug|Any CPU
		{54E3301A-22DB-4097-92D9-EB03646B6E47}.PhRelease|Any CPU.ActiveCfg = PhRelease|Any CPU
		{54E3301A-22DB-4097-92D9-EB03646B6E47}.PhRelease|Any CPU.Build.0 = PhRelease|Any CPU
		{54E3301A-22DB-4097-92D9-EB03646B6E47}.PhRelease|Mixed Platforms.ActiveCfg = PhRelease|Any CPU
		{54E3301A-22DB-4097-92D9-EB03646B6E47}.PhRelease|Mixed Platforms.Build.0 = PhRelease|Any CPU
		{54E3301A-22DB-4097-92D9-EB03646B6E47}.PhRelease|Win32.ActiveCfg = PhRelease|Any CPU
		{54E3301A-22DB-4097-92D9-EB03646B6E47}.PhRelease|x86.ActiveCfg = PhRelease|Any CPU
		{54E3301A-22DB-4097-92D9-EB03646B6E47}.PhUnitTest|Any CPU.ActiveCfg = PhUnitTest|Any CPU
		{54E3301A-22DB-4097-92D9-EB03646B6E47}.PhUnitTest|Any CPU.Build.0 = PhUnitTest|Any CPU
		{54E3301A-22DB-4097-92D9-EB03646B6E47}.PhUnitTest|Mixed Platforms.ActiveCfg = PhUnitTest|Any CPU
		{54E3301A-22DB-4097-92D9-EB03646B6E47}.PhUnitTest|Mixed Platforms.Build.0 = PhUnitTest|Any CPU
		{54E3301A-22DB-4097-92D9-EB03646B6E47}.PhUnitTest|Win32.ActiveCfg = PhUnitTest|Any CPU
		{54E3301A-22DB-4097-92D9-EB03646B6E47}.PhUnitTest|x86.ActiveCfg = PhUnitTest|Any CPU
		{54E3301A-22DB-4097-92D9-EB03646B6E47}.Release|Any CPU.ActiveCfg = Release|Any CPU
		{54E3301A-22DB-4097-92D9-EB03646B6E47}.Release|Any CPU.Build.0 = Release|Any CPU
		{54E3301A-22DB-4097-92D9-EB03646B6E47}.Release|Mixed Platforms.ActiveCfg = Release|Any CPU
		{54E3301A-22DB-4097-92D9-EB03646B6E47}.Release|Mixed Platforms.Build.0 = Release|Any CPU
		{54E3301A-22DB-4097-92D9-EB03646B6E47}.Release|Win32.ActiveCfg = Release|Any CPU
		{54E3301A-22DB-4097-92D9-EB03646B6E47}.Release|x86.ActiveCfg = Release|Any CPU
		{54E3301A-22DB-4097-92D9-EB03646B6E47}.SingleImage|Any CPU.ActiveCfg = Release|Any CPU
		{54E3301A-22DB-4097-92D9-EB03646B6E47}.SingleImage|Any CPU.Build.0 = Release|Any CPU
		{54E3301A-22DB-4097-92D9-EB03646B6E47}.SingleImage|Mixed Platforms.ActiveCfg = Release|Any CPU
		{54E3301A-22DB-4097-92D9-EB03646B6E47}.SingleImage|Mixed Platforms.Build.0 = Release|Any CPU
		{54E3301A-22DB-4097-92D9-EB03646B6E47}.SingleImage|Win32.ActiveCfg = Release|Any CPU
		{54E3301A-22DB-4097-92D9-EB03646B6E47}.SingleImage|x86.ActiveCfg = Release|Any CPU
		{47E41CF6-13A4-4E38-B318-A86586FEF0FD}.CD_ROM|Any CPU.ActiveCfg = Release|Any CPU
		{47E41CF6-13A4-4E38-B318-A86586FEF0FD}.CD_ROM|Any CPU.Build.0 = Release|Any CPU
		{47E41CF6-13A4-4E38-B318-A86586FEF0FD}.CD_ROM|Mixed Platforms.ActiveCfg = Release|Any CPU
		{47E41CF6-13A4-4E38-B318-A86586FEF0FD}.CD_ROM|Mixed Platforms.Build.0 = Release|Any CPU
		{47E41CF6-13A4-4E38-B318-A86586FEF0FD}.CD_ROM|Win32.ActiveCfg = Release|Any CPU
		{47E41CF6-13A4-4E38-B318-A86586FEF0FD}.CD_ROM|x86.ActiveCfg = Release|Any CPU
		{47E41CF6-13A4-4E38-B318-A86586FEF0FD}.Debug|Any CPU.ActiveCfg = Debug|Any CPU
		{47E41CF6-13A4-4E38-B318-A86586FEF0FD}.Debug|Any CPU.Build.0 = Debug|Any CPU
		{47E41CF6-13A4-4E38-B318-A86586FEF0FD}.Debug|Mixed Platforms.ActiveCfg = Debug|Any CPU
		{47E41CF6-13A4-4E38-B318-A86586FEF0FD}.Debug|Win32.ActiveCfg = Debug|Any CPU
		{47E41CF6-13A4-4E38-B318-A86586FEF0FD}.Debug|x86.ActiveCfg = Debug|Any CPU
		{47E41CF6-13A4-4E38-B318-A86586FEF0FD}.DVD-5|Any CPU.ActiveCfg = Debug|Any CPU
		{47E41CF6-13A4-4E38-B318-A86586FEF0FD}.DVD-5|Any CPU.Build.0 = Debug|Any CPU
		{47E41CF6-13A4-4E38-B318-A86586FEF0FD}.DVD-5|Mixed Platforms.ActiveCfg = Debug|Any CPU
		{47E41CF6-13A4-4E38-B318-A86586FEF0FD}.DVD-5|Mixed Platforms.Build.0 = Debug|Any CPU
		{47E41CF6-13A4-4E38-B318-A86586FEF0FD}.DVD-5|Win32.ActiveCfg = Debug|Any CPU
		{47E41CF6-13A4-4E38-B318-A86586FEF0FD}.DVD-5|x86.ActiveCfg = Debug|Any CPU
		{47E41CF6-13A4-4E38-B318-A86586FEF0FD}.PhRelease|Any CPU.ActiveCfg = PhRelease|Any CPU
		{47E41CF6-13A4-4E38-B318-A86586FEF0FD}.PhRelease|Any CPU.Build.0 = PhRelease|Any CPU
		{47E41CF6-13A4-4E38-B318-A86586FEF0FD}.PhRelease|Mixed Platforms.ActiveCfg = PhRelease|Any CPU
		{47E41CF6-13A4-4E38-B318-A86586FEF0FD}.PhRelease|Win32.ActiveCfg = PhRelease|Any CPU
		{47E41CF6-13A4-4E38-B318-A86586FEF0FD}.PhRelease|x86.ActiveCfg = PhRelease|Any CPU
		{47E41CF6-13A4-4E38-B318-A86586FEF0FD}.PhUnitTest|Any CPU.ActiveCfg = PhUnitTest|Any CPU
		{47E41CF6-13A4-4E38-B318-A86586FEF0FD}.PhUnitTest|Mixed Platforms.ActiveCfg = PhUnitTest|Any CPU
		{47E41CF6-13A4-4E38-B318-A86586FEF0FD}.PhUnitTest|Win32.ActiveCfg = PhUnitTest|Any CPU
		{47E41CF6-13A4-4E38-B318-A86586FEF0FD}.PhUnitTest|x86.ActiveCfg = PhUnitTest|Any CPU
		{47E41CF6-13A4-4E38-B318-A86586FEF0FD}.Release|Any CPU.ActiveCfg = Release|Any CPU
		{47E41CF6-13A4-4E38-B318-A86586FEF0FD}.Release|Any CPU.Build.0 = Release|Any CPU
		{47E41CF6-13A4-4E38-B318-A86586FEF0FD}.Release|Mixed Platforms.ActiveCfg = Release|Any CPU
		{47E41CF6-13A4-4E38-B318-A86586FEF0FD}.Release|Mixed Platforms.Build.0 = Release|Any CPU
		{47E41CF6-13A4-4E38-B318-A86586FEF0FD}.Release|Win32.ActiveCfg = Release|Any CPU
		{47E41CF6-13A4-4E38-B318-A86586FEF0FD}.Release|x86.ActiveCfg = Release|Any CPU
		{47E41CF6-13A4-4E38-B318-A86586FEF0FD}.SingleImage|Any CPU.ActiveCfg = Release|Any CPU
		{47E41CF6-13A4-4E38-B318-A86586FEF0FD}.SingleImage|Any CPU.Build.0 = Release|Any CPU
		{47E41CF6-13A4-4E38-B318-A86586FEF0FD}.SingleImage|Mixed Platforms.ActiveCfg = Release|Any CPU
		{47E41CF6-13A4-4E38-B318-A86586FEF0FD}.SingleImage|Mixed Platforms.Build.0 = Release|Any CPU
		{47E41CF6-13A4-4E38-B318-A86586FEF0FD}.SingleImage|Win32.ActiveCfg = Release|Any CPU
		{47E41CF6-13A4-4E38-B318-A86586FEF0FD}.SingleImage|x86.ActiveCfg = Release|Any CPU
		{B7343B9B-E6A1-43D2-A70C-B7A2BE23C0F1}.CD_ROM|Any CPU.ActiveCfg = Release|x86
		{B7343B9B-E6A1-43D2-A70C-B7A2BE23C0F1}.CD_ROM|Mixed Platforms.ActiveCfg = Release|x86
		{B7343B9B-E6A1-43D2-A70C-B7A2BE23C0F1}.CD_ROM|Mixed Platforms.Build.0 = Release|x86
		{B7343B9B-E6A1-43D2-A70C-B7A2BE23C0F1}.CD_ROM|Win32.ActiveCfg = Release|x86
		{B7343B9B-E6A1-43D2-A70C-B7A2BE23C0F1}.CD_ROM|Win32.Build.0 = Release|x86
		{B7343B9B-E6A1-43D2-A70C-B7A2BE23C0F1}.CD_ROM|x86.ActiveCfg = Release|x86
		{B7343B9B-E6A1-43D2-A70C-B7A2BE23C0F1}.CD_ROM|x86.Build.0 = Release|x86
		{B7343B9B-E6A1-43D2-A70C-B7A2BE23C0F1}.Debug|Any CPU.ActiveCfg = Debug|x86
		{B7343B9B-E6A1-43D2-A70C-B7A2BE23C0F1}.Debug|Mixed Platforms.ActiveCfg = Debug|x86
		{B7343B9B-E6A1-43D2-A70C-B7A2BE23C0F1}.Debug|Win32.ActiveCfg = Debug|x86
		{B7343B9B-E6A1-43D2-A70C-B7A2BE23C0F1}.Debug|Win32.Build.0 = Debug|x86
		{B7343B9B-E6A1-43D2-A70C-B7A2BE23C0F1}.Debug|x86.ActiveCfg = Debug|x86
		{B7343B9B-E6A1-43D2-A70C-B7A2BE23C0F1}.Debug|x86.Build.0 = Debug|x86
		{B7343B9B-E6A1-43D2-A70C-B7A2BE23C0F1}.DVD-5|Any CPU.ActiveCfg = Debug|x86
		{B7343B9B-E6A1-43D2-A70C-B7A2BE23C0F1}.DVD-5|Mixed Platforms.ActiveCfg = Debug|x86
		{B7343B9B-E6A1-43D2-A70C-B7A2BE23C0F1}.DVD-5|Mixed Platforms.Build.0 = Debug|x86
		{B7343B9B-E6A1-43D2-A70C-B7A2BE23C0F1}.DVD-5|Win32.ActiveCfg = Debug|x86
		{B7343B9B-E6A1-43D2-A70C-B7A2BE23C0F1}.DVD-5|Win32.Build.0 = Debug|x86
		{B7343B9B-E6A1-43D2-A70C-B7A2BE23C0F1}.DVD-5|x86.ActiveCfg = Debug|x86
		{B7343B9B-E6A1-43D2-A70C-B7A2BE23C0F1}.DVD-5|x86.Build.0 = Debug|x86
		{B7343B9B-E6A1-43D2-A70C-B7A2BE23C0F1}.PhRelease|Any CPU.ActiveCfg = Release|x86
		{B7343B9B-E6A1-43D2-A70C-B7A2BE23C0F1}.PhRelease|Mixed Platforms.ActiveCfg = Release|x86
		{B7343B9B-E6A1-43D2-A70C-B7A2BE23C0F1}.PhRelease|Win32.ActiveCfg = Release|x86
		{B7343B9B-E6A1-43D2-A70C-B7A2BE23C0F1}.PhRelease|Win32.Build.0 = Release|x86
		{B7343B9B-E6A1-43D2-A70C-B7A2BE23C0F1}.PhRelease|x86.ActiveCfg = Release|x86
		{B7343B9B-E6A1-43D2-A70C-B7A2BE23C0F1}.PhRelease|x86.Build.0 = Release|x86
		{B7343B9B-E6A1-43D2-A70C-B7A2BE23C0F1}.PhUnitTest|Any CPU.ActiveCfg = Debug|x86
		{B7343B9B-E6A1-43D2-A70C-B7A2BE23C0F1}.PhUnitTest|Mixed Platforms.ActiveCfg = Debug|x86
		{B7343B9B-E6A1-43D2-A70C-B7A2BE23C0F1}.PhUnitTest|Win32.ActiveCfg = Debug|x86
		{B7343B9B-E6A1-43D2-A70C-B7A2BE23C0F1}.PhUnitTest|Win32.Build.0 = Debug|x86
		{B7343B9B-E6A1-43D2-A70C-B7A2BE23C0F1}.PhUnitTest|x86.ActiveCfg = Debug|x86
		{B7343B9B-E6A1-43D2-A70C-B7A2BE23C0F1}.PhUnitTest|x86.Build.0 = Debug|x86
		{B7343B9B-E6A1-43D2-A70C-B7A2BE23C0F1}.Release|Any CPU.ActiveCfg = Release|x86
		{B7343B9B-E6A1-43D2-A70C-B7A2BE23C0F1}.Release|Mixed Platforms.ActiveCfg = Release|x86
		{B7343B9B-E6A1-43D2-A70C-B7A2BE23C0F1}.Release|Win32.ActiveCfg = Release|x86
		{B7343B9B-E6A1-43D2-A70C-B7A2BE23C0F1}.Release|Win32.Build.0 = Release|x86
		{B7343B9B-E6A1-43D2-A70C-B7A2BE23C0F1}.Release|x86.ActiveCfg = Release|x86
		{B7343B9B-E6A1-43D2-A70C-B7A2BE23C0F1}.Release|x86.Build.0 = Release|x86
		{B7343B9B-E6A1-43D2-A70C-B7A2BE23C0F1}.SingleImage|Any CPU.ActiveCfg = Release|x86
		{B7343B9B-E6A1-43D2-A70C-B7A2BE23C0F1}.SingleImage|Mixed Platforms.ActiveCfg = Release|x86
		{B7343B9B-E6A1-43D2-A70C-B7A2BE23C0F1}.SingleImage|Mixed Platforms.Build.0 = Release|x86
		{B7343B9B-E6A1-43D2-A70C-B7A2BE23C0F1}.SingleImage|Win32.ActiveCfg = Release|x86
		{B7343B9B-E6A1-43D2-A70C-B7A2BE23C0F1}.SingleImage|Win32.Build.0 = Release|x86
		{B7343B9B-E6A1-43D2-A70C-B7A2BE23C0F1}.SingleImage|x86.ActiveCfg = Release|x86
		{B7343B9B-E6A1-43D2-A70C-B7A2BE23C0F1}.SingleImage|x86.Build.0 = Release|x86
		{FA844426-A8E2-4BD0-A48D-7D129C2D5CFB}.CD_ROM|Any CPU.ActiveCfg = Release|Any CPU
		{FA844426-A8E2-4BD0-A48D-7D129C2D5CFB}.CD_ROM|Any CPU.Build.0 = Release|Any CPU
		{FA844426-A8E2-4BD0-A48D-7D129C2D5CFB}.CD_ROM|Mixed Platforms.ActiveCfg = Release|Any CPU
		{FA844426-A8E2-4BD0-A48D-7D129C2D5CFB}.CD_ROM|Mixed Platforms.Build.0 = Release|Any CPU
		{FA844426-A8E2-4BD0-A48D-7D129C2D5CFB}.CD_ROM|Win32.ActiveCfg = Release|Any CPU
		{FA844426-A8E2-4BD0-A48D-7D129C2D5CFB}.CD_ROM|x86.ActiveCfg = Release|Any CPU
		{FA844426-A8E2-4BD0-A48D-7D129C2D5CFB}.Debug|Any CPU.ActiveCfg = Debug|Any CPU
		{FA844426-A8E2-4BD0-A48D-7D129C2D5CFB}.Debug|Any CPU.Build.0 = Debug|Any CPU
		{FA844426-A8E2-4BD0-A48D-7D129C2D5CFB}.Debug|Mixed Platforms.ActiveCfg = Debug|Any CPU
		{FA844426-A8E2-4BD0-A48D-7D129C2D5CFB}.Debug|Mixed Platforms.Build.0 = Debug|Any CPU
		{FA844426-A8E2-4BD0-A48D-7D129C2D5CFB}.Debug|Win32.ActiveCfg = Debug|Any CPU
		{FA844426-A8E2-4BD0-A48D-7D129C2D5CFB}.Debug|x86.ActiveCfg = Debug|Any CPU
		{FA844426-A8E2-4BD0-A48D-7D129C2D5CFB}.DVD-5|Any CPU.ActiveCfg = Debug|Any CPU
		{FA844426-A8E2-4BD0-A48D-7D129C2D5CFB}.DVD-5|Any CPU.Build.0 = Debug|Any CPU
		{FA844426-A8E2-4BD0-A48D-7D129C2D5CFB}.DVD-5|Mixed Platforms.ActiveCfg = Debug|Any CPU
		{FA844426-A8E2-4BD0-A48D-7D129C2D5CFB}.DVD-5|Mixed Platforms.Build.0 = Debug|Any CPU
		{FA844426-A8E2-4BD0-A48D-7D129C2D5CFB}.DVD-5|Win32.ActiveCfg = Debug|Any CPU
		{FA844426-A8E2-4BD0-A48D-7D129C2D5CFB}.DVD-5|x86.ActiveCfg = Debug|Any CPU
		{FA844426-A8E2-4BD0-A48D-7D129C2D5CFB}.PhRelease|Any CPU.ActiveCfg = PhRelease|Any CPU
		{FA844426-A8E2-4BD0-A48D-7D129C2D5CFB}.PhRelease|Any CPU.Build.0 = PhRelease|Any CPU
		{FA844426-A8E2-4BD0-A48D-7D129C2D5CFB}.PhRelease|Mixed Platforms.ActiveCfg = PhRelease|Any CPU
		{FA844426-A8E2-4BD0-A48D-7D129C2D5CFB}.PhRelease|Win32.ActiveCfg = PhRelease|Any CPU
		{FA844426-A8E2-4BD0-A48D-7D129C2D5CFB}.PhRelease|x86.ActiveCfg = PhRelease|Any CPU
		{FA844426-A8E2-4BD0-A48D-7D129C2D5CFB}.PhUnitTest|Any CPU.ActiveCfg = PhUnitTest|Any CPU
		{FA844426-A8E2-4BD0-A48D-7D129C2D5CFB}.PhUnitTest|Mixed Platforms.ActiveCfg = PhUnitTest|Any CPU
		{FA844426-A8E2-4BD0-A48D-7D129C2D5CFB}.PhUnitTest|Win32.ActiveCfg = PhUnitTest|Any CPU
		{FA844426-A8E2-4BD0-A48D-7D129C2D5CFB}.PhUnitTest|x86.ActiveCfg = PhUnitTest|Any CPU
		{FA844426-A8E2-4BD0-A48D-7D129C2D5CFB}.Release|Any CPU.ActiveCfg = Release|Any CPU
		{FA844426-A8E2-4BD0-A48D-7D129C2D5CFB}.Release|Any CPU.Build.0 = Release|Any CPU
		{FA844426-A8E2-4BD0-A48D-7D129C2D5CFB}.Release|Mixed Platforms.ActiveCfg = Release|Any CPU
		{FA844426-A8E2-4BD0-A48D-7D129C2D5CFB}.Release|Mixed Platforms.Build.0 = Release|Any CPU
		{FA844426-A8E2-4BD0-A48D-7D129C2D5CFB}.Release|Win32.ActiveCfg = Release|Any CPU
		{FA844426-A8E2-4BD0-A48D-7D129C2D5CFB}.Release|x86.ActiveCfg = Release|Any CPU
		{FA844426-A8E2-4BD0-A48D-7D129C2D5CFB}.SingleImage|Any CPU.ActiveCfg = Release|Any CPU
		{FA844426-A8E2-4BD0-A48D-7D129C2D5CFB}.SingleImage|Any CPU.Build.0 = Release|Any CPU
		{FA844426-A8E2-4BD0-A48D-7D129C2D5CFB}.SingleImage|Mixed Platforms.ActiveCfg = Release|Any CPU
		{FA844426-A8E2-4BD0-A48D-7D129C2D5CFB}.SingleImage|Mixed Platforms.Build.0 = Release|Any CPU
		{FA844426-A8E2-4BD0-A48D-7D129C2D5CFB}.SingleImage|Win32.ActiveCfg = Release|Any CPU
		{FA844426-A8E2-4BD0-A48D-7D129C2D5CFB}.SingleImage|x86.ActiveCfg = Release|Any CPU
		{1955816F-9E1C-4F2E-ABAE-4C1448F4C894}.CD_ROM|Any CPU.ActiveCfg = Release|Any CPU
		{1955816F-9E1C-4F2E-ABAE-4C1448F4C894}.CD_ROM|Any CPU.Build.0 = Release|Any CPU
		{1955816F-9E1C-4F2E-ABAE-4C1448F4C894}.CD_ROM|Mixed Platforms.ActiveCfg = Release|Any CPU
		{1955816F-9E1C-4F2E-ABAE-4C1448F4C894}.CD_ROM|Mixed Platforms.Build.0 = Release|Any CPU
		{1955816F-9E1C-4F2E-ABAE-4C1448F4C894}.CD_ROM|Win32.ActiveCfg = Release|Any CPU
		{1955816F-9E1C-4F2E-ABAE-4C1448F4C894}.CD_ROM|x86.ActiveCfg = Release|Any CPU
		{1955816F-9E1C-4F2E-ABAE-4C1448F4C894}.Debug|Any CPU.ActiveCfg = Debug|Any CPU
		{1955816F-9E1C-4F2E-ABAE-4C1448F4C894}.Debug|Any CPU.Build.0 = Debug|Any CPU
		{1955816F-9E1C-4F2E-ABAE-4C1448F4C894}.Debug|Mixed Platforms.ActiveCfg = Debug|Any CPU
		{1955816F-9E1C-4F2E-ABAE-4C1448F4C894}.Debug|Win32.ActiveCfg = Debug|Any CPU
		{1955816F-9E1C-4F2E-ABAE-4C1448F4C894}.Debug|x86.ActiveCfg = Debug|Any CPU
		{1955816F-9E1C-4F2E-ABAE-4C1448F4C894}.DVD-5|Any CPU.ActiveCfg = Debug|Any CPU
		{1955816F-9E1C-4F2E-ABAE-4C1448F4C894}.DVD-5|Any CPU.Build.0 = Debug|Any CPU
		{1955816F-9E1C-4F2E-ABAE-4C1448F4C894}.DVD-5|Mixed Platforms.ActiveCfg = Debug|Any CPU
		{1955816F-9E1C-4F2E-ABAE-4C1448F4C894}.DVD-5|Mixed Platforms.Build.0 = Debug|Any CPU
		{1955816F-9E1C-4F2E-ABAE-4C1448F4C894}.DVD-5|Win32.ActiveCfg = Debug|Any CPU
		{1955816F-9E1C-4F2E-ABAE-4C1448F4C894}.DVD-5|x86.ActiveCfg = Debug|Any CPU
		{1955816F-9E1C-4F2E-ABAE-4C1448F4C894}.PhRelease|Any CPU.ActiveCfg = PhRelease|Any CPU
		{1955816F-9E1C-4F2E-ABAE-4C1448F4C894}.PhRelease|Mixed Platforms.ActiveCfg = PhRelease|Any CPU
		{1955816F-9E1C-4F2E-ABAE-4C1448F4C894}.PhRelease|Win32.ActiveCfg = PhRelease|Any CPU
		{1955816F-9E1C-4F2E-ABAE-4C1448F4C894}.PhRelease|x86.ActiveCfg = PhRelease|Any CPU
		{1955816F-9E1C-4F2E-ABAE-4C1448F4C894}.PhUnitTest|Any CPU.ActiveCfg = PhUnitTest|Any CPU
		{1955816F-9E1C-4F2E-ABAE-4C1448F4C894}.PhUnitTest|Mixed Platforms.ActiveCfg = PhUnitTest|Any CPU
		{1955816F-9E1C-4F2E-ABAE-4C1448F4C894}.PhUnitTest|Win32.ActiveCfg = PhUnitTest|Any CPU
		{1955816F-9E1C-4F2E-ABAE-4C1448F4C894}.PhUnitTest|x86.ActiveCfg = PhUnitTest|Any CPU
		{1955816F-9E1C-4F2E-ABAE-4C1448F4C894}.Release|Any CPU.ActiveCfg = Release|Any CPU
		{1955816F-9E1C-4F2E-ABAE-4C1448F4C894}.Release|Any CPU.Build.0 = Release|Any CPU
		{1955816F-9E1C-4F2E-ABAE-4C1448F4C894}.Release|Mixed Platforms.ActiveCfg = Release|Any CPU
		{1955816F-9E1C-4F2E-ABAE-4C1448F4C894}.Release|Win32.ActiveCfg = Release|Any CPU
		{1955816F-9E1C-4F2E-ABAE-4C1448F4C894}.Release|x86.ActiveCfg = Release|Any CPU
		{1955816F-9E1C-4F2E-ABAE-4C1448F4C894}.SingleImage|Any CPU.ActiveCfg = Release|Any CPU
		{1955816F-9E1C-4F2E-ABAE-4C1448F4C894}.SingleImage|Any CPU.Build.0 = Release|Any CPU
		{1955816F-9E1C-4F2E-ABAE-4C1448F4C894}.SingleImage|Mixed Platforms.ActiveCfg = Release|Any CPU
		{1955816F-9E1C-4F2E-ABAE-4C1448F4C894}.SingleImage|Mixed Platforms.Build.0 = Release|Any CPU
		{1955816F-9E1C-4F2E-ABAE-4C1448F4C894}.SingleImage|Win32.ActiveCfg = Release|Any CPU
		{1955816F-9E1C-4F2E-ABAE-4C1448F4C894}.SingleImage|x86.ActiveCfg = Release|Any CPU
		{83350A9D-B360-4AAD-91E3-E77C4E029E56}.CD_ROM|Any CPU.ActiveCfg = Release|x86
		{83350A9D-B360-4AAD-91E3-E77C4E029E56}.CD_ROM|Mixed Platforms.ActiveCfg = Release|x86
		{83350A9D-B360-4AAD-91E3-E77C4E029E56}.CD_ROM|Mixed Platforms.Build.0 = Release|x86
		{83350A9D-B360-4AAD-91E3-E77C4E029E56}.CD_ROM|Win32.ActiveCfg = Release|x86
		{83350A9D-B360-4AAD-91E3-E77C4E029E56}.CD_ROM|Win32.Build.0 = Release|x86
		{83350A9D-B360-4AAD-91E3-E77C4E029E56}.CD_ROM|x86.ActiveCfg = Release|x86
		{83350A9D-B360-4AAD-91E3-E77C4E029E56}.CD_ROM|x86.Build.0 = Release|x86
		{83350A9D-B360-4AAD-91E3-E77C4E029E56}.Debug|Any CPU.ActiveCfg = Debug|x86
		{83350A9D-B360-4AAD-91E3-E77C4E029E56}.Debug|Mixed Platforms.ActiveCfg = Debug|x86
		{83350A9D-B360-4AAD-91E3-E77C4E029E56}.Debug|Win32.ActiveCfg = Debug|x86
		{83350A9D-B360-4AAD-91E3-E77C4E029E56}.Debug|Win32.Build.0 = Debug|x86
		{83350A9D-B360-4AAD-91E3-E77C4E029E56}.Debug|x86.ActiveCfg = Debug|x86
		{83350A9D-B360-4AAD-91E3-E77C4E029E56}.Debug|x86.Build.0 = Debug|x86
		{83350A9D-B360-4AAD-91E3-E77C4E029E56}.DVD-5|Any CPU.ActiveCfg = Debug|x86
		{83350A9D-B360-4AAD-91E3-E77C4E029E56}.DVD-5|Mixed Platforms.ActiveCfg = Debug|x86
		{83350A9D-B360-4AAD-91E3-E77C4E029E56}.DVD-5|Mixed Platforms.Build.0 = Debug|x86
		{83350A9D-B360-4AAD-91E3-E77C4E029E56}.DVD-5|Win32.ActiveCfg = Debug|x86
		{83350A9D-B360-4AAD-91E3-E77C4E029E56}.DVD-5|Win32.Build.0 = Debug|x86
		{83350A9D-B360-4AAD-91E3-E77C4E029E56}.DVD-5|x86.ActiveCfg = Debug|x86
		{83350A9D-B360-4AAD-91E3-E77C4E029E56}.DVD-5|x86.Build.0 = Debug|x86
		{83350A9D-B360-4AAD-91E3-E77C4E029E56}.PhRelease|Any CPU.ActiveCfg = Release|x86
		{83350A9D-B360-4AAD-91E3-E77C4E029E56}.PhRelease|Mixed Platforms.ActiveCfg = Release|x86
		{83350A9D-B360-4AAD-91E3-E77C4E029E56}.PhRelease|Mixed Platforms.Build.0 = Release|x86
		{83350A9D-B360-4AAD-91E3-E77C4E029E56}.PhRelease|Win32.ActiveCfg = Release|x86
		{83350A9D-B360-4AAD-91E3-E77C4E029E56}.PhRelease|Win32.Build.0 = Release|x86
		{83350A9D-B360-4AAD-91E3-E77C4E029E56}.PhRelease|x86.ActiveCfg = Release|x86
		{83350A9D-B360-4AAD-91E3-E77C4E029E56}.PhRelease|x86.Build.0 = Release|x86
		{83350A9D-B360-4AAD-91E3-E77C4E029E56}.PhUnitTest|Any CPU.ActiveCfg = Debug|x86
		{83350A9D-B360-4AAD-91E3-E77C4E029E56}.PhUnitTest|Mixed Platforms.ActiveCfg = Debug|x86
		{83350A9D-B360-4AAD-91E3-E77C4E029E56}.PhUnitTest|Mixed Platforms.Build.0 = Debug|x86
		{83350A9D-B360-4AAD-91E3-E77C4E029E56}.PhUnitTest|Win32.ActiveCfg = Debug|x86
		{83350A9D-B360-4AAD-91E3-E77C4E029E56}.PhUnitTest|Win32.Build.0 = Debug|x86
		{83350A9D-B360-4AAD-91E3-E77C4E029E56}.PhUnitTest|x86.ActiveCfg = Debug|x86
		{83350A9D-B360-4AAD-91E3-E77C4E029E56}.PhUnitTest|x86.Build.0 = Debug|x86
		{83350A9D-B360-4AAD-91E3-E77C4E029E56}.Release|Any CPU.ActiveCfg = Release|x86
		{83350A9D-B360-4AAD-91E3-E77C4E029E56}.Release|Mixed Platforms.ActiveCfg = Release|x86
		{83350A9D-B360-4AAD-91E3-E77C4E029E56}.Release|Win32.ActiveCfg = Release|x86
		{83350A9D-B360-4AAD-91E3-E77C4E029E56}.Release|Win32.Build.0 = Release|x86
		{83350A9D-B360-4AAD-91E3-E77C4E029E56}.Release|x86.ActiveCfg = Release|x86
		{83350A9D-B360-4AAD-91E3-E77C4E029E56}.Release|x86.Build.0 = Release|x86
		{83350A9D-B360-4AAD-91E3-E77C4E029E56}.SingleImage|Any CPU.ActiveCfg = Release|x86
		{83350A9D-B360-4AAD-91E3-E77C4E029E56}.SingleImage|Mixed Platforms.ActiveCfg = Release|x86
		{83350A9D-B360-4AAD-91E3-E77C4E029E56}.SingleImage|Mixed Platforms.Build.0 = Release|x86
		{83350A9D-B360-4AAD-91E3-E77C4E029E56}.SingleImage|Win32.ActiveCfg = Release|x86
		{83350A9D-B360-4AAD-91E3-E77C4E029E56}.SingleImage|Win32.Build.0 = Release|x86
		{83350A9D-B360-4AAD-91E3-E77C4E029E56}.SingleImage|x86.ActiveCfg = Release|x86
		{83350A9D-B360-4AAD-91E3-E77C4E029E56}.SingleImage|x86.Build.0 = Release|x86
		{286DE6DB-8F95-4BD4-86A2-86488D2E0EE1}.CD_ROM|Any CPU.ActiveCfg = Release|Any CPU
		{286DE6DB-8F95-4BD4-86A2-86488D2E0EE1}.CD_ROM|Any CPU.Build.0 = Release|Any CPU
		{286DE6DB-8F95-4BD4-86A2-86488D2E0EE1}.CD_ROM|Mixed Platforms.ActiveCfg = Release|Any CPU
		{286DE6DB-8F95-4BD4-86A2-86488D2E0EE1}.CD_ROM|Mixed Platforms.Build.0 = Release|Any CPU
		{286DE6DB-8F95-4BD4-86A2-86488D2E0EE1}.CD_ROM|Win32.ActiveCfg = Release|Any CPU
		{286DE6DB-8F95-4BD4-86A2-86488D2E0EE1}.CD_ROM|x86.ActiveCfg = Release|Any CPU
		{286DE6DB-8F95-4BD4-86A2-86488D2E0EE1}.Debug|Any CPU.ActiveCfg = Debug|Any CPU
		{286DE6DB-8F95-4BD4-86A2-86488D2E0EE1}.Debug|Any CPU.Build.0 = Debug|Any CPU
		{286DE6DB-8F95-4BD4-86A2-86488D2E0EE1}.Debug|Mixed Platforms.ActiveCfg = Debug|Any CPU
		{286DE6DB-8F95-4BD4-86A2-86488D2E0EE1}.Debug|Mixed Platforms.Build.0 = Debug|Any CPU
		{286DE6DB-8F95-4BD4-86A2-86488D2E0EE1}.Debug|Win32.ActiveCfg = Debug|Any CPU
		{286DE6DB-8F95-4BD4-86A2-86488D2E0EE1}.Debug|x86.ActiveCfg = Debug|Any CPU
		{286DE6DB-8F95-4BD4-86A2-86488D2E0EE1}.DVD-5|Any CPU.ActiveCfg = Debug|Any CPU
		{286DE6DB-8F95-4BD4-86A2-86488D2E0EE1}.DVD-5|Any CPU.Build.0 = Debug|Any CPU
		{286DE6DB-8F95-4BD4-86A2-86488D2E0EE1}.DVD-5|Mixed Platforms.ActiveCfg = Debug|Any CPU
		{286DE6DB-8F95-4BD4-86A2-86488D2E0EE1}.DVD-5|Mixed Platforms.Build.0 = Debug|Any CPU
		{286DE6DB-8F95-4BD4-86A2-86488D2E0EE1}.DVD-5|Win32.ActiveCfg = Debug|Any CPU
		{286DE6DB-8F95-4BD4-86A2-86488D2E0EE1}.DVD-5|x86.ActiveCfg = Debug|Any CPU
		{286DE6DB-8F95-4BD4-86A2-86488D2E0EE1}.PhRelease|Any CPU.ActiveCfg = PhRelease|Any CPU
		{286DE6DB-8F95-4BD4-86A2-86488D2E0EE1}.PhRelease|Any CPU.Build.0 = PhRelease|Any CPU
		{286DE6DB-8F95-4BD4-86A2-86488D2E0EE1}.PhRelease|Mixed Platforms.ActiveCfg = PhRelease|Any CPU
		{286DE6DB-8F95-4BD4-86A2-86488D2E0EE1}.PhRelease|Mixed Platforms.Build.0 = PhRelease|Any CPU
		{286DE6DB-8F95-4BD4-86A2-86488D2E0EE1}.PhRelease|Win32.ActiveCfg = PhRelease|Any CPU
		{286DE6DB-8F95-4BD4-86A2-86488D2E0EE1}.PhRelease|x86.ActiveCfg = PhRelease|Any CPU
		{286DE6DB-8F95-4BD4-86A2-86488D2E0EE1}.PhUnitTest|Any CPU.ActiveCfg = PhUnitTest|Any CPU
		{286DE6DB-8F95-4BD4-86A2-86488D2E0EE1}.PhUnitTest|Any CPU.Build.0 = PhUnitTest|Any CPU
		{286DE6DB-8F95-4BD4-86A2-86488D2E0EE1}.PhUnitTest|Mixed Platforms.ActiveCfg = PhUnitTest|Any CPU
		{286DE6DB-8F95-4BD4-86A2-86488D2E0EE1}.PhUnitTest|Mixed Platforms.Build.0 = PhUnitTest|Any CPU
		{286DE6DB-8F95-4BD4-86A2-86488D2E0EE1}.PhUnitTest|Win32.ActiveCfg = PhUnitTest|Any CPU
		{286DE6DB-8F95-4BD4-86A2-86488D2E0EE1}.PhUnitTest|x86.ActiveCfg = PhUnitTest|Any CPU
		{286DE6DB-8F95-4BD4-86A2-86488D2E0EE1}.Release|Any CPU.ActiveCfg = Release|Any CPU
		{286DE6DB-8F95-4BD4-86A2-86488D2E0EE1}.Release|Any CPU.Build.0 = Release|Any CPU
		{286DE6DB-8F95-4BD4-86A2-86488D2E0EE1}.Release|Mixed Platforms.ActiveCfg = Release|Any CPU
		{286DE6DB-8F95-4BD4-86A2-86488D2E0EE1}.Release|Mixed Platforms.Build.0 = Release|Any CPU
		{286DE6DB-8F95-4BD4-86A2-86488D2E0EE1}.Release|Win32.ActiveCfg = Release|Any CPU
		{286DE6DB-8F95-4BD4-86A2-86488D2E0EE1}.Release|x86.ActiveCfg = Release|Any CPU
		{286DE6DB-8F95-4BD4-86A2-86488D2E0EE1}.SingleImage|Any CPU.ActiveCfg = Release|Any CPU
		{286DE6DB-8F95-4BD4-86A2-86488D2E0EE1}.SingleImage|Any CPU.Build.0 = Release|Any CPU
		{286DE6DB-8F95-4BD4-86A2-86488D2E0EE1}.SingleImage|Mixed Platforms.ActiveCfg = Release|Any CPU
		{286DE6DB-8F95-4BD4-86A2-86488D2E0EE1}.SingleImage|Mixed Platforms.Build.0 = Release|Any CPU
		{286DE6DB-8F95-4BD4-86A2-86488D2E0EE1}.SingleImage|Win32.ActiveCfg = Release|Any CPU
		{286DE6DB-8F95-4BD4-86A2-86488D2E0EE1}.SingleImage|x86.ActiveCfg = Release|Any CPU
		{D8974265-5B5A-4C1B-97E5-864279867156}.CD_ROM|Any CPU.ActiveCfg = Release|Any CPU
		{D8974265-5B5A-4C1B-97E5-864279867156}.CD_ROM|Any CPU.Build.0 = Release|Any CPU
		{D8974265-5B5A-4C1B-97E5-864279867156}.CD_ROM|Mixed Platforms.ActiveCfg = Release|Any CPU
		{D8974265-5B5A-4C1B-97E5-864279867156}.CD_ROM|Mixed Platforms.Build.0 = Release|Any CPU
		{D8974265-5B5A-4C1B-97E5-864279867156}.CD_ROM|Win32.ActiveCfg = Release|Any CPU
		{D8974265-5B5A-4C1B-97E5-864279867156}.CD_ROM|x86.ActiveCfg = Release|Any CPU
		{D8974265-5B5A-4C1B-97E5-864279867156}.Debug|Any CPU.ActiveCfg = Debug|Any CPU
		{D8974265-5B5A-4C1B-97E5-864279867156}.Debug|Any CPU.Build.0 = Debug|Any CPU
		{D8974265-5B5A-4C1B-97E5-864279867156}.Debug|Mixed Platforms.ActiveCfg = Debug|Any CPU
		{D8974265-5B5A-4C1B-97E5-864279867156}.Debug|Win32.ActiveCfg = Debug|Any CPU
		{D8974265-5B5A-4C1B-97E5-864279867156}.Debug|x86.ActiveCfg = Debug|Any CPU
		{D8974265-5B5A-4C1B-97E5-864279867156}.DVD-5|Any CPU.ActiveCfg = Debug|Any CPU
		{D8974265-5B5A-4C1B-97E5-864279867156}.DVD-5|Any CPU.Build.0 = Debug|Any CPU
		{D8974265-5B5A-4C1B-97E5-864279867156}.DVD-5|Mixed Platforms.ActiveCfg = Debug|Any CPU
		{D8974265-5B5A-4C1B-97E5-864279867156}.DVD-5|Mixed Platforms.Build.0 = Debug|Any CPU
		{D8974265-5B5A-4C1B-97E5-864279867156}.DVD-5|Win32.ActiveCfg = Debug|Any CPU
		{D8974265-5B5A-4C1B-97E5-864279867156}.DVD-5|x86.ActiveCfg = Debug|Any CPU
		{D8974265-5B5A-4C1B-97E5-864279867156}.PhRelease|Any CPU.ActiveCfg = PhRelease|Any CPU
		{D8974265-5B5A-4C1B-97E5-864279867156}.PhRelease|Mixed Platforms.ActiveCfg = PhRelease|Any CPU
		{D8974265-5B5A-4C1B-97E5-864279867156}.PhRelease|Win32.ActiveCfg = PhRelease|Any CPU
		{D8974265-5B5A-4C1B-97E5-864279867156}.PhRelease|x86.ActiveCfg = PhRelease|Any CPU
		{D8974265-5B5A-4C1B-97E5-864279867156}.PhUnitTest|Any CPU.ActiveCfg = PhUnitTest|Any CPU
		{D8974265-5B5A-4C1B-97E5-864279867156}.PhUnitTest|Mixed Platforms.ActiveCfg = PhUnitTest|Any CPU
		{D8974265-5B5A-4C1B-97E5-864279867156}.PhUnitTest|Win32.ActiveCfg = PhUnitTest|Any CPU
		{D8974265-5B5A-4C1B-97E5-864279867156}.PhUnitTest|x86.ActiveCfg = PhUnitTest|Any CPU
		{D8974265-5B5A-4C1B-97E5-864279867156}.Release|Any CPU.ActiveCfg = Release|Any CPU
		{D8974265-5B5A-4C1B-97E5-864279867156}.Release|Any CPU.Build.0 = Release|Any CPU
		{D8974265-5B5A-4C1B-97E5-864279867156}.Release|Mixed Platforms.ActiveCfg = Release|Any CPU
		{D8974265-5B5A-4C1B-97E5-864279867156}.Release|Win32.ActiveCfg = Release|Any CPU
		{D8974265-5B5A-4C1B-97E5-864279867156}.Release|x86.ActiveCfg = Release|Any CPU
		{D8974265-5B5A-4C1B-97E5-864279867156}.SingleImage|Any CPU.ActiveCfg = Release|Any CPU
		{D8974265-5B5A-4C1B-97E5-864279867156}.SingleImage|Any CPU.Build.0 = Release|Any CPU
		{D8974265-5B5A-4C1B-97E5-864279867156}.SingleImage|Mixed Platforms.ActiveCfg = Release|Any CPU
		{D8974265-5B5A-4C1B-97E5-864279867156}.SingleImage|Mixed Platforms.Build.0 = Release|Any CPU
		{D8974265-5B5A-4C1B-97E5-864279867156}.SingleImage|Win32.ActiveCfg = Release|Any CPU
		{D8974265-5B5A-4C1B-97E5-864279867156}.SingleImage|x86.ActiveCfg = Release|Any CPU
		{EAAB8D4E-306E-417F-892F-13AD6642B883}.CD_ROM|Any CPU.ActiveCfg = Release|Any CPU
		{EAAB8D4E-306E-417F-892F-13AD6642B883}.CD_ROM|Any CPU.Build.0 = Release|Any CPU
		{EAAB8D4E-306E-417F-892F-13AD6642B883}.CD_ROM|Mixed Platforms.ActiveCfg = Release|Any CPU
		{EAAB8D4E-306E-417F-892F-13AD6642B883}.CD_ROM|Mixed Platforms.Build.0 = Release|Any CPU
		{EAAB8D4E-306E-417F-892F-13AD6642B883}.CD_ROM|Win32.ActiveCfg = Release|Any CPU
		{EAAB8D4E-306E-417F-892F-13AD6642B883}.CD_ROM|x86.ActiveCfg = Release|Any CPU
		{EAAB8D4E-306E-417F-892F-13AD6642B883}.Debug|Any CPU.ActiveCfg = Debug|Any CPU
		{EAAB8D4E-306E-417F-892F-13AD6642B883}.Debug|Any CPU.Build.0 = Debug|Any CPU
		{EAAB8D4E-306E-417F-892F-13AD6642B883}.Debug|Mixed Platforms.ActiveCfg = Debug|Any CPU
		{EAAB8D4E-306E-417F-892F-13AD6642B883}.Debug|Mixed Platforms.Build.0 = Debug|Any CPU
		{EAAB8D4E-306E-417F-892F-13AD6642B883}.Debug|Win32.ActiveCfg = Debug|Any CPU
		{EAAB8D4E-306E-417F-892F-13AD6642B883}.Debug|x86.ActiveCfg = Debug|Any CPU
		{EAAB8D4E-306E-417F-892F-13AD6642B883}.DVD-5|Any CPU.ActiveCfg = Debug|Any CPU
		{EAAB8D4E-306E-417F-892F-13AD6642B883}.DVD-5|Any CPU.Build.0 = Debug|Any CPU
		{EAAB8D4E-306E-417F-892F-13AD6642B883}.DVD-5|Mixed Platforms.ActiveCfg = Debug|Any CPU
		{EAAB8D4E-306E-417F-892F-13AD6642B883}.DVD-5|Mixed Platforms.Build.0 = Debug|Any CPU
		{EAAB8D4E-306E-417F-892F-13AD6642B883}.DVD-5|Win32.ActiveCfg = Debug|Any CPU
		{EAAB8D4E-306E-417F-892F-13AD6642B883}.DVD-5|x86.ActiveCfg = Debug|Any CPU
		{EAAB8D4E-306E-417F-892F-13AD6642B883}.PhRelease|Any CPU.ActiveCfg = PhRelease|Any CPU
		{EAAB8D4E-306E-417F-892F-13AD6642B883}.PhRelease|Any CPU.Build.0 = PhRelease|Any CPU
		{EAAB8D4E-306E-417F-892F-13AD6642B883}.PhRelease|Mixed Platforms.ActiveCfg = PhRelease|Any CPU
		{EAAB8D4E-306E-417F-892F-13AD6642B883}.PhRelease|Mixed Platforms.Build.0 = PhRelease|Any CPU
		{EAAB8D4E-306E-417F-892F-13AD6642B883}.PhRelease|Win32.ActiveCfg = PhRelease|Any CPU
		{EAAB8D4E-306E-417F-892F-13AD6642B883}.PhRelease|x86.ActiveCfg = PhRelease|Any CPU
		{EAAB8D4E-306E-417F-892F-13AD6642B883}.PhUnitTest|Any CPU.ActiveCfg = PhUnitTest|Any CPU
		{EAAB8D4E-306E-417F-892F-13AD6642B883}.PhUnitTest|Any CPU.Build.0 = PhUnitTest|Any CPU
		{EAAB8D4E-306E-417F-892F-13AD6642B883}.PhUnitTest|Mixed Platforms.ActiveCfg = PhUnitTest|Any CPU
		{EAAB8D4E-306E-417F-892F-13AD6642B883}.PhUnitTest|Mixed Platforms.Build.0 = PhUnitTest|Any CPU
		{EAAB8D4E-306E-417F-892F-13AD6642B883}.PhUnitTest|Win32.ActiveCfg = PhUnitTest|Any CPU
		{EAAB8D4E-306E-417F-892F-13AD6642B883}.PhUnitTest|x86.ActiveCfg = PhUnitTest|Any CPU
		{EAAB8D4E-306E-417F-892F-13AD6642B883}.Release|Any CPU.ActiveCfg = Release|Any CPU
		{EAAB8D4E-306E-417F-892F-13AD6642B883}.Release|Any CPU.Build.0 = Release|Any CPU
		{EAAB8D4E-306E-417F-892F-13AD6642B883}.Release|Mixed Platforms.ActiveCfg = Release|Any CPU
		{EAAB8D4E-306E-417F-892F-13AD6642B883}.Release|Mixed Platforms.Build.0 = Release|Any CPU
		{EAAB8D4E-306E-417F-892F-13AD6642B883}.Release|Win32.ActiveCfg = Release|Any CPU
		{EAAB8D4E-306E-417F-892F-13AD6642B883}.Release|x86.ActiveCfg = Release|Any CPU
		{EAAB8D4E-306E-417F-892F-13AD6642B883}.SingleImage|Any CPU.ActiveCfg = Release|Any CPU
		{EAAB8D4E-306E-417F-892F-13AD6642B883}.SingleImage|Any CPU.Build.0 = Release|Any CPU
		{EAAB8D4E-306E-417F-892F-13AD6642B883}.SingleImage|Mixed Platforms.ActiveCfg = Release|Any CPU
		{EAAB8D4E-306E-417F-892F-13AD6642B883}.SingleImage|Mixed Platforms.Build.0 = Release|Any CPU
		{EAAB8D4E-306E-417F-892F-13AD6642B883}.SingleImage|Win32.ActiveCfg = Release|Any CPU
		{EAAB8D4E-306E-417F-892F-13AD6642B883}.SingleImage|x86.ActiveCfg = Release|Any CPU
		{B6F57383-BAB9-485B-987C-CAEE6CA828CC}.CD_ROM|Any CPU.ActiveCfg = Release|Any CPU
		{B6F57383-BAB9-485B-987C-CAEE6CA828CC}.CD_ROM|Any CPU.Build.0 = Release|Any CPU
		{B6F57383-BAB9-485B-987C-CAEE6CA828CC}.CD_ROM|Mixed Platforms.ActiveCfg = Release|Any CPU
		{B6F57383-BAB9-485B-987C-CAEE6CA828CC}.CD_ROM|Mixed Platforms.Build.0 = Release|Any CPU
		{B6F57383-BAB9-485B-987C-CAEE6CA828CC}.CD_ROM|Win32.ActiveCfg = Release|Any CPU
		{B6F57383-BAB9-485B-987C-CAEE6CA828CC}.CD_ROM|x86.ActiveCfg = Release|Any CPU
		{B6F57383-BAB9-485B-987C-CAEE6CA828CC}.Debug|Any CPU.ActiveCfg = Debug|Any CPU
		{B6F57383-BAB9-485B-987C-CAEE6CA828CC}.Debug|Any CPU.Build.0 = Debug|Any CPU
		{B6F57383-BAB9-485B-987C-CAEE6CA828CC}.Debug|Mixed Platforms.ActiveCfg = Debug|Any CPU
		{B6F57383-BAB9-485B-987C-CAEE6CA828CC}.Debug|Mixed Platforms.Build.0 = Debug|Any CPU
		{B6F57383-BAB9-485B-987C-CAEE6CA828CC}.Debug|Win32.ActiveCfg = Debug|Any CPU
		{B6F57383-BAB9-485B-987C-CAEE6CA828CC}.Debug|x86.ActiveCfg = Debug|Any CPU
		{B6F57383-BAB9-485B-987C-CAEE6CA828CC}.DVD-5|Any CPU.ActiveCfg = Debug|Any CPU
		{B6F57383-BAB9-485B-987C-CAEE6CA828CC}.DVD-5|Any CPU.Build.0 = Debug|Any CPU
		{B6F57383-BAB9-485B-987C-CAEE6CA828CC}.DVD-5|Mixed Platforms.ActiveCfg = Debug|Any CPU
		{B6F57383-BAB9-485B-987C-CAEE6CA828CC}.DVD-5|Mixed Platforms.Build.0 = Debug|Any CPU
		{B6F57383-BAB9-485B-987C-CAEE6CA828CC}.DVD-5|Win32.ActiveCfg = Debug|Any CPU
		{B6F57383-BAB9-485B-987C-CAEE6CA828CC}.DVD-5|x86.ActiveCfg = Debug|Any CPU
		{B6F57383-BAB9-485B-987C-CAEE6CA828CC}.PhRelease|Any CPU.ActiveCfg = PhRelease|Any CPU
		{B6F57383-BAB9-485B-987C-CAEE6CA828CC}.PhRelease|Any CPU.Build.0 = PhRelease|Any CPU
		{B6F57383-BAB9-485B-987C-CAEE6CA828CC}.PhRelease|Mixed Platforms.ActiveCfg = PhRelease|Any CPU
		{B6F57383-BAB9-485B-987C-CAEE6CA828CC}.PhRelease|Mixed Platforms.Build.0 = PhRelease|Any CPU
		{B6F57383-BAB9-485B-987C-CAEE6CA828CC}.PhRelease|Win32.ActiveCfg = PhRelease|Any CPU
		{B6F57383-BAB9-485B-987C-CAEE6CA828CC}.PhRelease|x86.ActiveCfg = PhRelease|Any CPU
		{B6F57383-BAB9-485B-987C-CAEE6CA828CC}.PhUnitTest|Any CPU.ActiveCfg = PhUnitTest|Any CPU
		{B6F57383-BAB9-485B-987C-CAEE6CA828CC}.PhUnitTest|Any CPU.Build.0 = PhUnitTest|Any CPU
		{B6F57383-BAB9-485B-987C-CAEE6CA828CC}.PhUnitTest|Mixed Platforms.ActiveCfg = PhUnitTest|Any CPU
		{B6F57383-BAB9-485B-987C-CAEE6CA828CC}.PhUnitTest|Mixed Platforms.Build.0 = PhUnitTest|Any CPU
		{B6F57383-BAB9-485B-987C-CAEE6CA828CC}.PhUnitTest|Win32.ActiveCfg = PhUnitTest|Any CPU
		{B6F57383-BAB9-485B-987C-CAEE6CA828CC}.PhUnitTest|x86.ActiveCfg = PhUnitTest|Any CPU
		{B6F57383-BAB9-485B-987C-CAEE6CA828CC}.Release|Any CPU.ActiveCfg = Release|Any CPU
		{B6F57383-BAB9-485B-987C-CAEE6CA828CC}.Release|Any CPU.Build.0 = Release|Any CPU
		{B6F57383-BAB9-485B-987C-CAEE6CA828CC}.Release|Mixed Platforms.ActiveCfg = Release|Any CPU
		{B6F57383-BAB9-485B-987C-CAEE6CA828CC}.Release|Mixed Platforms.Build.0 = Release|Any CPU
		{B6F57383-BAB9-485B-987C-CAEE6CA828CC}.Release|Win32.ActiveCfg = Release|Any CPU
		{B6F57383-BAB9-485B-987C-CAEE6CA828CC}.Release|x86.ActiveCfg = Release|Any CPU
		{B6F57383-BAB9-485B-987C-CAEE6CA828CC}.SingleImage|Any CPU.ActiveCfg = Release|Any CPU
		{B6F57383-BAB9-485B-987C-CAEE6CA828CC}.SingleImage|Any CPU.Build.0 = Release|Any CPU
		{B6F57383-BAB9-485B-987C-CAEE6CA828CC}.SingleImage|Mixed Platforms.ActiveCfg = Release|Any CPU
		{B6F57383-BAB9-485B-987C-CAEE6CA828CC}.SingleImage|Mixed Platforms.Build.0 = Release|Any CPU
		{B6F57383-BAB9-485B-987C-CAEE6CA828CC}.SingleImage|Win32.ActiveCfg = Release|Any CPU
		{B6F57383-BAB9-485B-987C-CAEE6CA828CC}.SingleImage|x86.ActiveCfg = Release|Any CPU
		{DAC09A9D-B11B-4AD1-91EA-41EA8631866E}.CD_ROM|Any CPU.ActiveCfg = Release|Any CPU
		{DAC09A9D-B11B-4AD1-91EA-41EA8631866E}.CD_ROM|Any CPU.Build.0 = Release|Any CPU
		{DAC09A9D-B11B-4AD1-91EA-41EA8631866E}.CD_ROM|Mixed Platforms.ActiveCfg = Release|Any CPU
		{DAC09A9D-B11B-4AD1-91EA-41EA8631866E}.CD_ROM|Mixed Platforms.Build.0 = Release|Any CPU
		{DAC09A9D-B11B-4AD1-91EA-41EA8631866E}.CD_ROM|Win32.ActiveCfg = Release|Any CPU
		{DAC09A9D-B11B-4AD1-91EA-41EA8631866E}.CD_ROM|x86.ActiveCfg = Release|Any CPU
		{DAC09A9D-B11B-4AD1-91EA-41EA8631866E}.Debug|Any CPU.ActiveCfg = Debug|Any CPU
		{DAC09A9D-B11B-4AD1-91EA-41EA8631866E}.Debug|Any CPU.Build.0 = Debug|Any CPU
		{DAC09A9D-B11B-4AD1-91EA-41EA8631866E}.Debug|Mixed Platforms.ActiveCfg = Debug|Any CPU
		{DAC09A9D-B11B-4AD1-91EA-41EA8631866E}.Debug|Mixed Platforms.Build.0 = Debug|Any CPU
		{DAC09A9D-B11B-4AD1-91EA-41EA8631866E}.Debug|Win32.ActiveCfg = Debug|Any CPU
		{DAC09A9D-B11B-4AD1-91EA-41EA8631866E}.Debug|x86.ActiveCfg = Debug|Any CPU
		{DAC09A9D-B11B-4AD1-91EA-41EA8631866E}.DVD-5|Any CPU.ActiveCfg = Debug|Any CPU
		{DAC09A9D-B11B-4AD1-91EA-41EA8631866E}.DVD-5|Any CPU.Build.0 = Debug|Any CPU
		{DAC09A9D-B11B-4AD1-91EA-41EA8631866E}.DVD-5|Mixed Platforms.ActiveCfg = Debug|Any CPU
		{DAC09A9D-B11B-4AD1-91EA-41EA8631866E}.DVD-5|Mixed Platforms.Build.0 = Debug|Any CPU
		{DAC09A9D-B11B-4AD1-91EA-41EA8631866E}.DVD-5|Win32.ActiveCfg = Debug|Any CPU
		{DAC09A9D-B11B-4AD1-91EA-41EA8631866E}.DVD-5|x86.ActiveCfg = Debug|Any CPU
		{DAC09A9D-B11B-4AD1-91EA-41EA8631866E}.PhRelease|Any CPU.ActiveCfg = PhRelease|Any CPU
		{DAC09A9D-B11B-4AD1-91EA-41EA8631866E}.PhRelease|Mixed Platforms.ActiveCfg = PhRelease|Any CPU
		{DAC09A9D-B11B-4AD1-91EA-41EA8631866E}.PhRelease|Win32.ActiveCfg = PhRelease|Any CPU
		{DAC09A9D-B11B-4AD1-91EA-41EA8631866E}.PhRelease|x86.ActiveCfg = PhRelease|Any CPU
		{DAC09A9D-B11B-4AD1-91EA-41EA8631866E}.PhUnitTest|Any CPU.ActiveCfg = PhUnitTest|Any CPU
		{DAC09A9D-B11B-4AD1-91EA-41EA8631866E}.PhUnitTest|Any CPU.Build.0 = PhUnitTest|Any CPU
		{DAC09A9D-B11B-4AD1-91EA-41EA8631866E}.PhUnitTest|Mixed Platforms.ActiveCfg = PhUnitTest|Any CPU
		{DAC09A9D-B11B-4AD1-91EA-41EA8631866E}.PhUnitTest|Win32.ActiveCfg = PhUnitTest|Any CPU
		{DAC09A9D-B11B-4AD1-91EA-41EA8631866E}.PhUnitTest|x86.ActiveCfg = PhUnitTest|Any CPU
		{DAC09A9D-B11B-4AD1-91EA-41EA8631866E}.Release|Any CPU.ActiveCfg = Release|Any CPU
		{DAC09A9D-B11B-4AD1-91EA-41EA8631866E}.Release|Any CPU.Build.0 = Release|Any CPU
		{DAC09A9D-B11B-4AD1-91EA-41EA8631866E}.Release|Mixed Platforms.ActiveCfg = Release|Any CPU
		{DAC09A9D-B11B-4AD1-91EA-41EA8631866E}.Release|Mixed Platforms.Build.0 = Release|Any CPU
		{DAC09A9D-B11B-4AD1-91EA-41EA8631866E}.Release|Win32.ActiveCfg = Release|Any CPU
		{DAC09A9D-B11B-4AD1-91EA-41EA8631866E}.Release|x86.ActiveCfg = Release|Any CPU
		{DAC09A9D-B11B-4AD1-91EA-41EA8631866E}.SingleImage|Any CPU.ActiveCfg = Release|Any CPU
		{DAC09A9D-B11B-4AD1-91EA-41EA8631866E}.SingleImage|Any CPU.Build.0 = Release|Any CPU
		{DAC09A9D-B11B-4AD1-91EA-41EA8631866E}.SingleImage|Mixed Platforms.ActiveCfg = Release|Any CPU
		{DAC09A9D-B11B-4AD1-91EA-41EA8631866E}.SingleImage|Mixed Platforms.Build.0 = Release|Any CPU
		{DAC09A9D-B11B-4AD1-91EA-41EA8631866E}.SingleImage|Win32.ActiveCfg = Release|Any CPU
		{DAC09A9D-B11B-4AD1-91EA-41EA8631866E}.SingleImage|x86.ActiveCfg = Release|Any CPU
		{4B64A19F-0B68-4766-A7B4-1F6B77B7FFE1}.CD_ROM|Any CPU.ActiveCfg = Release|Any CPU
		{4B64A19F-0B68-4766-A7B4-1F6B77B7FFE1}.CD_ROM|Any CPU.Build.0 = Release|Any CPU
		{4B64A19F-0B68-4766-A7B4-1F6B77B7FFE1}.CD_ROM|Mixed Platforms.ActiveCfg = Release|Any CPU
		{4B64A19F-0B68-4766-A7B4-1F6B77B7FFE1}.CD_ROM|Mixed Platforms.Build.0 = Release|Any CPU
		{4B64A19F-0B68-4766-A7B4-1F6B77B7FFE1}.CD_ROM|Win32.ActiveCfg = Release|Any CPU
		{4B64A19F-0B68-4766-A7B4-1F6B77B7FFE1}.CD_ROM|x86.ActiveCfg = Release|Any CPU
		{4B64A19F-0B68-4766-A7B4-1F6B77B7FFE1}.Debug|Any CPU.ActiveCfg = Debug|Any CPU
		{4B64A19F-0B68-4766-A7B4-1F6B77B7FFE1}.Debug|Any CPU.Build.0 = Debug|Any CPU
		{4B64A19F-0B68-4766-A7B4-1F6B77B7FFE1}.Debug|Mixed Platforms.ActiveCfg = Debug|Any CPU
		{4B64A19F-0B68-4766-A7B4-1F6B77B7FFE1}.Debug|Mixed Platforms.Build.0 = Debug|Any CPU
		{4B64A19F-0B68-4766-A7B4-1F6B77B7FFE1}.Debug|Win32.ActiveCfg = Debug|Any CPU
		{4B64A19F-0B68-4766-A7B4-1F6B77B7FFE1}.Debug|x86.ActiveCfg = Debug|Any CPU
		{4B64A19F-0B68-4766-A7B4-1F6B77B7FFE1}.DVD-5|Any CPU.ActiveCfg = Debug|Any CPU
		{4B64A19F-0B68-4766-A7B4-1F6B77B7FFE1}.DVD-5|Any CPU.Build.0 = Debug|Any CPU
		{4B64A19F-0B68-4766-A7B4-1F6B77B7FFE1}.DVD-5|Mixed Platforms.ActiveCfg = Debug|Any CPU
		{4B64A19F-0B68-4766-A7B4-1F6B77B7FFE1}.DVD-5|Mixed Platforms.Build.0 = Debug|Any CPU
		{4B64A19F-0B68-4766-A7B4-1F6B77B7FFE1}.DVD-5|Win32.ActiveCfg = Debug|Any CPU
		{4B64A19F-0B68-4766-A7B4-1F6B77B7FFE1}.DVD-5|x86.ActiveCfg = Debug|Any CPU
		{4B64A19F-0B68-4766-A7B4-1F6B77B7FFE1}.PhRelease|Any CPU.ActiveCfg = PhRelease|Any CPU
		{4B64A19F-0B68-4766-A7B4-1F6B77B7FFE1}.PhRelease|Any CPU.Build.0 = PhRelease|Any CPU
		{4B64A19F-0B68-4766-A7B4-1F6B77B7FFE1}.PhRelease|Mixed Platforms.ActiveCfg = PhRelease|Any CPU
		{4B64A19F-0B68-4766-A7B4-1F6B77B7FFE1}.PhRelease|Mixed Platforms.Build.0 = PhRelease|Any CPU
		{4B64A19F-0B68-4766-A7B4-1F6B77B7FFE1}.PhRelease|Win32.ActiveCfg = PhRelease|Any CPU
		{4B64A19F-0B68-4766-A7B4-1F6B77B7FFE1}.PhRelease|x86.ActiveCfg = PhRelease|Any CPU
		{4B64A19F-0B68-4766-A7B4-1F6B77B7FFE1}.PhUnitTest|Any CPU.ActiveCfg = PhUnitTest|Any CPU
		{4B64A19F-0B68-4766-A7B4-1F6B77B7FFE1}.PhUnitTest|Any CPU.Build.0 = PhUnitTest|Any CPU
		{4B64A19F-0B68-4766-A7B4-1F6B77B7FFE1}.PhUnitTest|Mixed Platforms.ActiveCfg = PhUnitTest|Any CPU
		{4B64A19F-0B68-4766-A7B4-1F6B77B7FFE1}.PhUnitTest|Mixed Platforms.Build.0 = PhUnitTest|Any CPU
		{4B64A19F-0B68-4766-A7B4-1F6B77B7FFE1}.PhUnitTest|Win32.ActiveCfg = PhUnitTest|Any CPU
		{4B64A19F-0B68-4766-A7B4-1F6B77B7FFE1}.PhUnitTest|x86.ActiveCfg = PhUnitTest|Any CPU
		{4B64A19F-0B68-4766-A7B4-1F6B77B7FFE1}.Release|Any CPU.ActiveCfg = Release|Any CPU
		{4B64A19F-0B68-4766-A7B4-1F6B77B7FFE1}.Release|Any CPU.Build.0 = Release|Any CPU
		{4B64A19F-0B68-4766-A7B4-1F6B77B7FFE1}.Release|Mixed Platforms.ActiveCfg = Release|Any CPU
		{4B64A19F-0B68-4766-A7B4-1F6B77B7FFE1}.Release|Mixed Platforms.Build.0 = Release|Any CPU
		{4B64A19F-0B68-4766-A7B4-1F6B77B7FFE1}.Release|Win32.ActiveCfg = Release|Any CPU
		{4B64A19F-0B68-4766-A7B4-1F6B77B7FFE1}.Release|x86.ActiveCfg = Release|Any CPU
		{4B64A19F-0B68-4766-A7B4-1F6B77B7FFE1}.SingleImage|Any CPU.ActiveCfg = Release|Any CPU
		{4B64A19F-0B68-4766-A7B4-1F6B77B7FFE1}.SingleImage|Any CPU.Build.0 = Release|Any CPU
		{4B64A19F-0B68-4766-A7B4-1F6B77B7FFE1}.SingleImage|Mixed Platforms.ActiveCfg = Release|Any CPU
		{4B64A19F-0B68-4766-A7B4-1F6B77B7FFE1}.SingleImage|Mixed Platforms.Build.0 = Release|Any CPU
		{4B64A19F-0B68-4766-A7B4-1F6B77B7FFE1}.SingleImage|Win32.ActiveCfg = Release|Any CPU
		{4B64A19F-0B68-4766-A7B4-1F6B77B7FFE1}.SingleImage|x86.ActiveCfg = Release|Any CPU
		{0D7FE7B8-11FA-4603-A0A7-0A8BAE30629A}.CD_ROM|Any CPU.ActiveCfg = Release|Any CPU
		{0D7FE7B8-11FA-4603-A0A7-0A8BAE30629A}.CD_ROM|Any CPU.Build.0 = Release|Any CPU
		{0D7FE7B8-11FA-4603-A0A7-0A8BAE30629A}.CD_ROM|Mixed Platforms.ActiveCfg = Release|Any CPU
		{0D7FE7B8-11FA-4603-A0A7-0A8BAE30629A}.CD_ROM|Mixed Platforms.Build.0 = Release|Any CPU
		{0D7FE7B8-11FA-4603-A0A7-0A8BAE30629A}.CD_ROM|Win32.ActiveCfg = Release|Any CPU
		{0D7FE7B8-11FA-4603-A0A7-0A8BAE30629A}.CD_ROM|x86.ActiveCfg = Release|Any CPU
		{0D7FE7B8-11FA-4603-A0A7-0A8BAE30629A}.Debug|Any CPU.ActiveCfg = Debug|Any CPU
		{0D7FE7B8-11FA-4603-A0A7-0A8BAE30629A}.Debug|Any CPU.Build.0 = Debug|Any CPU
		{0D7FE7B8-11FA-4603-A0A7-0A8BAE30629A}.Debug|Mixed Platforms.ActiveCfg = Debug|Any CPU
		{0D7FE7B8-11FA-4603-A0A7-0A8BAE30629A}.Debug|Win32.ActiveCfg = Debug|Any CPU
		{0D7FE7B8-11FA-4603-A0A7-0A8BAE30629A}.Debug|x86.ActiveCfg = Debug|Any CPU
		{0D7FE7B8-11FA-4603-A0A7-0A8BAE30629A}.DVD-5|Any CPU.ActiveCfg = Debug|Any CPU
		{0D7FE7B8-11FA-4603-A0A7-0A8BAE30629A}.DVD-5|Any CPU.Build.0 = Debug|Any CPU
		{0D7FE7B8-11FA-4603-A0A7-0A8BAE30629A}.DVD-5|Mixed Platforms.ActiveCfg = Debug|Any CPU
		{0D7FE7B8-11FA-4603-A0A7-0A8BAE30629A}.DVD-5|Mixed Platforms.Build.0 = Debug|Any CPU
		{0D7FE7B8-11FA-4603-A0A7-0A8BAE30629A}.DVD-5|Win32.ActiveCfg = Debug|Any CPU
		{0D7FE7B8-11FA-4603-A0A7-0A8BAE30629A}.DVD-5|x86.ActiveCfg = Debug|Any CPU
		{0D7FE7B8-11FA-4603-A0A7-0A8BAE30629A}.PhRelease|Any CPU.ActiveCfg = PhRelease|Any CPU
		{0D7FE7B8-11FA-4603-A0A7-0A8BAE30629A}.PhRelease|Any CPU.Build.0 = PhRelease|Any CPU
		{0D7FE7B8-11FA-4603-A0A7-0A8BAE30629A}.PhRelease|Mixed Platforms.ActiveCfg = PhRelease|Any CPU
		{0D7FE7B8-11FA-4603-A0A7-0A8BAE30629A}.PhRelease|Mixed Platforms.Build.0 = PhRelease|Any CPU
		{0D7FE7B8-11FA-4603-A0A7-0A8BAE30629A}.PhRelease|Win32.ActiveCfg = PhRelease|Any CPU
		{0D7FE7B8-11FA-4603-A0A7-0A8BAE30629A}.PhRelease|x86.ActiveCfg = PhRelease|Any CPU
		{0D7FE7B8-11FA-4603-A0A7-0A8BAE30629A}.PhUnitTest|Any CPU.ActiveCfg = PhUnitTest|Any CPU
		{0D7FE7B8-11FA-4603-A0A7-0A8BAE30629A}.PhUnitTest|Any CPU.Build.0 = PhUnitTest|Any CPU
		{0D7FE7B8-11FA-4603-A0A7-0A8BAE30629A}.PhUnitTest|Mixed Platforms.ActiveCfg = PhUnitTest|Any CPU
		{0D7FE7B8-11FA-4603-A0A7-0A8BAE30629A}.PhUnitTest|Mixed Platforms.Build.0 = PhUnitTest|Any CPU
		{0D7FE7B8-11FA-4603-A0A7-0A8BAE30629A}.PhUnitTest|Win32.ActiveCfg = PhUnitTest|Any CPU
		{0D7FE7B8-11FA-4603-A0A7-0A8BAE30629A}.PhUnitTest|x86.ActiveCfg = PhUnitTest|Any CPU
		{0D7FE7B8-11FA-4603-A0A7-0A8BAE30629A}.Release|Any CPU.ActiveCfg = Release|Any CPU
		{0D7FE7B8-11FA-4603-A0A7-0A8BAE30629A}.Release|Any CPU.Build.0 = Release|Any CPU
		{0D7FE7B8-11FA-4603-A0A7-0A8BAE30629A}.Release|Mixed Platforms.ActiveCfg = Release|Any CPU
		{0D7FE7B8-11FA-4603-A0A7-0A8BAE30629A}.Release|Win32.ActiveCfg = Release|Any CPU
		{0D7FE7B8-11FA-4603-A0A7-0A8BAE30629A}.Release|x86.ActiveCfg = Release|Any CPU
		{0D7FE7B8-11FA-4603-A0A7-0A8BAE30629A}.SingleImage|Any CPU.ActiveCfg = Release|Any CPU
		{0D7FE7B8-11FA-4603-A0A7-0A8BAE30629A}.SingleImage|Any CPU.Build.0 = Release|Any CPU
		{0D7FE7B8-11FA-4603-A0A7-0A8BAE30629A}.SingleImage|Mixed Platforms.ActiveCfg = Release|Any CPU
		{0D7FE7B8-11FA-4603-A0A7-0A8BAE30629A}.SingleImage|Mixed Platforms.Build.0 = Release|Any CPU
		{0D7FE7B8-11FA-4603-A0A7-0A8BAE30629A}.SingleImage|Win32.ActiveCfg = Release|Any CPU
		{0D7FE7B8-11FA-4603-A0A7-0A8BAE30629A}.SingleImage|x86.ActiveCfg = Release|Any CPU
		{89BA0B5C-AF87-4411-8D85-C7ABF2114483}.CD_ROM|Any CPU.ActiveCfg = Release|Any CPU
		{89BA0B5C-AF87-4411-8D85-C7ABF2114483}.CD_ROM|Any CPU.Build.0 = Release|Any CPU
		{89BA0B5C-AF87-4411-8D85-C7ABF2114483}.CD_ROM|Mixed Platforms.ActiveCfg = Release|Any CPU
		{89BA0B5C-AF87-4411-8D85-C7ABF2114483}.CD_ROM|Mixed Platforms.Build.0 = Release|Any CPU
		{89BA0B5C-AF87-4411-8D85-C7ABF2114483}.CD_ROM|Win32.ActiveCfg = Release|Any CPU
		{89BA0B5C-AF87-4411-8D85-C7ABF2114483}.CD_ROM|x86.ActiveCfg = Release|Any CPU
		{89BA0B5C-AF87-4411-8D85-C7ABF2114483}.Debug|Any CPU.ActiveCfg = Debug|Any CPU
		{89BA0B5C-AF87-4411-8D85-C7ABF2114483}.Debug|Any CPU.Build.0 = Debug|Any CPU
		{89BA0B5C-AF87-4411-8D85-C7ABF2114483}.Debug|Mixed Platforms.ActiveCfg = Debug|Any CPU
		{89BA0B5C-AF87-4411-8D85-C7ABF2114483}.Debug|Win32.ActiveCfg = Debug|Any CPU
		{89BA0B5C-AF87-4411-8D85-C7ABF2114483}.Debug|x86.ActiveCfg = Debug|Any CPU
		{89BA0B5C-AF87-4411-8D85-C7ABF2114483}.DVD-5|Any CPU.ActiveCfg = Debug|Any CPU
		{89BA0B5C-AF87-4411-8D85-C7ABF2114483}.DVD-5|Any CPU.Build.0 = Debug|Any CPU
		{89BA0B5C-AF87-4411-8D85-C7ABF2114483}.DVD-5|Mixed Platforms.ActiveCfg = Debug|Any CPU
		{89BA0B5C-AF87-4411-8D85-C7ABF2114483}.DVD-5|Mixed Platforms.Build.0 = Debug|Any CPU
		{89BA0B5C-AF87-4411-8D85-C7ABF2114483}.DVD-5|Win32.ActiveCfg = Debug|Any CPU
		{89BA0B5C-AF87-4411-8D85-C7ABF2114483}.DVD-5|x86.ActiveCfg = Debug|Any CPU
		{89BA0B5C-AF87-4411-8D85-C7ABF2114483}.PhRelease|Any CPU.ActiveCfg = PhRelease|Any CPU
		{89BA0B5C-AF87-4411-8D85-C7ABF2114483}.PhRelease|Any CPU.Build.0 = PhRelease|Any CPU
		{89BA0B5C-AF87-4411-8D85-C7ABF2114483}.PhRelease|Mixed Platforms.ActiveCfg = PhRelease|Any CPU
		{89BA0B5C-AF87-4411-8D85-C7ABF2114483}.PhRelease|Mixed Platforms.Build.0 = PhRelease|Any CPU
		{89BA0B5C-AF87-4411-8D85-C7ABF2114483}.PhRelease|Win32.ActiveCfg = PhRelease|Any CPU
		{89BA0B5C-AF87-4411-8D85-C7ABF2114483}.PhRelease|x86.ActiveCfg = PhRelease|Any CPU
		{89BA0B5C-AF87-4411-8D85-C7ABF2114483}.PhUnitTest|Any CPU.ActiveCfg = PhUnitTest|Any CPU
		{89BA0B5C-AF87-4411-8D85-C7ABF2114483}.PhUnitTest|Any CPU.Build.0 = PhUnitTest|Any CPU
		{89BA0B5C-AF87-4411-8D85-C7ABF2114483}.PhUnitTest|Mixed Platforms.ActiveCfg = PhUnitTest|Any CPU
		{89BA0B5C-AF87-4411-8D85-C7ABF2114483}.PhUnitTest|Mixed Platforms.Build.0 = PhUnitTest|Any CPU
		{89BA0B5C-AF87-4411-8D85-C7ABF2114483}.PhUnitTest|Win32.ActiveCfg = PhUnitTest|Any CPU
		{89BA0B5C-AF87-4411-8D85-C7ABF2114483}.PhUnitTest|x86.ActiveCfg = PhUnitTest|Any CPU
		{89BA0B5C-AF87-4411-8D85-C7ABF2114483}.Release|Any CPU.ActiveCfg = Release|Any CPU
		{89BA0B5C-AF87-4411-8D85-C7ABF2114483}.Release|Any CPU.Build.0 = Release|Any CPU
		{89BA0B5C-AF87-4411-8D85-C7ABF2114483}.Release|Mixed Platforms.ActiveCfg = Release|Any CPU
		{89BA0B5C-AF87-4411-8D85-C7ABF2114483}.Release|Win32.ActiveCfg = Release|Any CPU
		{89BA0B5C-AF87-4411-8D85-C7ABF2114483}.Release|x86.ActiveCfg = Release|Any CPU
		{89BA0B5C-AF87-4411-8D85-C7ABF2114483}.SingleImage|Any CPU.ActiveCfg = Release|Any CPU
		{89BA0B5C-AF87-4411-8D85-C7ABF2114483}.SingleImage|Any CPU.Build.0 = Release|Any CPU
		{89BA0B5C-AF87-4411-8D85-C7ABF2114483}.SingleImage|Mixed Platforms.ActiveCfg = Release|Any CPU
		{89BA0B5C-AF87-4411-8D85-C7ABF2114483}.SingleImage|Mixed Platforms.Build.0 = Release|Any CPU
		{89BA0B5C-AF87-4411-8D85-C7ABF2114483}.SingleImage|Win32.ActiveCfg = Release|Any CPU
		{89BA0B5C-AF87-4411-8D85-C7ABF2114483}.SingleImage|x86.ActiveCfg = Release|Any CPU
		{662695CD-7911-490F-9132-E7826230E3E0}.CD_ROM|Any CPU.ActiveCfg = Release|x86
		{662695CD-7911-490F-9132-E7826230E3E0}.CD_ROM|Mixed Platforms.ActiveCfg = Release|x86
		{662695CD-7911-490F-9132-E7826230E3E0}.CD_ROM|Mixed Platforms.Build.0 = Release|x86
		{662695CD-7911-490F-9132-E7826230E3E0}.CD_ROM|Win32.ActiveCfg = Release|x86
		{662695CD-7911-490F-9132-E7826230E3E0}.CD_ROM|Win32.Build.0 = Release|x86
		{662695CD-7911-490F-9132-E7826230E3E0}.CD_ROM|x86.ActiveCfg = Release|x86
		{662695CD-7911-490F-9132-E7826230E3E0}.CD_ROM|x86.Build.0 = Release|x86
		{662695CD-7911-490F-9132-E7826230E3E0}.Debug|Any CPU.ActiveCfg = Debug|x86
		{662695CD-7911-490F-9132-E7826230E3E0}.Debug|Mixed Platforms.ActiveCfg = Debug|x86
		{662695CD-7911-490F-9132-E7826230E3E0}.Debug|Win32.ActiveCfg = Debug|x86
		{662695CD-7911-490F-9132-E7826230E3E0}.Debug|Win32.Build.0 = Debug|x86
		{662695CD-7911-490F-9132-E7826230E3E0}.Debug|x86.ActiveCfg = Debug|x86
		{662695CD-7911-490F-9132-E7826230E3E0}.Debug|x86.Build.0 = Debug|x86
		{662695CD-7911-490F-9132-E7826230E3E0}.DVD-5|Any CPU.ActiveCfg = Debug|x86
		{662695CD-7911-490F-9132-E7826230E3E0}.DVD-5|Mixed Platforms.ActiveCfg = Debug|x86
		{662695CD-7911-490F-9132-E7826230E3E0}.DVD-5|Mixed Platforms.Build.0 = Debug|x86
		{662695CD-7911-490F-9132-E7826230E3E0}.DVD-5|Win32.ActiveCfg = Debug|x86
		{662695CD-7911-490F-9132-E7826230E3E0}.DVD-5|Win32.Build.0 = Debug|x86
		{662695CD-7911-490F-9132-E7826230E3E0}.DVD-5|x86.ActiveCfg = Debug|x86
		{662695CD-7911-490F-9132-E7826230E3E0}.DVD-5|x86.Build.0 = Debug|x86
		{662695CD-7911-490F-9132-E7826230E3E0}.PhRelease|Any CPU.ActiveCfg = Release|x86
		{662695CD-7911-490F-9132-E7826230E3E0}.PhRelease|Mixed Platforms.ActiveCfg = Release|x86
		{662695CD-7911-490F-9132-E7826230E3E0}.PhRelease|Mixed Platforms.Build.0 = Release|x86
		{662695CD-7911-490F-9132-E7826230E3E0}.PhRelease|Win32.ActiveCfg = Release|x86
		{662695CD-7911-490F-9132-E7826230E3E0}.PhRelease|Win32.Build.0 = Release|x86
		{662695CD-7911-490F-9132-E7826230E3E0}.PhRelease|x86.ActiveCfg = Release|x86
		{662695CD-7911-490F-9132-E7826230E3E0}.PhRelease|x86.Build.0 = Release|x86
		{662695CD-7911-490F-9132-E7826230E3E0}.PhUnitTest|Any CPU.ActiveCfg = Debug|x86
		{662695CD-7911-490F-9132-E7826230E3E0}.PhUnitTest|Mixed Platforms.ActiveCfg = Debug|x86
		{662695CD-7911-490F-9132-E7826230E3E0}.PhUnitTest|Mixed Platforms.Build.0 = Debug|x86
		{662695CD-7911-490F-9132-E7826230E3E0}.PhUnitTest|Win32.ActiveCfg = Debug|x86
		{662695CD-7911-490F-9132-E7826230E3E0}.PhUnitTest|Win32.Build.0 = Debug|x86
		{662695CD-7911-490F-9132-E7826230E3E0}.PhUnitTest|x86.ActiveCfg = Debug|x86
		{662695CD-7911-490F-9132-E7826230E3E0}.PhUnitTest|x86.Build.0 = Debug|x86
		{662695CD-7911-490F-9132-E7826230E3E0}.Release|Any CPU.ActiveCfg = Release|x86
		{662695CD-7911-490F-9132-E7826230E3E0}.Release|Mixed Platforms.ActiveCfg = Release|x86
		{662695CD-7911-490F-9132-E7826230E3E0}.Release|Win32.ActiveCfg = Release|x86
		{662695CD-7911-490F-9132-E7826230E3E0}.Release|Win32.Build.0 = Release|x86
		{662695CD-7911-490F-9132-E7826230E3E0}.Release|x86.ActiveCfg = Release|x86
		{662695CD-7911-490F-9132-E7826230E3E0}.Release|x86.Build.0 = Release|x86
		{662695CD-7911-490F-9132-E7826230E3E0}.SingleImage|Any CPU.ActiveCfg = Release|x86
		{662695CD-7911-490F-9132-E7826230E3E0}.SingleImage|Mixed Platforms.ActiveCfg = Release|x86
		{662695CD-7911-490F-9132-E7826230E3E0}.SingleImage|Mixed Platforms.Build.0 = Release|x86
		{662695CD-7911-490F-9132-E7826230E3E0}.SingleImage|Win32.ActiveCfg = Release|x86
		{662695CD-7911-490F-9132-E7826230E3E0}.SingleImage|Win32.Build.0 = Release|x86
		{662695CD-7911-490F-9132-E7826230E3E0}.SingleImage|x86.ActiveCfg = Release|x86
		{662695CD-7911-490F-9132-E7826230E3E0}.SingleImage|x86.Build.0 = Release|x86
		{8C360C5F-E022-4136-BC22-341C302D1073}.CD_ROM|Any CPU.ActiveCfg = Release|Any CPU
		{8C360C5F-E022-4136-BC22-341C302D1073}.CD_ROM|Any CPU.Build.0 = Release|Any CPU
		{8C360C5F-E022-4136-BC22-341C302D1073}.CD_ROM|Mixed Platforms.ActiveCfg = Release|Any CPU
		{8C360C5F-E022-4136-BC22-341C302D1073}.CD_ROM|Mixed Platforms.Build.0 = Release|Any CPU
		{8C360C5F-E022-4136-BC22-341C302D1073}.CD_ROM|Win32.ActiveCfg = Release|Any CPU
		{8C360C5F-E022-4136-BC22-341C302D1073}.CD_ROM|Win32.Build.0 = Release|Any CPU
		{8C360C5F-E022-4136-BC22-341C302D1073}.CD_ROM|x86.ActiveCfg = Release|Any CPU
		{8C360C5F-E022-4136-BC22-341C302D1073}.CD_ROM|x86.Build.0 = Release|Any CPU
		{8C360C5F-E022-4136-BC22-341C302D1073}.Debug|Any CPU.ActiveCfg = Debug|Any CPU
		{8C360C5F-E022-4136-BC22-341C302D1073}.Debug|Any CPU.Build.0 = Debug|Any CPU
		{8C360C5F-E022-4136-BC22-341C302D1073}.Debug|Mixed Platforms.ActiveCfg = Debug|Any CPU
		{8C360C5F-E022-4136-BC22-341C302D1073}.Debug|Mixed Platforms.Build.0 = Debug|Any CPU
		{8C360C5F-E022-4136-BC22-341C302D1073}.Debug|Win32.ActiveCfg = Debug|Any CPU
		{8C360C5F-E022-4136-BC22-341C302D1073}.Debug|Win32.Build.0 = Debug|Any CPU
		{8C360C5F-E022-4136-BC22-341C302D1073}.Debug|x86.ActiveCfg = Debug|Any CPU
		{8C360C5F-E022-4136-BC22-341C302D1073}.Debug|x86.Build.0 = Debug|Any CPU
		{8C360C5F-E022-4136-BC22-341C302D1073}.DVD-5|Any CPU.ActiveCfg = Debug|Any CPU
		{8C360C5F-E022-4136-BC22-341C302D1073}.DVD-5|Any CPU.Build.0 = Debug|Any CPU
		{8C360C5F-E022-4136-BC22-341C302D1073}.DVD-5|Mixed Platforms.ActiveCfg = Debug|Any CPU
		{8C360C5F-E022-4136-BC22-341C302D1073}.DVD-5|Mixed Platforms.Build.0 = Debug|Any CPU
		{8C360C5F-E022-4136-BC22-341C302D1073}.DVD-5|Win32.ActiveCfg = Debug|Any CPU
		{8C360C5F-E022-4136-BC22-341C302D1073}.DVD-5|Win32.Build.0 = Debug|Any CPU
		{8C360C5F-E022-4136-BC22-341C302D1073}.DVD-5|x86.ActiveCfg = Debug|Any CPU
		{8C360C5F-E022-4136-BC22-341C302D1073}.DVD-5|x86.Build.0 = Debug|Any CPU
		{8C360C5F-E022-4136-BC22-341C302D1073}.PhRelease|Any CPU.ActiveCfg = Release|Any CPU
		{8C360C5F-E022-4136-BC22-341C302D1073}.PhRelease|Any CPU.Build.0 = Release|Any CPU
		{8C360C5F-E022-4136-BC22-341C302D1073}.PhRelease|Mixed Platforms.ActiveCfg = Release|Any CPU
		{8C360C5F-E022-4136-BC22-341C302D1073}.PhRelease|Mixed Platforms.Build.0 = Release|Any CPU
		{8C360C5F-E022-4136-BC22-341C302D1073}.PhRelease|Win32.ActiveCfg = Release|Any CPU
		{8C360C5F-E022-4136-BC22-341C302D1073}.PhRelease|Win32.Build.0 = Release|Any CPU
		{8C360C5F-E022-4136-BC22-341C302D1073}.PhRelease|x86.ActiveCfg = Release|Any CPU
		{8C360C5F-E022-4136-BC22-341C302D1073}.PhRelease|x86.Build.0 = Release|Any CPU
		{8C360C5F-E022-4136-BC22-341C302D1073}.PhUnitTest|Any CPU.ActiveCfg = Release|Any CPU
		{8C360C5F-E022-4136-BC22-341C302D1073}.PhUnitTest|Any CPU.Build.0 = Release|Any CPU
		{8C360C5F-E022-4136-BC22-341C302D1073}.PhUnitTest|Mixed Platforms.ActiveCfg = Release|Any CPU
		{8C360C5F-E022-4136-BC22-341C302D1073}.PhUnitTest|Mixed Platforms.Build.0 = Release|Any CPU
		{8C360C5F-E022-4136-BC22-341C302D1073}.PhUnitTest|Win32.ActiveCfg = Release|Any CPU
		{8C360C5F-E022-4136-BC22-341C302D1073}.PhUnitTest|Win32.Build.0 = Release|Any CPU
		{8C360C5F-E022-4136-BC22-341C302D1073}.PhUnitTest|x86.ActiveCfg = Release|Any CPU
		{8C360C5F-E022-4136-BC22-341C302D1073}.PhUnitTest|x86.Build.0 = Release|Any CPU
		{8C360C5F-E022-4136-BC22-341C302D1073}.Release|Any CPU.ActiveCfg = Release|Any CPU
		{8C360C5F-E022-4136-BC22-341C302D1073}.Release|Any CPU.Build.0 = Release|Any CPU
		{8C360C5F-E022-4136-BC22-341C302D1073}.Release|Mixed Platforms.ActiveCfg = Release|Any CPU
		{8C360C5F-E022-4136-BC22-341C302D1073}.Release|Mixed Platforms.Build.0 = Release|Any CPU
		{8C360C5F-E022-4136-BC22-341C302D1073}.Release|Win32.ActiveCfg = Release|Any CPU
		{8C360C5F-E022-4136-BC22-341C302D1073}.Release|Win32.Build.0 = Release|Any CPU
		{8C360C5F-E022-4136-BC22-341C302D1073}.Release|x86.ActiveCfg = Release|Any CPU
		{8C360C5F-E022-4136-BC22-341C302D1073}.Release|x86.Build.0 = Release|Any CPU
		{8C360C5F-E022-4136-BC22-341C302D1073}.SingleImage|Any CPU.ActiveCfg = Release|Any CPU
		{8C360C5F-E022-4136-BC22-341C302D1073}.SingleImage|Any CPU.Build.0 = Release|Any CPU
		{8C360C5F-E022-4136-BC22-341C302D1073}.SingleImage|Mixed Platforms.ActiveCfg = Release|Any CPU
		{8C360C5F-E022-4136-BC22-341C302D1073}.SingleImage|Mixed Platforms.Build.0 = Release|Any CPU
		{8C360C5F-E022-4136-BC22-341C302D1073}.SingleImage|Win32.ActiveCfg = Release|Any CPU
		{8C360C5F-E022-4136-BC22-341C302D1073}.SingleImage|Win32.Build.0 = Release|Any CPU
		{8C360C5F-E022-4136-BC22-341C302D1073}.SingleImage|x86.ActiveCfg = Release|Any CPU
		{8C360C5F-E022-4136-BC22-341C302D1073}.SingleImage|x86.Build.0 = Release|Any CPU
		{D09E025F-67C2-48E5-A2A1-ECFCD860DEA1}.CD_ROM|Any CPU.ActiveCfg = Release|Any CPU
		{D09E025F-67C2-48E5-A2A1-ECFCD860DEA1}.CD_ROM|Any CPU.Build.0 = Release|Any CPU
		{D09E025F-67C2-48E5-A2A1-ECFCD860DEA1}.CD_ROM|Mixed Platforms.ActiveCfg = Release|Any CPU
		{D09E025F-67C2-48E5-A2A1-ECFCD860DEA1}.CD_ROM|Mixed Platforms.Build.0 = Release|Any CPU
		{D09E025F-67C2-48E5-A2A1-ECFCD860DEA1}.CD_ROM|Win32.ActiveCfg = Release|Any CPU
		{D09E025F-67C2-48E5-A2A1-ECFCD860DEA1}.CD_ROM|Win32.Build.0 = Release|Any CPU
		{D09E025F-67C2-48E5-A2A1-ECFCD860DEA1}.CD_ROM|x86.ActiveCfg = Release|Any CPU
		{D09E025F-67C2-48E5-A2A1-ECFCD860DEA1}.CD_ROM|x86.Build.0 = Release|Any CPU
		{D09E025F-67C2-48E5-A2A1-ECFCD860DEA1}.Debug|Any CPU.ActiveCfg = Debug|Any CPU
		{D09E025F-67C2-48E5-A2A1-ECFCD860DEA1}.Debug|Any CPU.Build.0 = Debug|Any CPU
		{D09E025F-67C2-48E5-A2A1-ECFCD860DEA1}.Debug|Mixed Platforms.ActiveCfg = Debug|Any CPU
		{D09E025F-67C2-48E5-A2A1-ECFCD860DEA1}.Debug|Mixed Platforms.Build.0 = Debug|Any CPU
		{D09E025F-67C2-48E5-A2A1-ECFCD860DEA1}.Debug|Win32.ActiveCfg = Debug|Any CPU
		{D09E025F-67C2-48E5-A2A1-ECFCD860DEA1}.Debug|Win32.Build.0 = Debug|Any CPU
		{D09E025F-67C2-48E5-A2A1-ECFCD860DEA1}.Debug|x86.ActiveCfg = Debug|Any CPU
		{D09E025F-67C2-48E5-A2A1-ECFCD860DEA1}.Debug|x86.Build.0 = Debug|Any CPU
		{D09E025F-67C2-48E5-A2A1-ECFCD860DEA1}.DVD-5|Any CPU.ActiveCfg = Debug|Any CPU
		{D09E025F-67C2-48E5-A2A1-ECFCD860DEA1}.DVD-5|Any CPU.Build.0 = Debug|Any CPU
		{D09E025F-67C2-48E5-A2A1-ECFCD860DEA1}.DVD-5|Mixed Platforms.ActiveCfg = Debug|Any CPU
		{D09E025F-67C2-48E5-A2A1-ECFCD860DEA1}.DVD-5|Mixed Platforms.Build.0 = Debug|Any CPU
		{D09E025F-67C2-48E5-A2A1-ECFCD860DEA1}.DVD-5|Win32.ActiveCfg = Debug|Any CPU
		{D09E025F-67C2-48E5-A2A1-ECFCD860DEA1}.DVD-5|Win32.Build.0 = Debug|Any CPU
		{D09E025F-67C2-48E5-A2A1-ECFCD860DEA1}.DVD-5|x86.ActiveCfg = Debug|Any CPU
		{D09E025F-67C2-48E5-A2A1-ECFCD860DEA1}.DVD-5|x86.Build.0 = Debug|Any CPU
		{D09E025F-67C2-48E5-A2A1-ECFCD860DEA1}.PhRelease|Any CPU.ActiveCfg = Release|Any CPU
		{D09E025F-67C2-48E5-A2A1-ECFCD860DEA1}.PhRelease|Any CPU.Build.0 = Release|Any CPU
		{D09E025F-67C2-48E5-A2A1-ECFCD860DEA1}.PhRelease|Mixed Platforms.ActiveCfg = Release|Any CPU
		{D09E025F-67C2-48E5-A2A1-ECFCD860DEA1}.PhRelease|Mixed Platforms.Build.0 = Release|Any CPU
		{D09E025F-67C2-48E5-A2A1-ECFCD860DEA1}.PhRelease|Win32.ActiveCfg = Release|Any CPU
		{D09E025F-67C2-48E5-A2A1-ECFCD860DEA1}.PhRelease|Win32.Build.0 = Release|Any CPU
		{D09E025F-67C2-48E5-A2A1-ECFCD860DEA1}.PhRelease|x86.ActiveCfg = Release|Any CPU
		{D09E025F-67C2-48E5-A2A1-ECFCD860DEA1}.PhRelease|x86.Build.0 = Release|Any CPU
		{D09E025F-67C2-48E5-A2A1-ECFCD860DEA1}.PhUnitTest|Any CPU.ActiveCfg = Release|Any CPU
		{D09E025F-67C2-48E5-A2A1-ECFCD860DEA1}.PhUnitTest|Any CPU.Build.0 = Release|Any CPU
		{D09E025F-67C2-48E5-A2A1-ECFCD860DEA1}.PhUnitTest|Mixed Platforms.ActiveCfg = Release|Any CPU
		{D09E025F-67C2-48E5-A2A1-ECFCD860DEA1}.PhUnitTest|Mixed Platforms.Build.0 = Release|Any CPU
		{D09E025F-67C2-48E5-A2A1-ECFCD860DEA1}.PhUnitTest|Win32.ActiveCfg = Release|Any CPU
		{D09E025F-67C2-48E5-A2A1-ECFCD860DEA1}.PhUnitTest|Win32.Build.0 = Release|Any CPU
		{D09E025F-67C2-48E5-A2A1-ECFCD860DEA1}.PhUnitTest|x86.ActiveCfg = Release|Any CPU
		{D09E025F-67C2-48E5-A2A1-ECFCD860DEA1}.PhUnitTest|x86.Build.0 = Release|Any CPU
		{D09E025F-67C2-48E5-A2A1-ECFCD860DEA1}.Release|Any CPU.ActiveCfg = Release|Any CPU
		{D09E025F-67C2-48E5-A2A1-ECFCD860DEA1}.Release|Any CPU.Build.0 = Release|Any CPU
		{D09E025F-67C2-48E5-A2A1-ECFCD860DEA1}.Release|Mixed Platforms.ActiveCfg = Release|Any CPU
		{D09E025F-67C2-48E5-A2A1-ECFCD860DEA1}.Release|Mixed Platforms.Build.0 = Release|Any CPU
		{D09E025F-67C2-48E5-A2A1-ECFCD860DEA1}.Release|Win32.ActiveCfg = Release|Any CPU
		{D09E025F-67C2-48E5-A2A1-ECFCD860DEA1}.Release|Win32.Build.0 = Release|Any CPU
		{D09E025F-67C2-48E5-A2A1-ECFCD860DEA1}.Release|x86.ActiveCfg = Release|Any CPU
		{D09E025F-67C2-48E5-A2A1-ECFCD860DEA1}.Release|x86.Build.0 = Release|Any CPU
		{D09E025F-67C2-48E5-A2A1-ECFCD860DEA1}.SingleImage|Any CPU.ActiveCfg = Release|Any CPU
		{D09E025F-67C2-48E5-A2A1-ECFCD860DEA1}.SingleImage|Any CPU.Build.0 = Release|Any CPU
		{D09E025F-67C2-48E5-A2A1-ECFCD860DEA1}.SingleImage|Mixed Platforms.ActiveCfg = Release|Any CPU
		{D09E025F-67C2-48E5-A2A1-ECFCD860DEA1}.SingleImage|Mixed Platforms.Build.0 = Release|Any CPU
		{D09E025F-67C2-48E5-A2A1-ECFCD860DEA1}.SingleImage|Win32.ActiveCfg = Release|Any CPU
		{D09E025F-67C2-48E5-A2A1-ECFCD860DEA1}.SingleImage|Win32.Build.0 = Release|Any CPU
		{D09E025F-67C2-48E5-A2A1-ECFCD860DEA1}.SingleImage|x86.ActiveCfg = Release|Any CPU
		{D09E025F-67C2-48E5-A2A1-ECFCD860DEA1}.SingleImage|x86.Build.0 = Release|Any CPU
		{236EFF0A-F14E-4CF6-ACBC-3E6BC84083D0}.CD_ROM|Any CPU.ActiveCfg = Release|Any CPU
		{236EFF0A-F14E-4CF6-ACBC-3E6BC84083D0}.CD_ROM|Any CPU.Build.0 = Release|Any CPU
		{236EFF0A-F14E-4CF6-ACBC-3E6BC84083D0}.CD_ROM|Mixed Platforms.ActiveCfg = Release|Any CPU
		{236EFF0A-F14E-4CF6-ACBC-3E6BC84083D0}.CD_ROM|Mixed Platforms.Build.0 = Release|Any CPU
		{236EFF0A-F14E-4CF6-ACBC-3E6BC84083D0}.CD_ROM|Win32.ActiveCfg = Release|Any CPU
		{236EFF0A-F14E-4CF6-ACBC-3E6BC84083D0}.CD_ROM|Win32.Build.0 = Release|Any CPU
		{236EFF0A-F14E-4CF6-ACBC-3E6BC84083D0}.CD_ROM|x86.ActiveCfg = Release|Any CPU
		{236EFF0A-F14E-4CF6-ACBC-3E6BC84083D0}.CD_ROM|x86.Build.0 = Release|Any CPU
		{236EFF0A-F14E-4CF6-ACBC-3E6BC84083D0}.Debug|Any CPU.ActiveCfg = Debug|Any CPU
		{236EFF0A-F14E-4CF6-ACBC-3E6BC84083D0}.Debug|Any CPU.Build.0 = Debug|Any CPU
		{236EFF0A-F14E-4CF6-ACBC-3E6BC84083D0}.Debug|Mixed Platforms.ActiveCfg = Debug|Any CPU
		{236EFF0A-F14E-4CF6-ACBC-3E6BC84083D0}.Debug|Mixed Platforms.Build.0 = Debug|Any CPU
		{236EFF0A-F14E-4CF6-ACBC-3E6BC84083D0}.Debug|Win32.ActiveCfg = Debug|Any CPU
		{236EFF0A-F14E-4CF6-ACBC-3E6BC84083D0}.Debug|Win32.Build.0 = Debug|Any CPU
		{236EFF0A-F14E-4CF6-ACBC-3E6BC84083D0}.Debug|x86.ActiveCfg = Debug|Any CPU
		{236EFF0A-F14E-4CF6-ACBC-3E6BC84083D0}.Debug|x86.Build.0 = Debug|Any CPU
		{236EFF0A-F14E-4CF6-ACBC-3E6BC84083D0}.DVD-5|Any CPU.ActiveCfg = Debug|Any CPU
		{236EFF0A-F14E-4CF6-ACBC-3E6BC84083D0}.DVD-5|Any CPU.Build.0 = Debug|Any CPU
		{236EFF0A-F14E-4CF6-ACBC-3E6BC84083D0}.DVD-5|Mixed Platforms.ActiveCfg = Debug|Any CPU
		{236EFF0A-F14E-4CF6-ACBC-3E6BC84083D0}.DVD-5|Mixed Platforms.Build.0 = Debug|Any CPU
		{236EFF0A-F14E-4CF6-ACBC-3E6BC84083D0}.DVD-5|Win32.ActiveCfg = Debug|Any CPU
		{236EFF0A-F14E-4CF6-ACBC-3E6BC84083D0}.DVD-5|Win32.Build.0 = Debug|Any CPU
		{236EFF0A-F14E-4CF6-ACBC-3E6BC84083D0}.DVD-5|x86.ActiveCfg = Debug|Any CPU
		{236EFF0A-F14E-4CF6-ACBC-3E6BC84083D0}.DVD-5|x86.Build.0 = Debug|Any CPU
		{236EFF0A-F14E-4CF6-ACBC-3E6BC84083D0}.PhRelease|Any CPU.ActiveCfg = Release|Any CPU
		{236EFF0A-F14E-4CF6-ACBC-3E6BC84083D0}.PhRelease|Any CPU.Build.0 = Release|Any CPU
		{236EFF0A-F14E-4CF6-ACBC-3E6BC84083D0}.PhRelease|Mixed Platforms.ActiveCfg = Release|Any CPU
		{236EFF0A-F14E-4CF6-ACBC-3E6BC84083D0}.PhRelease|Mixed Platforms.Build.0 = Release|Any CPU
		{236EFF0A-F14E-4CF6-ACBC-3E6BC84083D0}.PhRelease|Win32.ActiveCfg = Release|Any CPU
		{236EFF0A-F14E-4CF6-ACBC-3E6BC84083D0}.PhRelease|Win32.Build.0 = Release|Any CPU
		{236EFF0A-F14E-4CF6-ACBC-3E6BC84083D0}.PhRelease|x86.ActiveCfg = Release|Any CPU
		{236EFF0A-F14E-4CF6-ACBC-3E6BC84083D0}.PhRelease|x86.Build.0 = Release|Any CPU
		{236EFF0A-F14E-4CF6-ACBC-3E6BC84083D0}.PhUnitTest|Any CPU.ActiveCfg = Release|Any CPU
		{236EFF0A-F14E-4CF6-ACBC-3E6BC84083D0}.PhUnitTest|Any CPU.Build.0 = Release|Any CPU
		{236EFF0A-F14E-4CF6-ACBC-3E6BC84083D0}.PhUnitTest|Mixed Platforms.ActiveCfg = Release|Any CPU
		{236EFF0A-F14E-4CF6-ACBC-3E6BC84083D0}.PhUnitTest|Mixed Platforms.Build.0 = Release|Any CPU
		{236EFF0A-F14E-4CF6-ACBC-3E6BC84083D0}.PhUnitTest|Win32.ActiveCfg = Release|Any CPU
		{236EFF0A-F14E-4CF6-ACBC-3E6BC84083D0}.PhUnitTest|Win32.Build.0 = Release|Any CPU
		{236EFF0A-F14E-4CF6-ACBC-3E6BC84083D0}.PhUnitTest|x86.ActiveCfg = Release|Any CPU
		{236EFF0A-F14E-4CF6-ACBC-3E6BC84083D0}.PhUnitTest|x86.Build.0 = Release|Any CPU
		{236EFF0A-F14E-4CF6-ACBC-3E6BC84083D0}.Release|Any CPU.ActiveCfg = Release|Any CPU
		{236EFF0A-F14E-4CF6-ACBC-3E6BC84083D0}.Release|Any CPU.Build.0 = Release|Any CPU
		{236EFF0A-F14E-4CF6-ACBC-3E6BC84083D0}.Release|Mixed Platforms.ActiveCfg = Release|Any CPU
		{236EFF0A-F14E-4CF6-ACBC-3E6BC84083D0}.Release|Mixed Platforms.Build.0 = Release|Any CPU
		{236EFF0A-F14E-4CF6-ACBC-3E6BC84083D0}.Release|Win32.ActiveCfg = Release|Any CPU
		{236EFF0A-F14E-4CF6-ACBC-3E6BC84083D0}.Release|Win32.Build.0 = Release|Any CPU
		{236EFF0A-F14E-4CF6-ACBC-3E6BC84083D0}.Release|x86.ActiveCfg = Release|Any CPU
		{236EFF0A-F14E-4CF6-ACBC-3E6BC84083D0}.Release|x86.Build.0 = Release|Any CPU
		{236EFF0A-F14E-4CF6-ACBC-3E6BC84083D0}.SingleImage|Any CPU.ActiveCfg = Release|Any CPU
		{236EFF0A-F14E-4CF6-ACBC-3E6BC84083D0}.SingleImage|Any CPU.Build.0 = Release|Any CPU
		{236EFF0A-F14E-4CF6-ACBC-3E6BC84083D0}.SingleImage|Mixed Platforms.ActiveCfg = Release|Any CPU
		{236EFF0A-F14E-4CF6-ACBC-3E6BC84083D0}.SingleImage|Mixed Platforms.Build.0 = Release|Any CPU
		{236EFF0A-F14E-4CF6-ACBC-3E6BC84083D0}.SingleImage|Win32.ActiveCfg = Release|Any CPU
		{236EFF0A-F14E-4CF6-ACBC-3E6BC84083D0}.SingleImage|Win32.Build.0 = Release|Any CPU
		{236EFF0A-F14E-4CF6-ACBC-3E6BC84083D0}.SingleImage|x86.ActiveCfg = Release|Any CPU
		{236EFF0A-F14E-4CF6-ACBC-3E6BC84083D0}.SingleImage|x86.Build.0 = Release|Any CPU
	EndGlobalSection
	GlobalSection(SolutionProperties) = preSolution
		HideSolutionNode = FALSE
	EndGlobalSection
	GlobalSection(NestedProjects) = preSolution
		{BBAE4626-C51C-4946-ACD1-832E92D73D8B} = {B4699C82-EA9B-45C3-BAFE-45A432E226B8}
		{D446F2F3-E170-4A91-B5A4-2C02668F27F8} = {F7376F3E-9156-45F9-A093-D2BF7120AA3F}
		{822F500D-ADB8-4BB1-8A1C-E9FEAFF369B0} = {B4699C82-EA9B-45C3-BAFE-45A432E226B8}
		{5FFD63A2-33A6-4445-9371-04F72938BCCB} = {F7376F3E-9156-45F9-A093-D2BF7120AA3F}
		{54E3301A-22DB-4097-92D9-EB03646B6E47} = {F7376F3E-9156-45F9-A093-D2BF7120AA3F}
		{B7343B9B-E6A1-43D2-A70C-B7A2BE23C0F1} = {D4F54CA2-5DD6-4CCA-98BF-33D06FCB6921}
		{FA844426-A8E2-4BD0-A48D-7D129C2D5CFB} = {F7376F3E-9156-45F9-A093-D2BF7120AA3F}
		{1955816F-9E1C-4F2E-ABAE-4C1448F4C894} = {B4E2571D-36CC-4593-A672-BEA231992611}
		{83350A9D-B360-4AAD-91E3-E77C4E029E56} = {D4F54CA2-5DD6-4CCA-98BF-33D06FCB6921}
		{286DE6DB-8F95-4BD4-86A2-86488D2E0EE1} = {B4699C82-EA9B-45C3-BAFE-45A432E226B8}
		{D8974265-5B5A-4C1B-97E5-864279867156} = {B4E2571D-36CC-4593-A672-BEA231992611}
		{EAAB8D4E-306E-417F-892F-13AD6642B883} = {B4699C82-EA9B-45C3-BAFE-45A432E226B8}
		{B6F57383-BAB9-485B-987C-CAEE6CA828CC} = {F7376F3E-9156-45F9-A093-D2BF7120AA3F}
		{DAC09A9D-B11B-4AD1-91EA-41EA8631866E} = {D8B198DB-517C-4C58-941D-A102A9EBF658}
		{4B64A19F-0B68-4766-A7B4-1F6B77B7FFE1} = {D8B198DB-517C-4C58-941D-A102A9EBF658}
		{0D7FE7B8-11FA-4603-A0A7-0A8BAE30629A} = {F7376F3E-9156-45F9-A093-D2BF7120AA3F}
		{89BA0B5C-AF87-4411-8D85-C7ABF2114483} = {D8B198DB-517C-4C58-941D-A102A9EBF658}
		{662695CD-7911-490F-9132-E7826230E3E0} = {D4F54CA2-5DD6-4CCA-98BF-33D06FCB6921}
		{8C360C5F-E022-4136-BC22-341C302D1073} = {B4E2571D-36CC-4593-A672-BEA231992611}
		{D09E025F-67C2-48E5-A2A1-ECFCD860DEA1} = {B4E2571D-36CC-4593-A672-BEA231992611}
		{236EFF0A-F14E-4CF6-ACBC-3E6BC84083D0} = {B4E2571D-36CC-4593-A672-BEA231992611}
	EndGlobalSection
	GlobalSection(ExtensibilityGlobals) = postSolution
		SolutionGuid = {6B56D08A-6720-45C5-BD10-E454F5D2873A}
	EndGlobalSection
EndGlobal
